
Microsoft Visual Studio Solution File, Format Version 12.00
# Visual Studio Express 2013 for Web
VisualStudioVersion = 12.0.21005.1
MinimumVisualStudioVersion = 10.0.40219.1
Project("{FAE04EC0-301F-11D3-BF4B-00C04F79EFBC}") = "WebGLGalaxyS", "WebGLGalaxyS\WebGLGalaxyS.csproj", "{0214B1F1-E85E-4939-B952-F64DB0C0A658}"
EndProject
Project("{2150E333-8FDC-42A3-9474-1A3956D46DE8}") = "References", "References", "{95E305FD-2610-49CC-8BC0-D00B5D55FACA}"
EndProject
Project("{FAE04EC0-301F-11D3-BF4B-00C04F79EFBC}") = "WebGLEarthByBjorn", "..\..\synergy\webgl\WebGLEarthByBjorn\WebGLEarthByBjorn\WebGLEarthByBjorn.csproj", "{B23791BC-BBED-49D9-9808-08B230B69C55}"
EndProject
Global
	GlobalSection(SolutionConfigurationPlatforms) = preSolution
		Debug|x86 = Debug|x86
		Release|x86 = Release|x86
	EndGlobalSection
	GlobalSection(ProjectConfigurationPlatforms) = postSolution
		{0214B1F1-E85E-4939-B952-F64DB0C0A658}.Debug|x86.ActiveCfg = Debug|x86
		{0214B1F1-E85E-4939-B952-F64DB0C0A658}.Debug|x86.Build.0 = Debug|x86
		{0214B1F1-E85E-4939-B952-F64DB0C0A658}.Release|x86.ActiveCfg = Release|x86
		{0214B1F1-E85E-4939-B952-F64DB0C0A658}.Release|x86.Build.0 = Release|x86
		{B23791BC-BBED-49D9-9808-08B230B69C55}.Debug|x86.ActiveCfg = Debug|x86
		{B23791BC-BBED-49D9-9808-08B230B69C55}.Debug|x86.Build.0 = Debug|x86
		{B23791BC-BBED-49D9-9808-08B230B69C55}.Release|x86.ActiveCfg = Release|x86
		{B23791BC-BBED-49D9-9808-08B230B69C55}.Release|x86.Build.0 = Release|x86
	EndGlobalSection
	GlobalSection(SolutionProperties) = preSolution
		HideSolutionNode = FALSE
	EndGlobalSection
	GlobalSection(NestedProjects) = preSolution
		{B23791BC-BBED-49D9-9808-08B230B69C55} = {95E305FD-2610-49CC-8BC0-D00B5D55FACA}
	EndGlobalSection
EndGlobal
