
Microsoft Visual Studio Solution File, Format Version 10.00
# Visual Studio 2008
Project("{FAE04EC0-301F-11D3-BF4B-00C04F79EFBC}") = "ScriptCoreLib.Avalon.Carousel", "ScriptCoreLib.Avalon.Carousel\ScriptCoreLib.Avalon.Carousel.csproj", "{0B5B4B1A-B82F-464A-904E-11FEFAEFB18F}"
EndProject
Global
	GlobalSection(SolutionConfigurationPlatforms) = preSolution
		Debug|Any CPU = Debug|Any CPU
		Release|Any CPU = Release|Any CPU
	EndGlobalSection
	GlobalSection(ProjectConfigurationPlatforms) = postSolution
		{0B5B4B1A-B82F-464A-904E-11FEFAEFB18F}.Debug|Any CPU.ActiveCfg = Debug|Any CPU
		{0B5B4B1A-B82F-464A-904E-11FEFAEFB18F}.Debug|Any CPU.Build.0 = Debug|Any CPU
		{0B5B4B1A-B82F-464A-904E-11FEFAEFB18F}.Release|Any CPU.ActiveCfg = Release|Any CPU
		{0B5B4B1A-B82F-464A-904E-11FEFAEFB18F}.Release|Any CPU.Build.0 = Release|Any CPU
	EndGlobalSection
	GlobalSection(SolutionProperties) = preSolution
		HideSolutionNode = FALSE
	EndGlobalSection
EndGlobal
