
Microsoft Visual Studio Solution File, Format Version 9.00
# Visual Studio 2005
Project("{FAE04EC0-301F-11D3-BF4B-00C04F79EFBC}") = "Whidbey Web Application", "Whidbey Web Application\Whidbey Web Application.csproj", "{F7899D8E-5F8C-4CDA-940E-333B2A8EC6BB}"
	ProjectSection(WebsiteProperties) = preProject
		Debug.AspNetCompiler.Debug = "True"
		Release.AspNetCompiler.Debug = "False"
	EndProjectSection
EndProject
Global
	GlobalSection(SolutionConfigurationPlatforms) = preSolution
		Debug|Any CPU = Debug|Any CPU
		Release|Any CPU = Release|Any CPU
	EndGlobalSection
	GlobalSection(ProjectConfigurationPlatforms) = postSolution
		{F7899D8E-5F8C-4CDA-940E-333B2A8EC6BB}.Debug|Any CPU.ActiveCfg = Debug|Any CPU
		{F7899D8E-5F8C-4CDA-940E-333B2A8EC6BB}.Debug|Any CPU.Build.0 = Debug|Any CPU
		{F7899D8E-5F8C-4CDA-940E-333B2A8EC6BB}.Release|Any CPU.ActiveCfg = Release|Any CPU
		{F7899D8E-5F8C-4CDA-940E-333B2A8EC6BB}.Release|Any CPU.Build.0 = Release|Any CPU
	EndGlobalSection
	GlobalSection(SolutionProperties) = preSolution
		HideSolutionNode = FALSE
	EndGlobalSection
EndGlobal
