
Microsoft Visual Studio Solution File, Format Version 12.00
# Visual Studio Express 2012 for Windows Desktop
Project("{FAE04EC0-301F-11D3-BF4B-00C04F79EFBC}") = "TestDragDrop", "TestDragDrop\TestDragDrop.csproj", "{1EA5D8CF-6CF4-4D6A-978E-8F67C369DC1F}"
EndProject
Global
	GlobalSection(SolutionConfigurationPlatforms) = preSolution
		Debug|x86 = Debug|x86
		Release|x86 = Release|x86
	EndGlobalSection
	GlobalSection(ProjectConfigurationPlatforms) = postSolution
		{1EA5D8CF-6CF4-4D6A-978E-8F67C369DC1F}.Debug|x86.ActiveCfg = Debug|x86
		{1EA5D8CF-6CF4-4D6A-978E-8F67C369DC1F}.Debug|x86.Build.0 = Debug|x86
		{1EA5D8CF-6CF4-4D6A-978E-8F67C369DC1F}.Release|x86.ActiveCfg = Release|x86
		{1EA5D8CF-6CF4-4D6A-978E-8F67C369DC1F}.Release|x86.Build.0 = Release|x86
	EndGlobalSection
	GlobalSection(SolutionProperties) = preSolution
		HideSolutionNode = FALSE
	EndGlobalSection
EndGlobal
