
Microsoft Visual Studio Solution File, Format Version 12.00
# Visual Studio 14
VisualStudioVersion = 14.0.22310.1
MinimumVisualStudioVersion = 10.0.40219.1
Project("{FAE04EC0-301F-11D3-BF4B-00C04F79EFBC}") = "Test435AnonymousToString", "Test435AnonymousToString\Test435AnonymousToString.csproj", "{DC37D7AB-21F5-4107-B552-A7864671FC9B}"
EndProject
Global
	GlobalSection(SolutionConfigurationPlatforms) = preSolution
		Debug|Any CPU = Debug|Any CPU
		Release|Any CPU = Release|Any CPU
	EndGlobalSection
	GlobalSection(ProjectConfigurationPlatforms) = postSolution
		{DC37D7AB-21F5-4107-B552-A7864671FC9B}.Debug|Any CPU.ActiveCfg = Debug|Any CPU
		{DC37D7AB-21F5-4107-B552-A7864671FC9B}.Debug|Any CPU.Build.0 = Debug|Any CPU
		{DC37D7AB-21F5-4107-B552-A7864671FC9B}.Release|Any CPU.ActiveCfg = Release|Any CPU
		{DC37D7AB-21F5-4107-B552-A7864671FC9B}.Release|Any CPU.Build.0 = Release|Any CPU
	EndGlobalSection
	GlobalSection(SolutionProperties) = preSolution
		HideSolutionNode = FALSE
	EndGlobalSection
EndGlobal
