
Microsoft Visual Studio Solution File, Format Version 11.00
# Visual Studio 2010
Project("{F2A71F9B-5D33-465A-A702-920D77279786}") = "ToSyndicationFeed", "ToSyndicationFeed\ToSyndicationFeed.fsproj", "{CF17D36E-B107-4982-AD31-92F4728DE840}"
EndProject
Global
	GlobalSection(SolutionConfigurationPlatforms) = preSolution
		Assets|Any CPU = Assets|Any CPU
		Debug|Any CPU = Debug|Any CPU
		Release|Any CPU = Release|Any CPU
	EndGlobalSection
	GlobalSection(ProjectConfigurationPlatforms) = postSolution
		{CF17D36E-B107-4982-AD31-92F4728DE840}.Assets|Any CPU.ActiveCfg = Assets|Any CPU
		{CF17D36E-B107-4982-AD31-92F4728DE840}.Assets|Any CPU.Build.0 = Assets|Any CPU
		{CF17D36E-B107-4982-AD31-92F4728DE840}.Debug|Any CPU.ActiveCfg = Debug|Any CPU
		{CF17D36E-B107-4982-AD31-92F4728DE840}.Debug|Any CPU.Build.0 = Debug|Any CPU
		{CF17D36E-B107-4982-AD31-92F4728DE840}.Release|Any CPU.ActiveCfg = Release|Any CPU
		{CF17D36E-B107-4982-AD31-92F4728DE840}.Release|Any CPU.Build.0 = Release|Any CPU
	EndGlobalSection
	GlobalSection(SolutionProperties) = preSolution
		HideSolutionNode = FALSE
	EndGlobalSection
EndGlobal
