
Microsoft Visual Studio Solution File, Format Version 12.00
# Visual Studio Express 2012 for Web
Project("{FAE04EC0-301F-11D3-BF4B-00C04F79EFBC}") = "Abstractatech.JavaScript.Forms.AeroStyler", "Abstractatech.JavaScript.Forms.AeroStyler\Abstractatech.JavaScript.Forms.AeroStyler.csproj", "{53E9147A-C826-43CB-BA7C-15DD2B7A9B1F}"
EndProject
Global
	GlobalSection(SolutionConfigurationPlatforms) = preSolution
		Debug|x86 = Debug|x86
		Release|x86 = Release|x86
	EndGlobalSection
	GlobalSection(ProjectConfigurationPlatforms) = postSolution
		{53E9147A-C826-43CB-BA7C-15DD2B7A9B1F}.Debug|x86.ActiveCfg = Debug|x86
		{53E9147A-C826-43CB-BA7C-15DD2B7A9B1F}.Debug|x86.Build.0 = Debug|x86
		{53E9147A-C826-43CB-BA7C-15DD2B7A9B1F}.Release|x86.ActiveCfg = Release|x86
		{53E9147A-C826-43CB-BA7C-15DD2B7A9B1F}.Release|x86.Build.0 = Release|x86
	EndGlobalSection
	GlobalSection(SolutionProperties) = preSolution
		HideSolutionNode = FALSE
	EndGlobalSection
EndGlobal
