
Microsoft Visual Studio Solution File, Format Version 12.00
# Visual Studio Express 2013 for Web
VisualStudioVersion = 12.0.21005.1
MinimumVisualStudioVersion = 10.0.40219.1
Project("{FAE04EC0-301F-11D3-BF4B-00C04F79EFBC}") = "CSVAssetAsGridExperiment", "CSVAssetAsGridExperiment\CSVAssetAsGridExperiment.csproj", "{AAE9B835-A443-444D-9E0C-3AEDD0B1074C}"
EndProject
Project("{FAE04EC0-301F-11D3-BF4B-00C04F79EFBC}") = "ScriptCoreLib.Windows.Forms", "..\..\..\core\ScriptCoreLib.Windows.Forms\ScriptCoreLib.Windows.Forms\ScriptCoreLib.Windows.Forms.csproj", "{B8D28279-57CD-4163-86F9-1DFDF540B58B}"
EndProject
Project("{2150E333-8FDC-42A3-9474-1A3956D46DE8}") = "References", "References", "{CFEF6AFB-DDEF-47DC-8AFB-AD09118F12DE}"
EndProject
Global
	GlobalSection(SolutionConfigurationPlatforms) = preSolution
		Debug|Any CPU = Debug|Any CPU
		Debug|Mixed Platforms = Debug|Mixed Platforms
		Debug|x86 = Debug|x86
		Release|Any CPU = Release|Any CPU
		Release|Mixed Platforms = Release|Mixed Platforms
		Release|x86 = Release|x86
	EndGlobalSection
	GlobalSection(ProjectConfigurationPlatforms) = postSolution
		{AAE9B835-A443-444D-9E0C-3AEDD0B1074C}.Debug|Any CPU.ActiveCfg = Debug|x86
		{AAE9B835-A443-444D-9E0C-3AEDD0B1074C}.Debug|Mixed Platforms.ActiveCfg = Debug|x86
		{AAE9B835-A443-444D-9E0C-3AEDD0B1074C}.Debug|Mixed Platforms.Build.0 = Debug|x86
		{AAE9B835-A443-444D-9E0C-3AEDD0B1074C}.Debug|x86.ActiveCfg = Debug|x86
		{AAE9B835-A443-444D-9E0C-3AEDD0B1074C}.Debug|x86.Build.0 = Debug|x86
		{AAE9B835-A443-444D-9E0C-3AEDD0B1074C}.Release|Any CPU.ActiveCfg = Release|x86
		{AAE9B835-A443-444D-9E0C-3AEDD0B1074C}.Release|Mixed Platforms.ActiveCfg = Release|x86
		{AAE9B835-A443-444D-9E0C-3AEDD0B1074C}.Release|Mixed Platforms.Build.0 = Release|x86
		{AAE9B835-A443-444D-9E0C-3AEDD0B1074C}.Release|x86.ActiveCfg = Release|x86
		{AAE9B835-A443-444D-9E0C-3AEDD0B1074C}.Release|x86.Build.0 = Release|x86
		{B8D28279-57CD-4163-86F9-1DFDF540B58B}.Debug|Any CPU.ActiveCfg = Debug|Any CPU
		{B8D28279-57CD-4163-86F9-1DFDF540B58B}.Debug|Any CPU.Build.0 = Debug|Any CPU
		{B8D28279-57CD-4163-86F9-1DFDF540B58B}.Debug|Mixed Platforms.ActiveCfg = Debug|Any CPU
		{B8D28279-57CD-4163-86F9-1DFDF540B58B}.Debug|Mixed Platforms.Build.0 = Debug|Any CPU
		{B8D28279-57CD-4163-86F9-1DFDF540B58B}.Debug|x86.ActiveCfg = Debug|Any CPU
		{B8D28279-57CD-4163-86F9-1DFDF540B58B}.Release|Any CPU.ActiveCfg = Release|Any CPU
		{B8D28279-57CD-4163-86F9-1DFDF540B58B}.Release|Any CPU.Build.0 = Release|Any CPU
		{B8D28279-57CD-4163-86F9-1DFDF540B58B}.Release|Mixed Platforms.ActiveCfg = Release|Any CPU
		{B8D28279-57CD-4163-86F9-1DFDF540B58B}.Release|Mixed Platforms.Build.0 = Release|Any CPU
		{B8D28279-57CD-4163-86F9-1DFDF540B58B}.Release|x86.ActiveCfg = Release|Any CPU
	EndGlobalSection
	GlobalSection(SolutionProperties) = preSolution
		HideSolutionNode = FALSE
	EndGlobalSection
	GlobalSection(NestedProjects) = preSolution
		{B8D28279-57CD-4163-86F9-1DFDF540B58B} = {CFEF6AFB-DDEF-47DC-8AFB-AD09118F12DE}
	EndGlobalSection
EndGlobal
