
Microsoft Visual Studio Solution File, Format Version 12.00
# Visual Studio Express 2012 for Web
Project("{FAE04EC0-301F-11D3-BF4B-00C04F79EFBC}") = "AsyncWithProgressAndStateViaTupleExperiment", "AsyncWithProgressAndStateViaTupleExperiment\AsyncWithProgressAndStateViaTupleExperiment.csproj", "{A1CDBB5C-45EC-444F-854C-F54929FBC1A4}"
EndProject
Project("{FAE04EC0-301F-11D3-BF4B-00C04F79EFBC}") = "ScriptCoreLib.Extensions", "..\..\..\core\ScriptCoreLib.Extensions\ScriptCoreLib.Extensions\ScriptCoreLib.Extensions.csproj", "{94719DE7-1C09-4026-A948-D78EE589F1DC}"
EndProject
Project("{2150E333-8FDC-42A3-9474-1A3956D46DE8}") = "References", "References", "{20266733-3B8C-493B-A3D7-4CB170E9A8CC}"
EndProject
Global
	GlobalSection(SolutionConfigurationPlatforms) = preSolution
		Android|Any CPU = Android|Any CPU
		Android|Mixed Platforms = Android|Mixed Platforms
		Android|x86 = Android|x86
		Debug|Any CPU = Debug|Any CPU
		Debug|Mixed Platforms = Debug|Mixed Platforms
		Debug|x86 = Debug|x86
		PHP|Any CPU = PHP|Any CPU
		PHP|Mixed Platforms = PHP|Mixed Platforms
		PHP|x86 = PHP|x86
		Release|Any CPU = Release|Any CPU
		Release|Mixed Platforms = Release|Mixed Platforms
		Release|x86 = Release|x86
	EndGlobalSection
	GlobalSection(ProjectConfigurationPlatforms) = postSolution
		{A1CDBB5C-45EC-444F-854C-F54929FBC1A4}.Android|Any CPU.ActiveCfg = Release|x86
		{A1CDBB5C-45EC-444F-854C-F54929FBC1A4}.Android|Mixed Platforms.ActiveCfg = Release|x86
		{A1CDBB5C-45EC-444F-854C-F54929FBC1A4}.Android|Mixed Platforms.Build.0 = Release|x86
		{A1CDBB5C-45EC-444F-854C-F54929FBC1A4}.Android|x86.ActiveCfg = Release|x86
		{A1CDBB5C-45EC-444F-854C-F54929FBC1A4}.Android|x86.Build.0 = Release|x86
		{A1CDBB5C-45EC-444F-854C-F54929FBC1A4}.Debug|Any CPU.ActiveCfg = Debug|x86
		{A1CDBB5C-45EC-444F-854C-F54929FBC1A4}.Debug|Mixed Platforms.ActiveCfg = Debug|x86
		{A1CDBB5C-45EC-444F-854C-F54929FBC1A4}.Debug|Mixed Platforms.Build.0 = Debug|x86
		{A1CDBB5C-45EC-444F-854C-F54929FBC1A4}.Debug|x86.ActiveCfg = Debug|x86
		{A1CDBB5C-45EC-444F-854C-F54929FBC1A4}.Debug|x86.Build.0 = Debug|x86
		{A1CDBB5C-45EC-444F-854C-F54929FBC1A4}.PHP|Any CPU.ActiveCfg = Release|x86
		{A1CDBB5C-45EC-444F-854C-F54929FBC1A4}.PHP|Mixed Platforms.ActiveCfg = Release|x86
		{A1CDBB5C-45EC-444F-854C-F54929FBC1A4}.PHP|Mixed Platforms.Build.0 = Release|x86
		{A1CDBB5C-45EC-444F-854C-F54929FBC1A4}.PHP|x86.ActiveCfg = Release|x86
		{A1CDBB5C-45EC-444F-854C-F54929FBC1A4}.PHP|x86.Build.0 = Release|x86
		{A1CDBB5C-45EC-444F-854C-F54929FBC1A4}.Release|Any CPU.ActiveCfg = Release|x86
		{A1CDBB5C-45EC-444F-854C-F54929FBC1A4}.Release|Mixed Platforms.ActiveCfg = Release|x86
		{A1CDBB5C-45EC-444F-854C-F54929FBC1A4}.Release|Mixed Platforms.Build.0 = Release|x86
		{A1CDBB5C-45EC-444F-854C-F54929FBC1A4}.Release|x86.ActiveCfg = Release|x86
		{A1CDBB5C-45EC-444F-854C-F54929FBC1A4}.Release|x86.Build.0 = Release|x86
		{94719DE7-1C09-4026-A948-D78EE589F1DC}.Android|Any CPU.ActiveCfg = Android|Any CPU
		{94719DE7-1C09-4026-A948-D78EE589F1DC}.Android|Any CPU.Build.0 = Android|Any CPU
		{94719DE7-1C09-4026-A948-D78EE589F1DC}.Android|Mixed Platforms.ActiveCfg = Android|Any CPU
		{94719DE7-1C09-4026-A948-D78EE589F1DC}.Android|Mixed Platforms.Build.0 = Android|Any CPU
		{94719DE7-1C09-4026-A948-D78EE589F1DC}.Android|x86.ActiveCfg = Android|Any CPU
		{94719DE7-1C09-4026-A948-D78EE589F1DC}.Debug|Any CPU.ActiveCfg = Debug|Any CPU
		{94719DE7-1C09-4026-A948-D78EE589F1DC}.Debug|Any CPU.Build.0 = Debug|Any CPU
		{94719DE7-1C09-4026-A948-D78EE589F1DC}.Debug|Mixed Platforms.ActiveCfg = Debug|Any CPU
		{94719DE7-1C09-4026-A948-D78EE589F1DC}.Debug|Mixed Platforms.Build.0 = Debug|Any CPU
		{94719DE7-1C09-4026-A948-D78EE589F1DC}.Debug|x86.ActiveCfg = Debug|Any CPU
		{94719DE7-1C09-4026-A948-D78EE589F1DC}.PHP|Any CPU.ActiveCfg = PHP|Any CPU
		{94719DE7-1C09-4026-A948-D78EE589F1DC}.PHP|Any CPU.Build.0 = PHP|Any CPU
		{94719DE7-1C09-4026-A948-D78EE589F1DC}.PHP|Mixed Platforms.ActiveCfg = PHP|Any CPU
		{94719DE7-1C09-4026-A948-D78EE589F1DC}.PHP|Mixed Platforms.Build.0 = PHP|Any CPU
		{94719DE7-1C09-4026-A948-D78EE589F1DC}.PHP|x86.ActiveCfg = PHP|Any CPU
		{94719DE7-1C09-4026-A948-D78EE589F1DC}.Release|Any CPU.ActiveCfg = Release|Any CPU
		{94719DE7-1C09-4026-A948-D78EE589F1DC}.Release|Any CPU.Build.0 = Release|Any CPU
		{94719DE7-1C09-4026-A948-D78EE589F1DC}.Release|Mixed Platforms.ActiveCfg = Release|Any CPU
		{94719DE7-1C09-4026-A948-D78EE589F1DC}.Release|Mixed Platforms.Build.0 = Release|Any CPU
		{94719DE7-1C09-4026-A948-D78EE589F1DC}.Release|x86.ActiveCfg = Release|Any CPU
	EndGlobalSection
	GlobalSection(SolutionProperties) = preSolution
		HideSolutionNode = FALSE
	EndGlobalSection
	GlobalSection(NestedProjects) = preSolution
		{94719DE7-1C09-4026-A948-D78EE589F1DC} = {20266733-3B8C-493B-A3D7-4CB170E9A8CC}
	EndGlobalSection
EndGlobal
