
Microsoft Visual Studio Solution File, Format Version 12.00
# Visual Studio Express 2012 for Web
Project("{FAE04EC0-301F-11D3-BF4B-00C04F79EFBC}") = "TestGetAwaiter", "TestGetAwaiter\TestGetAwaiter.csproj", "{C8FFA8A3-BA73-41AE-B5C2-5CFE45796203}"
EndProject
Project("{FAE04EC0-301F-11D3-BF4B-00C04F79EFBC}") = "ScriptCoreLibA", "..\..\..\..\compiler\ScriptCoreLibA\ScriptCoreLibA.csproj", "{477C5608-F5CD-436F-935D-66675988F1D9}"
EndProject
Global
	GlobalSection(SolutionConfigurationPlatforms) = preSolution
		Debug|Any CPU = Debug|Any CPU
		Release|Any CPU = Release|Any CPU
	EndGlobalSection
	GlobalSection(ProjectConfigurationPlatforms) = postSolution
		{C8FFA8A3-BA73-41AE-B5C2-5CFE45796203}.Debug|Any CPU.ActiveCfg = Debug|Any CPU
		{C8FFA8A3-BA73-41AE-B5C2-5CFE45796203}.Debug|Any CPU.Build.0 = Debug|Any CPU
		{C8FFA8A3-BA73-41AE-B5C2-5CFE45796203}.Release|Any CPU.ActiveCfg = Release|Any CPU
		{C8FFA8A3-BA73-41AE-B5C2-5CFE45796203}.Release|Any CPU.Build.0 = Release|Any CPU
		{477C5608-F5CD-436F-935D-66675988F1D9}.Debug|Any CPU.ActiveCfg = Debug|Any CPU
		{477C5608-F5CD-436F-935D-66675988F1D9}.Debug|Any CPU.Build.0 = Debug|Any CPU
		{477C5608-F5CD-436F-935D-66675988F1D9}.Release|Any CPU.ActiveCfg = Release|Any CPU
		{477C5608-F5CD-436F-935D-66675988F1D9}.Release|Any CPU.Build.0 = Release|Any CPU
	EndGlobalSection
	GlobalSection(SolutionProperties) = preSolution
		HideSolutionNode = FALSE
	EndGlobalSection
EndGlobal
