
Microsoft Visual Studio Solution File, Format Version 12.00
# Visual Studio Express 2012 for Web
Project("{FAE04EC0-301F-11D3-BF4B-00C04F79EFBC}") = "AndroidOpenGLESLesson4Activity", "AndroidOpenGLESLesson4Activity\AndroidOpenGLESLesson4Activity.csproj", "{C1BD1283-62EF-4B47-A2AA-5ED74BBFA360}"
EndProject
Global
	GlobalSection(SolutionConfigurationPlatforms) = preSolution
		Debug|Any CPU = Debug|Any CPU
		Release|Any CPU = Release|Any CPU
	EndGlobalSection
	GlobalSection(ProjectConfigurationPlatforms) = postSolution
		{C1BD1283-62EF-4B47-A2AA-5ED74BBFA360}.Debug|Any CPU.ActiveCfg = Debug|Any CPU
		{C1BD1283-62EF-4B47-A2AA-5ED74BBFA360}.Debug|Any CPU.Build.0 = Debug|Any CPU
		{C1BD1283-62EF-4B47-A2AA-5ED74BBFA360}.Release|Any CPU.ActiveCfg = Release|Any CPU
		{C1BD1283-62EF-4B47-A2AA-5ED74BBFA360}.Release|Any CPU.Build.0 = Release|Any CPU
	EndGlobalSection
	GlobalSection(SolutionProperties) = preSolution
		HideSolutionNode = FALSE
	EndGlobalSection
EndGlobal
