
Microsoft Visual Studio Solution File, Format Version 12.00
# Visual Studio Express 2012 for Web
Project("{FAE04EC0-301F-11D3-BF4B-00C04F79EFBC}") = "Flare3DMeetsStarlingExperiment", "Flare3DMeetsStarlingExperiment\Flare3DMeetsStarlingExperiment.csproj", "{753AC2A6-7B22-4655-BC7D-DAE840A8B9F1}"
EndProject
Project("{FAE04EC0-301F-11D3-BF4B-00C04F79EFBC}") = "Flare3D", "..\..\..\..\market\synergy\actionscript\Flare3D\Flare3D\Flare3D.csproj", "{78BC6FC8-8C6A-4184-9650-29D3C3116457}"
EndProject
Project("{2150E333-8FDC-42A3-9474-1A3956D46DE8}") = "References", "References", "{16FDE238-AF52-4D6C-9034-6469B1C182AF}"
EndProject
Project("{FAE04EC0-301F-11D3-BF4B-00C04F79EFBC}") = "starling", "..\..\..\..\market\synergy\starling\starling\starling.csproj", "{C1F13666-5C65-41F7-8A00-D0F03679931C}"
EndProject
Project("{FAE04EC0-301F-11D3-BF4B-00C04F79EFBC}") = "net.hires.debug", "..\net.hires.debug\net.hires.debug\net.hires.debug.csproj", "{6193012A-2B4F-4FB9-BC0A-42C3D75BF815}"
EndProject
Project("{FAE04EC0-301F-11D3-BF4B-00C04F79EFBC}") = "ChromeTCPServerWithFrameNone", "..\..\..\javascript\chrome\apps\ChromeTCPServerWithFrameNone\ChromeTCPServerWithFrameNone\ChromeTCPServerWithFrameNone.csproj", "{DF763FAD-6D74-47A6-80C3-EA7B444C81BF}"
	ProjectSection(ProjectDependencies) = postProject
		{05C684CE-EA6D-4E6A-B90E-B0A4E20BE21D} = {05C684CE-EA6D-4E6A-B90E-B0A4E20BE21D}
	EndProjectSection
EndProject
Project("{2150E333-8FDC-42A3-9474-1A3956D46DE8}") = "chrome", "chrome", "{88D99914-9AAA-4DA9-9233-11295FE94434}"
EndProject
Project("{FAE04EC0-301F-11D3-BF4B-00C04F79EFBC}") = "ChromeTCPServer", "..\..\..\javascript\chrome\apps\ChromeTCPServer\ChromeTCPServer\ChromeTCPServer.csproj", "{05C684CE-EA6D-4E6A-B90E-B0A4E20BE21D}"
	ProjectSection(ProjectDependencies) = postProject
		{6C8F3C29-10F3-432B-B0E4-14C8EA3C79D7} = {6C8F3C29-10F3-432B-B0E4-14C8EA3C79D7}
	EndProjectSection
EndProject
Project("{FAE04EC0-301F-11D3-BF4B-00C04F79EFBC}") = "chromelabs", "..\..\..\..\market\synergy\javascript\chrome\chrome\chromelabs.csproj", "{6C8F3C29-10F3-432B-B0E4-14C8EA3C79D7}"
EndProject
Project("{2150E333-8FDC-42A3-9474-1A3956D46DE8}") = "air", "air", "{C0FE66D9-3431-404F-9FFD-8EAF1A731C02}"
EndProject
Project("{2150E333-8FDC-42A3-9474-1A3956D46DE8}") = "webgl", "webgl", "{AF1961A2-F1FA-4E57-BCCD-82F988AD2049}"
EndProject
Project("{FAE04EC0-301F-11D3-BF4B-00C04F79EFBC}") = "WebGLGalaxyS", "..\..\..\javascript\WebGL\WebGLGalaxyS\WebGLGalaxyS\WebGLGalaxyS.csproj", "{0214B1F1-E85E-4939-B952-F64DB0C0A658}"
EndProject
Project("{FAE04EC0-301F-11D3-BF4B-00C04F79EFBC}") = "ChromeGalaxyS", "..\..\..\javascript\chrome\apps\ChromeGalaxyS\ChromeGalaxyS\ChromeGalaxyS.csproj", "{39EA13D0-9719-4DA7-903B-15D277C2EB9F}"
	ProjectSection(ProjectDependencies) = postProject
		{DF763FAD-6D74-47A6-80C3-EA7B444C81BF} = {DF763FAD-6D74-47A6-80C3-EA7B444C81BF}
		{7E3E19CE-5998-41A5-8475-37B61FC63A64} = {7E3E19CE-5998-41A5-8475-37B61FC63A64}
	EndProjectSection
EndProject
Project("{2150E333-8FDC-42A3-9474-1A3956D46DE8}") = "forms", "forms", "{B7D2778C-B95F-478D-93FD-4900F9D2872B}"
EndProject
Project("{FAE04EC0-301F-11D3-BF4B-00C04F79EFBC}") = "Abstractatech.JavaScript.Forms.FloatStyler", "..\..\..\..\market\javascript\Abstractatech.JavaScript.Forms.FloatStyler\Abstractatech.JavaScript.Forms.FloatStyler\Abstractatech.JavaScript.Forms.FloatStyler.csproj", "{7E3E19CE-5998-41A5-8475-37B61FC63A64}"
EndProject
Project("{FAE04EC0-301F-11D3-BF4B-00C04F79EFBC}") = "ChomeAlphaAppWindow", "..\..\..\javascript\chrome\apps\ChomeAlphaAppWindow\ChomeAlphaAppWindow\ChomeAlphaAppWindow.csproj", "{29947AAD-0B14-4FB0-A3C3-A51322BE2EDA}"
EndProject
Project("{2150E333-8FDC-42A3-9474-1A3956D46DE8}") = "broken", "broken", "{C7D63017-2AFE-4F05-923E-0AAD780EC7B4}"
EndProject
Global
	GlobalSection(SolutionConfigurationPlatforms) = preSolution
		Debug|x86 = Debug|x86
		Release|x86 = Release|x86
	EndGlobalSection
	GlobalSection(ProjectConfigurationPlatforms) = postSolution
		{753AC2A6-7B22-4655-BC7D-DAE840A8B9F1}.Debug|x86.ActiveCfg = Debug|x86
		{753AC2A6-7B22-4655-BC7D-DAE840A8B9F1}.Debug|x86.Build.0 = Debug|x86
		{753AC2A6-7B22-4655-BC7D-DAE840A8B9F1}.Release|x86.ActiveCfg = Release|x86
		{753AC2A6-7B22-4655-BC7D-DAE840A8B9F1}.Release|x86.Build.0 = Release|x86
		{78BC6FC8-8C6A-4184-9650-29D3C3116457}.Debug|x86.ActiveCfg = Debug|x86
		{78BC6FC8-8C6A-4184-9650-29D3C3116457}.Debug|x86.Build.0 = Debug|x86
		{78BC6FC8-8C6A-4184-9650-29D3C3116457}.Release|x86.ActiveCfg = Release|x86
		{78BC6FC8-8C6A-4184-9650-29D3C3116457}.Release|x86.Build.0 = Release|x86
		{C1F13666-5C65-41F7-8A00-D0F03679931C}.Debug|x86.ActiveCfg = Debug|x86
		{C1F13666-5C65-41F7-8A00-D0F03679931C}.Debug|x86.Build.0 = Debug|x86
		{C1F13666-5C65-41F7-8A00-D0F03679931C}.Release|x86.ActiveCfg = Release|x86
		{C1F13666-5C65-41F7-8A00-D0F03679931C}.Release|x86.Build.0 = Release|x86
		{6193012A-2B4F-4FB9-BC0A-42C3D75BF815}.Debug|x86.ActiveCfg = Debug|x86
		{6193012A-2B4F-4FB9-BC0A-42C3D75BF815}.Debug|x86.Build.0 = Debug|x86
		{6193012A-2B4F-4FB9-BC0A-42C3D75BF815}.Release|x86.ActiveCfg = Release|x86
		{6193012A-2B4F-4FB9-BC0A-42C3D75BF815}.Release|x86.Build.0 = Release|x86
		{DF763FAD-6D74-47A6-80C3-EA7B444C81BF}.Debug|x86.ActiveCfg = Debug|x86
		{DF763FAD-6D74-47A6-80C3-EA7B444C81BF}.Debug|x86.Build.0 = Debug|x86
		{DF763FAD-6D74-47A6-80C3-EA7B444C81BF}.Release|x86.ActiveCfg = Release|x86
		{DF763FAD-6D74-47A6-80C3-EA7B444C81BF}.Release|x86.Build.0 = Release|x86
		{05C684CE-EA6D-4E6A-B90E-B0A4E20BE21D}.Debug|x86.ActiveCfg = Debug|x86
		{05C684CE-EA6D-4E6A-B90E-B0A4E20BE21D}.Debug|x86.Build.0 = Debug|x86
		{05C684CE-EA6D-4E6A-B90E-B0A4E20BE21D}.Release|x86.ActiveCfg = Release|x86
		{05C684CE-EA6D-4E6A-B90E-B0A4E20BE21D}.Release|x86.Build.0 = Release|x86
		{6C8F3C29-10F3-432B-B0E4-14C8EA3C79D7}.Debug|x86.ActiveCfg = Debug|x86
		{6C8F3C29-10F3-432B-B0E4-14C8EA3C79D7}.Debug|x86.Build.0 = Debug|x86
		{6C8F3C29-10F3-432B-B0E4-14C8EA3C79D7}.Release|x86.ActiveCfg = Release|x86
		{6C8F3C29-10F3-432B-B0E4-14C8EA3C79D7}.Release|x86.Build.0 = Release|x86
		{0214B1F1-E85E-4939-B952-F64DB0C0A658}.Debug|x86.ActiveCfg = Debug|x86
		{0214B1F1-E85E-4939-B952-F64DB0C0A658}.Debug|x86.Build.0 = Debug|x86
		{0214B1F1-E85E-4939-B952-F64DB0C0A658}.Release|x86.ActiveCfg = Release|x86
		{0214B1F1-E85E-4939-B952-F64DB0C0A658}.Release|x86.Build.0 = Release|x86
		{39EA13D0-9719-4DA7-903B-15D277C2EB9F}.Debug|x86.ActiveCfg = Debug|x86
		{39EA13D0-9719-4DA7-903B-15D277C2EB9F}.Debug|x86.Build.0 = Debug|x86
		{39EA13D0-9719-4DA7-903B-15D277C2EB9F}.Release|x86.ActiveCfg = Release|x86
		{39EA13D0-9719-4DA7-903B-15D277C2EB9F}.Release|x86.Build.0 = Release|x86
		{7E3E19CE-5998-41A5-8475-37B61FC63A64}.Debug|x86.ActiveCfg = Debug|x86
		{7E3E19CE-5998-41A5-8475-37B61FC63A64}.Debug|x86.Build.0 = Debug|x86
		{7E3E19CE-5998-41A5-8475-37B61FC63A64}.Release|x86.ActiveCfg = Release|x86
		{7E3E19CE-5998-41A5-8475-37B61FC63A64}.Release|x86.Build.0 = Release|x86
		{29947AAD-0B14-4FB0-A3C3-A51322BE2EDA}.Debug|x86.ActiveCfg = Debug|x86
		{29947AAD-0B14-4FB0-A3C3-A51322BE2EDA}.Debug|x86.Build.0 = Debug|x86
		{29947AAD-0B14-4FB0-A3C3-A51322BE2EDA}.Release|x86.ActiveCfg = Release|x86
		{29947AAD-0B14-4FB0-A3C3-A51322BE2EDA}.Release|x86.Build.0 = Release|x86
	EndGlobalSection
	GlobalSection(SolutionProperties) = preSolution
		HideSolutionNode = FALSE
	EndGlobalSection
	GlobalSection(NestedProjects) = preSolution
		{C0FE66D9-3431-404F-9FFD-8EAF1A731C02} = {16FDE238-AF52-4D6C-9034-6469B1C182AF}
		{88D99914-9AAA-4DA9-9233-11295FE94434} = {16FDE238-AF52-4D6C-9034-6469B1C182AF}
		{AF1961A2-F1FA-4E57-BCCD-82F988AD2049} = {16FDE238-AF52-4D6C-9034-6469B1C182AF}
		{B7D2778C-B95F-478D-93FD-4900F9D2872B} = {16FDE238-AF52-4D6C-9034-6469B1C182AF}
		{C1F13666-5C65-41F7-8A00-D0F03679931C} = {C0FE66D9-3431-404F-9FFD-8EAF1A731C02}
		{6193012A-2B4F-4FB9-BC0A-42C3D75BF815} = {C0FE66D9-3431-404F-9FFD-8EAF1A731C02}
		{78BC6FC8-8C6A-4184-9650-29D3C3116457} = {C0FE66D9-3431-404F-9FFD-8EAF1A731C02}
		{DF763FAD-6D74-47A6-80C3-EA7B444C81BF} = {88D99914-9AAA-4DA9-9233-11295FE94434}
		{05C684CE-EA6D-4E6A-B90E-B0A4E20BE21D} = {88D99914-9AAA-4DA9-9233-11295FE94434}
		{6C8F3C29-10F3-432B-B0E4-14C8EA3C79D7} = {88D99914-9AAA-4DA9-9233-11295FE94434}
		{C7D63017-2AFE-4F05-923E-0AAD780EC7B4} = {88D99914-9AAA-4DA9-9233-11295FE94434}
		{0214B1F1-E85E-4939-B952-F64DB0C0A658} = {AF1961A2-F1FA-4E57-BCCD-82F988AD2049}
		{7E3E19CE-5998-41A5-8475-37B61FC63A64} = {B7D2778C-B95F-478D-93FD-4900F9D2872B}
		{29947AAD-0B14-4FB0-A3C3-A51322BE2EDA} = {C7D63017-2AFE-4F05-923E-0AAD780EC7B4}
		{39EA13D0-9719-4DA7-903B-15D277C2EB9F} = {C7D63017-2AFE-4F05-923E-0AAD780EC7B4}
	EndGlobalSection
EndGlobal
