
Microsoft Visual Studio Solution File, Format Version 12.00
# Visual Studio Express 2012 for Web
Project("{FAE04EC0-301F-11D3-BF4B-00C04F79EFBC}") = "com.abstractatech.gamification.imp", "com.abstractatech.gamification.imp\com.abstractatech.gamification.imp.csproj", "{387E0B36-CD21-4339-BA0C-E0760516109B}"
EndProject
Project("{2150E333-8FDC-42A3-9474-1A3956D46DE8}") = "Library", "Library", "{80193E7D-CF62-45C6-8496-04CA707F1BEC}"
EndProject
Project("{FAE04EC0-301F-11D3-BF4B-00C04F79EFBC}") = "ImpAdventures", "..\..\ImpAdventures\ImpAdventures\ImpAdventures.csproj", "{9C79DDC9-74DB-4F8A-84E8-91744D007AB4}"
EndProject
Project("{FAE04EC0-301F-11D3-BF4B-00C04F79EFBC}") = "DiagnosticsConsole", "..\..\DiagnosticsConsole\DiagnosticsConsole\DiagnosticsConsole.csproj", "{979239DB-60D4-45A3-A236-27F2D984AE17}"
EndProject
Project("{FAE04EC0-301F-11D3-BF4B-00C04F79EFBC}") = "Abstractatech.JavaScript.NatureBoy", "..\..\..\..\market\Abstractatech.JavaScript.NatureBoy\Abstractatech.JavaScript.NatureBoy\Abstractatech.JavaScript.NatureBoy.csproj", "{95EE7DB3-C0CE-4A8C-913D-10C6502F5DED}"
EndProject
Global
	GlobalSection(SolutionConfigurationPlatforms) = preSolution
		Android|x86 = Android|x86
		Debug|x86 = Debug|x86
		Release|x86 = Release|x86
	EndGlobalSection
	GlobalSection(ProjectConfigurationPlatforms) = postSolution
		{387E0B36-CD21-4339-BA0C-E0760516109B}.Android|x86.ActiveCfg = Android|x86
		{387E0B36-CD21-4339-BA0C-E0760516109B}.Android|x86.Build.0 = Android|x86
		{387E0B36-CD21-4339-BA0C-E0760516109B}.Debug|x86.ActiveCfg = Debug|x86
		{387E0B36-CD21-4339-BA0C-E0760516109B}.Debug|x86.Build.0 = Debug|x86
		{387E0B36-CD21-4339-BA0C-E0760516109B}.Release|x86.ActiveCfg = Release|x86
		{387E0B36-CD21-4339-BA0C-E0760516109B}.Release|x86.Build.0 = Release|x86
		{9C79DDC9-74DB-4F8A-84E8-91744D007AB4}.Android|x86.ActiveCfg = Android|x86
		{9C79DDC9-74DB-4F8A-84E8-91744D007AB4}.Android|x86.Build.0 = Android|x86
		{9C79DDC9-74DB-4F8A-84E8-91744D007AB4}.Debug|x86.ActiveCfg = Debug|x86
		{9C79DDC9-74DB-4F8A-84E8-91744D007AB4}.Debug|x86.Build.0 = Debug|x86
		{9C79DDC9-74DB-4F8A-84E8-91744D007AB4}.Release|x86.ActiveCfg = Release|x86
		{9C79DDC9-74DB-4F8A-84E8-91744D007AB4}.Release|x86.Build.0 = Release|x86
		{979239DB-60D4-45A3-A236-27F2D984AE17}.Android|x86.ActiveCfg = Release|x86
		{979239DB-60D4-45A3-A236-27F2D984AE17}.Android|x86.Build.0 = Release|x86
		{979239DB-60D4-45A3-A236-27F2D984AE17}.Debug|x86.ActiveCfg = Debug|x86
		{979239DB-60D4-45A3-A236-27F2D984AE17}.Debug|x86.Build.0 = Debug|x86
		{979239DB-60D4-45A3-A236-27F2D984AE17}.Release|x86.ActiveCfg = Release|x86
		{979239DB-60D4-45A3-A236-27F2D984AE17}.Release|x86.Build.0 = Release|x86
		{95EE7DB3-C0CE-4A8C-913D-10C6502F5DED}.Android|x86.ActiveCfg = Release|x86
		{95EE7DB3-C0CE-4A8C-913D-10C6502F5DED}.Android|x86.Build.0 = Release|x86
		{95EE7DB3-C0CE-4A8C-913D-10C6502F5DED}.Debug|x86.ActiveCfg = Debug|x86
		{95EE7DB3-C0CE-4A8C-913D-10C6502F5DED}.Debug|x86.Build.0 = Debug|x86
		{95EE7DB3-C0CE-4A8C-913D-10C6502F5DED}.Release|x86.ActiveCfg = Release|x86
		{95EE7DB3-C0CE-4A8C-913D-10C6502F5DED}.Release|x86.Build.0 = Release|x86
	EndGlobalSection
	GlobalSection(SolutionProperties) = preSolution
		HideSolutionNode = FALSE
	EndGlobalSection
	GlobalSection(NestedProjects) = preSolution
		{9C79DDC9-74DB-4F8A-84E8-91744D007AB4} = {80193E7D-CF62-45C6-8496-04CA707F1BEC}
		{979239DB-60D4-45A3-A236-27F2D984AE17} = {80193E7D-CF62-45C6-8496-04CA707F1BEC}
		{95EE7DB3-C0CE-4A8C-913D-10C6502F5DED} = {80193E7D-CF62-45C6-8496-04CA707F1BEC}
	EndGlobalSection
EndGlobal
