
Microsoft Visual Studio Solution File, Format Version 10.00
# Visual Studio 2008
Project("{FAE04EC0-301F-11D3-BF4B-00C04F79EFBC}") = "System_Windows_Media_Imaging_BitmapImage", "System_Windows_Media_Imaging_BitmapImage\System_Windows_Media_Imaging_BitmapImage.csproj", "{EEBB8AEF-B344-462A-92A2-4D2E5DA29BD9}"
EndProject
Global
	GlobalSection(SolutionConfigurationPlatforms) = preSolution
		Debug|Any CPU = Debug|Any CPU
		Release|Any CPU = Release|Any CPU
	EndGlobalSection
	GlobalSection(ProjectConfigurationPlatforms) = postSolution
		{EEBB8AEF-B344-462A-92A2-4D2E5DA29BD9}.Debug|Any CPU.ActiveCfg = Debug|Any CPU
		{EEBB8AEF-B344-462A-92A2-4D2E5DA29BD9}.Debug|Any CPU.Build.0 = Debug|Any CPU
		{EEBB8AEF-B344-462A-92A2-4D2E5DA29BD9}.Release|Any CPU.ActiveCfg = Release|Any CPU
		{EEBB8AEF-B344-462A-92A2-4D2E5DA29BD9}.Release|Any CPU.Build.0 = Release|Any CPU
	EndGlobalSection
	GlobalSection(SolutionProperties) = preSolution
		HideSolutionNode = FALSE
	EndGlobalSection
EndGlobal
