
Microsoft Visual Studio Solution File, Format Version 12.00
# Visual Studio Express 2012 for Windows Desktop
Project("{FAE04EC0-301F-11D3-BF4B-00C04F79EFBC}") = "TestReduceMethodAccessInReference", "TestReduceMethodAccessInReference\TestReduceMethodAccessInReference.csproj", "{B64BBFD5-60CC-42EA-BCC6-435EBB1B4910}"
EndProject
Project("{FAE04EC0-301F-11D3-BF4B-00C04F79EFBC}") = "foo", "foo\foo.csproj", "{8C860B3D-23A4-48D0-A8D6-A1A4ABEFE0E4}"
EndProject
Global
	GlobalSection(SolutionConfigurationPlatforms) = preSolution
		Debug|Any CPU = Debug|Any CPU
		Release|Any CPU = Release|Any CPU
	EndGlobalSection
	GlobalSection(ProjectConfigurationPlatforms) = postSolution
		{B64BBFD5-60CC-42EA-BCC6-435EBB1B4910}.Debug|Any CPU.ActiveCfg = Debug|Any CPU
		{B64BBFD5-60CC-42EA-BCC6-435EBB1B4910}.Debug|Any CPU.Build.0 = Debug|Any CPU
		{B64BBFD5-60CC-42EA-BCC6-435EBB1B4910}.Release|Any CPU.ActiveCfg = Release|Any CPU
		{B64BBFD5-60CC-42EA-BCC6-435EBB1B4910}.Release|Any CPU.Build.0 = Release|Any CPU
		{8C860B3D-23A4-48D0-A8D6-A1A4ABEFE0E4}.Debug|Any CPU.ActiveCfg = Debug|Any CPU
		{8C860B3D-23A4-48D0-A8D6-A1A4ABEFE0E4}.Debug|Any CPU.Build.0 = Debug|Any CPU
		{8C860B3D-23A4-48D0-A8D6-A1A4ABEFE0E4}.Release|Any CPU.ActiveCfg = Release|Any CPU
		{8C860B3D-23A4-48D0-A8D6-A1A4ABEFE0E4}.Release|Any CPU.Build.0 = Release|Any CPU
	EndGlobalSection
	GlobalSection(SolutionProperties) = preSolution
		HideSolutionNode = FALSE
	EndGlobalSection
EndGlobal
