
Microsoft Visual Studio Solution File, Format Version 12.00
# Visual Studio 14
VisualStudioVersion = 14.0.22609.0
MinimumVisualStudioVersion = 10.0.40219.1
Project("{FAE04EC0-301F-11D3-BF4B-00C04F79EFBC}") = "ChromeTCPServerWithFrameNone", "ChromeTCPServerWithFrameNone\ChromeTCPServerWithFrameNone.csproj", "{DF763FAD-6D74-47A6-80C3-EA7B444C81BF}"
	ProjectSection(ProjectDependencies) = postProject
		{9672D112-D806-49D3-B5C8-3B3A2278AD18} = {9672D112-D806-49D3-B5C8-3B3A2278AD18}
	EndProjectSection
EndProject
Project("{FAE04EC0-301F-11D3-BF4B-00C04F79EFBC}") = "ChromeTCPServer", "..\ChromeTCPServer\ChromeTCPServer\ChromeTCPServer.csproj", "{9672D112-D806-49D3-B5C8-3B3A2278AD18}"
EndProject
Project("{2150E333-8FDC-42A3-9474-1A3956D46DE8}") = "References", "References", "{E7EF7838-4FE8-4B2B-932E-B1CCC4B7151D}"
EndProject
Project("{FAE04EC0-301F-11D3-BF4B-00C04F79EFBC}") = "ScriptCoreLib.Windows.Forms", "..\..\..\..\..\core\ScriptCoreLib.Windows.Forms\ScriptCoreLib.Windows.Forms\ScriptCoreLib.Windows.Forms.csproj", "{B8D28279-57CD-4163-86F9-1DFDF540B58B}"
EndProject
Project("{FAE04EC0-301F-11D3-BF4B-00C04F79EFBC}") = "ScriptCoreLib.Drawing", "..\..\..\..\..\core\ScriptCoreLib.Drawing\ScriptCoreLib.Drawing\ScriptCoreLib.Drawing.csproj", "{053C4547-E32B-458E-B295-1E3640BE96E9}"
EndProject
Global
	GlobalSection(SolutionConfigurationPlatforms) = preSolution
		Debug|Any CPU = Debug|Any CPU
		Debug|Mixed Platforms = Debug|Mixed Platforms
		Debug|x86 = Debug|x86
		Release|Any CPU = Release|Any CPU
		Release|Mixed Platforms = Release|Mixed Platforms
		Release|x86 = Release|x86
	EndGlobalSection
	GlobalSection(ProjectConfigurationPlatforms) = postSolution
		{DF763FAD-6D74-47A6-80C3-EA7B444C81BF}.Debug|Any CPU.ActiveCfg = Debug|x86
		{DF763FAD-6D74-47A6-80C3-EA7B444C81BF}.Debug|Mixed Platforms.ActiveCfg = Debug|x86
		{DF763FAD-6D74-47A6-80C3-EA7B444C81BF}.Debug|Mixed Platforms.Build.0 = Debug|x86
		{DF763FAD-6D74-47A6-80C3-EA7B444C81BF}.Debug|x86.ActiveCfg = Debug|x86
		{DF763FAD-6D74-47A6-80C3-EA7B444C81BF}.Debug|x86.Build.0 = Debug|x86
		{DF763FAD-6D74-47A6-80C3-EA7B444C81BF}.Release|Any CPU.ActiveCfg = Release|x86
		{DF763FAD-6D74-47A6-80C3-EA7B444C81BF}.Release|Mixed Platforms.ActiveCfg = Release|x86
		{DF763FAD-6D74-47A6-80C3-EA7B444C81BF}.Release|Mixed Platforms.Build.0 = Release|x86
		{DF763FAD-6D74-47A6-80C3-EA7B444C81BF}.Release|x86.ActiveCfg = Release|x86
		{DF763FAD-6D74-47A6-80C3-EA7B444C81BF}.Release|x86.Build.0 = Release|x86
		{9672D112-D806-49D3-B5C8-3B3A2278AD18}.Debug|Any CPU.ActiveCfg = Debug|x86
		{9672D112-D806-49D3-B5C8-3B3A2278AD18}.Debug|Mixed Platforms.ActiveCfg = Debug|x86
		{9672D112-D806-49D3-B5C8-3B3A2278AD18}.Debug|Mixed Platforms.Build.0 = Debug|x86
		{9672D112-D806-49D3-B5C8-3B3A2278AD18}.Debug|x86.ActiveCfg = Debug|x86
		{9672D112-D806-49D3-B5C8-3B3A2278AD18}.Debug|x86.Build.0 = Debug|x86
		{9672D112-D806-49D3-B5C8-3B3A2278AD18}.Release|Any CPU.ActiveCfg = Release|x86
		{9672D112-D806-49D3-B5C8-3B3A2278AD18}.Release|Mixed Platforms.ActiveCfg = Release|x86
		{9672D112-D806-49D3-B5C8-3B3A2278AD18}.Release|Mixed Platforms.Build.0 = Release|x86
		{9672D112-D806-49D3-B5C8-3B3A2278AD18}.Release|x86.ActiveCfg = Release|x86
		{9672D112-D806-49D3-B5C8-3B3A2278AD18}.Release|x86.Build.0 = Release|x86
		{B8D28279-57CD-4163-86F9-1DFDF540B58B}.Debug|Any CPU.ActiveCfg = Debug|Any CPU
		{B8D28279-57CD-4163-86F9-1DFDF540B58B}.Debug|Any CPU.Build.0 = Debug|Any CPU
		{B8D28279-57CD-4163-86F9-1DFDF540B58B}.Debug|Mixed Platforms.ActiveCfg = Debug|Any CPU
		{B8D28279-57CD-4163-86F9-1DFDF540B58B}.Debug|Mixed Platforms.Build.0 = Debug|Any CPU
		{B8D28279-57CD-4163-86F9-1DFDF540B58B}.Debug|x86.ActiveCfg = Debug|Any CPU
		{B8D28279-57CD-4163-86F9-1DFDF540B58B}.Release|Any CPU.ActiveCfg = Release|Any CPU
		{B8D28279-57CD-4163-86F9-1DFDF540B58B}.Release|Any CPU.Build.0 = Release|Any CPU
		{B8D28279-57CD-4163-86F9-1DFDF540B58B}.Release|Mixed Platforms.ActiveCfg = Release|Any CPU
		{B8D28279-57CD-4163-86F9-1DFDF540B58B}.Release|Mixed Platforms.Build.0 = Release|Any CPU
		{B8D28279-57CD-4163-86F9-1DFDF540B58B}.Release|x86.ActiveCfg = Release|Any CPU
		{053C4547-E32B-458E-B295-1E3640BE96E9}.Debug|Any CPU.ActiveCfg = Debug|Any CPU
		{053C4547-E32B-458E-B295-1E3640BE96E9}.Debug|Any CPU.Build.0 = Debug|Any CPU
		{053C4547-E32B-458E-B295-1E3640BE96E9}.Debug|Mixed Platforms.ActiveCfg = Debug|Any CPU
		{053C4547-E32B-458E-B295-1E3640BE96E9}.Debug|Mixed Platforms.Build.0 = Debug|Any CPU
		{053C4547-E32B-458E-B295-1E3640BE96E9}.Debug|x86.ActiveCfg = Debug|Any CPU
		{053C4547-E32B-458E-B295-1E3640BE96E9}.Release|Any CPU.ActiveCfg = Release|Any CPU
		{053C4547-E32B-458E-B295-1E3640BE96E9}.Release|Any CPU.Build.0 = Release|Any CPU
		{053C4547-E32B-458E-B295-1E3640BE96E9}.Release|Mixed Platforms.ActiveCfg = Release|Any CPU
		{053C4547-E32B-458E-B295-1E3640BE96E9}.Release|Mixed Platforms.Build.0 = Release|Any CPU
		{053C4547-E32B-458E-B295-1E3640BE96E9}.Release|x86.ActiveCfg = Release|Any CPU
	EndGlobalSection
	GlobalSection(SolutionProperties) = preSolution
		HideSolutionNode = FALSE
	EndGlobalSection
	GlobalSection(NestedProjects) = preSolution
		{9672D112-D806-49D3-B5C8-3B3A2278AD18} = {E7EF7838-4FE8-4B2B-932E-B1CCC4B7151D}
		{B8D28279-57CD-4163-86F9-1DFDF540B58B} = {E7EF7838-4FE8-4B2B-932E-B1CCC4B7151D}
		{053C4547-E32B-458E-B295-1E3640BE96E9} = {E7EF7838-4FE8-4B2B-932E-B1CCC4B7151D}
	EndGlobalSection
EndGlobal
