
Microsoft Visual Studio Solution File, Format Version 12.00
# Visual Studio Express 2012 for Windows Desktop
Project("{FAE04EC0-301F-11D3-BF4B-00C04F79EFBC}") = "FlashTreasureHunt", "FlashTreasureHunt\FlashTreasureHunt.csproj", "{53FAB63F-CFB0-4B48-A7BA-26E3CFAEB916}"
	ProjectSection(ProjectDependencies) = postProject
		{6193012A-2B4F-4FB9-BC0A-42C3D75BF815} = {6193012A-2B4F-4FB9-BC0A-42C3D75BF815}
		{D6904364-3DE3-45CA-A117-EE45F2C1D812} = {D6904364-3DE3-45CA-A117-EE45F2C1D812}
		{9122FB76-35CE-41C7-8894-4E58D1BA94BD} = {9122FB76-35CE-41C7-8894-4E58D1BA94BD}
	EndProjectSection
EndProject
Project("{FAE04EC0-301F-11D3-BF4B-00C04F79EFBC}") = "FlashTreasureHunt.MultiPlayer", "FlashTreasureHunt.MultiPlayer\FlashTreasureHunt.MultiPlayer.csproj", "{766A85A3-BFFF-492E-BBFD-03F15CE498D8}"
EndProject
Project("{FAE04EC0-301F-11D3-BF4B-00C04F79EFBC}") = "FlashTreasureHunt.ConsoleTest", "FlashTreasureHunt.ConsoleTest\FlashTreasureHunt.ConsoleTest.csproj", "{276A3D33-27B0-45CB-9A83-F44167AC6A91}"
	ProjectSection(ProjectDependencies) = postProject
		{5F48E004-6888-4FB1-934E-71823F067954} = {5F48E004-6888-4FB1-934E-71823F067954}
		{53FAB63F-CFB0-4B48-A7BA-26E3CFAEB916} = {53FAB63F-CFB0-4B48-A7BA-26E3CFAEB916}
		{766A85A3-BFFF-492E-BBFD-03F15CE498D8} = {766A85A3-BFFF-492E-BBFD-03F15CE498D8}
	EndProjectSection
EndProject
Project("{FAE04EC0-301F-11D3-BF4B-00C04F79EFBC}") = "FlashTreasureHunt.Game", "FlashTreasureHunt.Game\FlashTreasureHunt.Game.csproj", "{5F48E004-6888-4FB1-934E-71823F067954}"
EndProject
Project("{2150E333-8FDC-42A3-9474-1A3956D46DE8}") = "References", "References", "{474B36AC-2C9D-4B3F-B392-538674E112EE}"
EndProject
Project("{FAE04EC0-301F-11D3-BF4B-00C04F79EFBC}") = "Abstractatech.Maze", "..\..\..\market\Abstractatech.Maze\Abstractatech.Maze\Abstractatech.Maze.csproj", "{9122FB76-35CE-41C7-8894-4E58D1BA94BD}"
EndProject
Project("{FAE04EC0-301F-11D3-BF4B-00C04F79EFBC}") = "Abstractatech.ActionScript.RayCaster", "..\..\..\market\Abstractatech.ActionScript.RayCaster\Abstractatech.ActionScript.RayCaster\Abstractatech.ActionScript.RayCaster.csproj", "{D6904364-3DE3-45CA-A117-EE45F2C1D812}"
EndProject
Project("{FAE04EC0-301F-11D3-BF4B-00C04F79EFBC}") = "net.hires.debug", "..\synergy\net.hires.debug\net.hires.debug\net.hires.debug.csproj", "{6193012A-2B4F-4FB9-BC0A-42C3D75BF815}"
EndProject
Project("{FAE04EC0-301F-11D3-BF4B-00C04F79EFBC}") = "AIRServerSocketExperiment", "..\air\AIRServerSocketExperiment\AIRServerSocketExperiment\AIRServerSocketExperiment.csproj", "{FA946A3E-CBA4-401B-84EE-85269A5AF437}"
EndProject
Global
	GlobalSection(SolutionConfigurationPlatforms) = preSolution
		Debug|Any CPU = Debug|Any CPU
		Debug|Mixed Platforms = Debug|Mixed Platforms
		Debug|x86 = Debug|x86
		Release|Any CPU = Release|Any CPU
		Release|Mixed Platforms = Release|Mixed Platforms
		Release|x86 = Release|x86
	EndGlobalSection
	GlobalSection(ProjectConfigurationPlatforms) = postSolution
		{53FAB63F-CFB0-4B48-A7BA-26E3CFAEB916}.Debug|Any CPU.ActiveCfg = Debug|Any CPU
		{53FAB63F-CFB0-4B48-A7BA-26E3CFAEB916}.Debug|Any CPU.Build.0 = Debug|Any CPU
		{53FAB63F-CFB0-4B48-A7BA-26E3CFAEB916}.Debug|Mixed Platforms.ActiveCfg = Debug|Any CPU
		{53FAB63F-CFB0-4B48-A7BA-26E3CFAEB916}.Debug|Mixed Platforms.Build.0 = Debug|Any CPU
		{53FAB63F-CFB0-4B48-A7BA-26E3CFAEB916}.Debug|x86.ActiveCfg = Debug|Any CPU
		{53FAB63F-CFB0-4B48-A7BA-26E3CFAEB916}.Release|Any CPU.ActiveCfg = Release|Any CPU
		{53FAB63F-CFB0-4B48-A7BA-26E3CFAEB916}.Release|Any CPU.Build.0 = Release|Any CPU
		{53FAB63F-CFB0-4B48-A7BA-26E3CFAEB916}.Release|Mixed Platforms.ActiveCfg = Release|Any CPU
		{53FAB63F-CFB0-4B48-A7BA-26E3CFAEB916}.Release|Mixed Platforms.Build.0 = Release|Any CPU
		{53FAB63F-CFB0-4B48-A7BA-26E3CFAEB916}.Release|x86.ActiveCfg = Release|Any CPU
		{766A85A3-BFFF-492E-BBFD-03F15CE498D8}.Debug|Any CPU.ActiveCfg = Debug|Any CPU
		{766A85A3-BFFF-492E-BBFD-03F15CE498D8}.Debug|Any CPU.Build.0 = Debug|Any CPU
		{766A85A3-BFFF-492E-BBFD-03F15CE498D8}.Debug|Mixed Platforms.ActiveCfg = Debug|Any CPU
		{766A85A3-BFFF-492E-BBFD-03F15CE498D8}.Debug|Mixed Platforms.Build.0 = Debug|Any CPU
		{766A85A3-BFFF-492E-BBFD-03F15CE498D8}.Debug|x86.ActiveCfg = Debug|Any CPU
		{766A85A3-BFFF-492E-BBFD-03F15CE498D8}.Release|Any CPU.ActiveCfg = Release|Any CPU
		{766A85A3-BFFF-492E-BBFD-03F15CE498D8}.Release|Any CPU.Build.0 = Release|Any CPU
		{766A85A3-BFFF-492E-BBFD-03F15CE498D8}.Release|Mixed Platforms.ActiveCfg = Release|Any CPU
		{766A85A3-BFFF-492E-BBFD-03F15CE498D8}.Release|Mixed Platforms.Build.0 = Release|Any CPU
		{766A85A3-BFFF-492E-BBFD-03F15CE498D8}.Release|x86.ActiveCfg = Release|Any CPU
		{276A3D33-27B0-45CB-9A83-F44167AC6A91}.Debug|Any CPU.ActiveCfg = Debug|Any CPU
		{276A3D33-27B0-45CB-9A83-F44167AC6A91}.Debug|Any CPU.Build.0 = Debug|Any CPU
		{276A3D33-27B0-45CB-9A83-F44167AC6A91}.Debug|Mixed Platforms.ActiveCfg = Debug|Any CPU
		{276A3D33-27B0-45CB-9A83-F44167AC6A91}.Debug|Mixed Platforms.Build.0 = Debug|Any CPU
		{276A3D33-27B0-45CB-9A83-F44167AC6A91}.Debug|x86.ActiveCfg = Debug|Any CPU
		{276A3D33-27B0-45CB-9A83-F44167AC6A91}.Release|Any CPU.ActiveCfg = Release|Any CPU
		{276A3D33-27B0-45CB-9A83-F44167AC6A91}.Release|Any CPU.Build.0 = Release|Any CPU
		{276A3D33-27B0-45CB-9A83-F44167AC6A91}.Release|Mixed Platforms.ActiveCfg = Release|Any CPU
		{276A3D33-27B0-45CB-9A83-F44167AC6A91}.Release|Mixed Platforms.Build.0 = Release|Any CPU
		{276A3D33-27B0-45CB-9A83-F44167AC6A91}.Release|x86.ActiveCfg = Release|Any CPU
		{5F48E004-6888-4FB1-934E-71823F067954}.Debug|Any CPU.ActiveCfg = Debug|Any CPU
		{5F48E004-6888-4FB1-934E-71823F067954}.Debug|Any CPU.Build.0 = Debug|Any CPU
		{5F48E004-6888-4FB1-934E-71823F067954}.Debug|Mixed Platforms.ActiveCfg = Debug|Any CPU
		{5F48E004-6888-4FB1-934E-71823F067954}.Debug|Mixed Platforms.Build.0 = Debug|Any CPU
		{5F48E004-6888-4FB1-934E-71823F067954}.Debug|x86.ActiveCfg = Debug|Any CPU
		{5F48E004-6888-4FB1-934E-71823F067954}.Release|Any CPU.ActiveCfg = Release|Any CPU
		{5F48E004-6888-4FB1-934E-71823F067954}.Release|Any CPU.Build.0 = Release|Any CPU
		{5F48E004-6888-4FB1-934E-71823F067954}.Release|Mixed Platforms.ActiveCfg = Release|Any CPU
		{5F48E004-6888-4FB1-934E-71823F067954}.Release|Mixed Platforms.Build.0 = Release|Any CPU
		{5F48E004-6888-4FB1-934E-71823F067954}.Release|x86.ActiveCfg = Release|Any CPU
		{9122FB76-35CE-41C7-8894-4E58D1BA94BD}.Debug|Any CPU.ActiveCfg = Debug|x86
		{9122FB76-35CE-41C7-8894-4E58D1BA94BD}.Debug|Mixed Platforms.ActiveCfg = Debug|x86
		{9122FB76-35CE-41C7-8894-4E58D1BA94BD}.Debug|Mixed Platforms.Build.0 = Debug|x86
		{9122FB76-35CE-41C7-8894-4E58D1BA94BD}.Debug|x86.ActiveCfg = Debug|x86
		{9122FB76-35CE-41C7-8894-4E58D1BA94BD}.Debug|x86.Build.0 = Debug|x86
		{9122FB76-35CE-41C7-8894-4E58D1BA94BD}.Release|Any CPU.ActiveCfg = Release|x86
		{9122FB76-35CE-41C7-8894-4E58D1BA94BD}.Release|Mixed Platforms.ActiveCfg = Release|x86
		{9122FB76-35CE-41C7-8894-4E58D1BA94BD}.Release|Mixed Platforms.Build.0 = Release|x86
		{9122FB76-35CE-41C7-8894-4E58D1BA94BD}.Release|x86.ActiveCfg = Release|x86
		{9122FB76-35CE-41C7-8894-4E58D1BA94BD}.Release|x86.Build.0 = Release|x86
		{D6904364-3DE3-45CA-A117-EE45F2C1D812}.Debug|Any CPU.ActiveCfg = Debug|x86
		{D6904364-3DE3-45CA-A117-EE45F2C1D812}.Debug|Mixed Platforms.ActiveCfg = Debug|x86
		{D6904364-3DE3-45CA-A117-EE45F2C1D812}.Debug|Mixed Platforms.Build.0 = Debug|x86
		{D6904364-3DE3-45CA-A117-EE45F2C1D812}.Debug|x86.ActiveCfg = Debug|x86
		{D6904364-3DE3-45CA-A117-EE45F2C1D812}.Debug|x86.Build.0 = Debug|x86
		{D6904364-3DE3-45CA-A117-EE45F2C1D812}.Release|Any CPU.ActiveCfg = Release|x86
		{D6904364-3DE3-45CA-A117-EE45F2C1D812}.Release|Mixed Platforms.ActiveCfg = Release|x86
		{D6904364-3DE3-45CA-A117-EE45F2C1D812}.Release|Mixed Platforms.Build.0 = Release|x86
		{D6904364-3DE3-45CA-A117-EE45F2C1D812}.Release|x86.ActiveCfg = Release|x86
		{D6904364-3DE3-45CA-A117-EE45F2C1D812}.Release|x86.Build.0 = Release|x86
		{6193012A-2B4F-4FB9-BC0A-42C3D75BF815}.Debug|Any CPU.ActiveCfg = Debug|x86
		{6193012A-2B4F-4FB9-BC0A-42C3D75BF815}.Debug|Mixed Platforms.ActiveCfg = Debug|x86
		{6193012A-2B4F-4FB9-BC0A-42C3D75BF815}.Debug|Mixed Platforms.Build.0 = Debug|x86
		{6193012A-2B4F-4FB9-BC0A-42C3D75BF815}.Debug|x86.ActiveCfg = Debug|x86
		{6193012A-2B4F-4FB9-BC0A-42C3D75BF815}.Debug|x86.Build.0 = Debug|x86
		{6193012A-2B4F-4FB9-BC0A-42C3D75BF815}.Release|Any CPU.ActiveCfg = Release|x86
		{6193012A-2B4F-4FB9-BC0A-42C3D75BF815}.Release|Mixed Platforms.ActiveCfg = Release|x86
		{6193012A-2B4F-4FB9-BC0A-42C3D75BF815}.Release|Mixed Platforms.Build.0 = Release|x86
		{6193012A-2B4F-4FB9-BC0A-42C3D75BF815}.Release|x86.ActiveCfg = Release|x86
		{6193012A-2B4F-4FB9-BC0A-42C3D75BF815}.Release|x86.Build.0 = Release|x86
		{FA946A3E-CBA4-401B-84EE-85269A5AF437}.Debug|Any CPU.ActiveCfg = Debug|x86
		{FA946A3E-CBA4-401B-84EE-85269A5AF437}.Debug|Mixed Platforms.ActiveCfg = Debug|x86
		{FA946A3E-CBA4-401B-84EE-85269A5AF437}.Debug|Mixed Platforms.Build.0 = Debug|x86
		{FA946A3E-CBA4-401B-84EE-85269A5AF437}.Debug|x86.ActiveCfg = Debug|x86
		{FA946A3E-CBA4-401B-84EE-85269A5AF437}.Debug|x86.Build.0 = Debug|x86
		{FA946A3E-CBA4-401B-84EE-85269A5AF437}.Release|Any CPU.ActiveCfg = Release|x86
		{FA946A3E-CBA4-401B-84EE-85269A5AF437}.Release|Mixed Platforms.ActiveCfg = Release|x86
		{FA946A3E-CBA4-401B-84EE-85269A5AF437}.Release|Mixed Platforms.Build.0 = Release|x86
		{FA946A3E-CBA4-401B-84EE-85269A5AF437}.Release|x86.ActiveCfg = Release|x86
		{FA946A3E-CBA4-401B-84EE-85269A5AF437}.Release|x86.Build.0 = Release|x86
	EndGlobalSection
	GlobalSection(SolutionProperties) = preSolution
		HideSolutionNode = FALSE
	EndGlobalSection
	GlobalSection(NestedProjects) = preSolution
		{9122FB76-35CE-41C7-8894-4E58D1BA94BD} = {474B36AC-2C9D-4B3F-B392-538674E112EE}
		{D6904364-3DE3-45CA-A117-EE45F2C1D812} = {474B36AC-2C9D-4B3F-B392-538674E112EE}
		{6193012A-2B4F-4FB9-BC0A-42C3D75BF815} = {474B36AC-2C9D-4B3F-B392-538674E112EE}
	EndGlobalSection
EndGlobal
