
Microsoft Visual Studio Solution File, Format Version 12.00
# Visual Studio Express 2013 for Web
VisualStudioVersion = 12.0.21005.1
MinimumVisualStudioVersion = 10.0.40219.1
Project("{FAE04EC0-301F-11D3-BF4B-00C04F79EFBC}") = "exceldatareader", "exceldatareader\exceldatareader.csproj", "{20F6E352-3D48-423B-B6DF-C09D4EAE5336}"
EndProject
Project("{2150E333-8FDC-42A3-9474-1A3956D46DE8}") = "References", "References", "{10AFAA11-4973-49F7-80ED-BEB0E55E8367}"
EndProject
Project("{FAE04EC0-301F-11D3-BF4B-00C04F79EFBC}") = "Excel", "external\Excel\Excel.csproj", "{4CB0690E-3E7A-497C-9116-D52024F63195}"
EndProject
Global
	GlobalSection(SolutionConfigurationPlatforms) = preSolution
		Debug|Any CPU = Debug|Any CPU
		Debug|Mixed Platforms = Debug|Mixed Platforms
		Debug|x86 = Debug|x86
		MSTEST_DEBUG|Any CPU = MSTEST_DEBUG|Any CPU
		MSTEST_DEBUG|Mixed Platforms = MSTEST_DEBUG|Mixed Platforms
		MSTEST_DEBUG|x86 = MSTEST_DEBUG|x86
		MSTEST_RELEASE|Any CPU = MSTEST_RELEASE|Any CPU
		MSTEST_RELEASE|Mixed Platforms = MSTEST_RELEASE|Mixed Platforms
		MSTEST_RELEASE|x86 = MSTEST_RELEASE|x86
		NUNIT_DEBUG|Any CPU = NUNIT_DEBUG|Any CPU
		NUNIT_DEBUG|Mixed Platforms = NUNIT_DEBUG|Mixed Platforms
		NUNIT_DEBUG|x86 = NUNIT_DEBUG|x86
		NUNIT_RELEASE|Any CPU = NUNIT_RELEASE|Any CPU
		NUNIT_RELEASE|Mixed Platforms = NUNIT_RELEASE|Mixed Platforms
		NUNIT_RELEASE|x86 = NUNIT_RELEASE|x86
		Release|Any CPU = Release|Any CPU
		Release|Mixed Platforms = Release|Mixed Platforms
		Release|x86 = Release|x86
	EndGlobalSection
	GlobalSection(ProjectConfigurationPlatforms) = postSolution
		{20F6E352-3D48-423B-B6DF-C09D4EAE5336}.Debug|Any CPU.ActiveCfg = Debug|x86
		{20F6E352-3D48-423B-B6DF-C09D4EAE5336}.Debug|Mixed Platforms.ActiveCfg = Debug|x86
		{20F6E352-3D48-423B-B6DF-C09D4EAE5336}.Debug|Mixed Platforms.Build.0 = Debug|x86
		{20F6E352-3D48-423B-B6DF-C09D4EAE5336}.Debug|x86.ActiveCfg = Debug|x86
		{20F6E352-3D48-423B-B6DF-C09D4EAE5336}.Debug|x86.Build.0 = Debug|x86
		{20F6E352-3D48-423B-B6DF-C09D4EAE5336}.MSTEST_DEBUG|Any CPU.ActiveCfg = Release|x86
		{20F6E352-3D48-423B-B6DF-C09D4EAE5336}.MSTEST_DEBUG|Mixed Platforms.ActiveCfg = Release|x86
		{20F6E352-3D48-423B-B6DF-C09D4EAE5336}.MSTEST_DEBUG|Mixed Platforms.Build.0 = Release|x86
		{20F6E352-3D48-423B-B6DF-C09D4EAE5336}.MSTEST_DEBUG|x86.ActiveCfg = Release|x86
		{20F6E352-3D48-423B-B6DF-C09D4EAE5336}.MSTEST_DEBUG|x86.Build.0 = Release|x86
		{20F6E352-3D48-423B-B6DF-C09D4EAE5336}.MSTEST_RELEASE|Any CPU.ActiveCfg = Release|x86
		{20F6E352-3D48-423B-B6DF-C09D4EAE5336}.MSTEST_RELEASE|Mixed Platforms.ActiveCfg = Release|x86
		{20F6E352-3D48-423B-B6DF-C09D4EAE5336}.MSTEST_RELEASE|Mixed Platforms.Build.0 = Release|x86
		{20F6E352-3D48-423B-B6DF-C09D4EAE5336}.MSTEST_RELEASE|x86.ActiveCfg = Release|x86
		{20F6E352-3D48-423B-B6DF-C09D4EAE5336}.MSTEST_RELEASE|x86.Build.0 = Release|x86
		{20F6E352-3D48-423B-B6DF-C09D4EAE5336}.NUNIT_DEBUG|Any CPU.ActiveCfg = Release|x86
		{20F6E352-3D48-423B-B6DF-C09D4EAE5336}.NUNIT_DEBUG|Mixed Platforms.ActiveCfg = Release|x86
		{20F6E352-3D48-423B-B6DF-C09D4EAE5336}.NUNIT_DEBUG|Mixed Platforms.Build.0 = Release|x86
		{20F6E352-3D48-423B-B6DF-C09D4EAE5336}.NUNIT_DEBUG|x86.ActiveCfg = Release|x86
		{20F6E352-3D48-423B-B6DF-C09D4EAE5336}.NUNIT_DEBUG|x86.Build.0 = Release|x86
		{20F6E352-3D48-423B-B6DF-C09D4EAE5336}.NUNIT_RELEASE|Any CPU.ActiveCfg = Release|x86
		{20F6E352-3D48-423B-B6DF-C09D4EAE5336}.NUNIT_RELEASE|Mixed Platforms.ActiveCfg = Release|x86
		{20F6E352-3D48-423B-B6DF-C09D4EAE5336}.NUNIT_RELEASE|Mixed Platforms.Build.0 = Release|x86
		{20F6E352-3D48-423B-B6DF-C09D4EAE5336}.NUNIT_RELEASE|x86.ActiveCfg = Release|x86
		{20F6E352-3D48-423B-B6DF-C09D4EAE5336}.NUNIT_RELEASE|x86.Build.0 = Release|x86
		{20F6E352-3D48-423B-B6DF-C09D4EAE5336}.Release|Any CPU.ActiveCfg = Release|x86
		{20F6E352-3D48-423B-B6DF-C09D4EAE5336}.Release|Mixed Platforms.ActiveCfg = Release|x86
		{20F6E352-3D48-423B-B6DF-C09D4EAE5336}.Release|Mixed Platforms.Build.0 = Release|x86
		{20F6E352-3D48-423B-B6DF-C09D4EAE5336}.Release|x86.ActiveCfg = Release|x86
		{20F6E352-3D48-423B-B6DF-C09D4EAE5336}.Release|x86.Build.0 = Release|x86
		{4CB0690E-3E7A-497C-9116-D52024F63195}.Debug|Any CPU.ActiveCfg = Debug|Any CPU
		{4CB0690E-3E7A-497C-9116-D52024F63195}.Debug|Any CPU.Build.0 = Debug|Any CPU
		{4CB0690E-3E7A-497C-9116-D52024F63195}.Debug|Mixed Platforms.ActiveCfg = Debug|Any CPU
		{4CB0690E-3E7A-497C-9116-D52024F63195}.Debug|Mixed Platforms.Build.0 = Debug|Any CPU
		{4CB0690E-3E7A-497C-9116-D52024F63195}.Debug|x86.ActiveCfg = Debug|Any CPU
		{4CB0690E-3E7A-497C-9116-D52024F63195}.MSTEST_DEBUG|Any CPU.ActiveCfg = MSTEST_DEBUG|Any CPU
		{4CB0690E-3E7A-497C-9116-D52024F63195}.MSTEST_DEBUG|Any CPU.Build.0 = MSTEST_DEBUG|Any CPU
		{4CB0690E-3E7A-497C-9116-D52024F63195}.MSTEST_DEBUG|Mixed Platforms.ActiveCfg = MSTEST_DEBUG|Any CPU
		{4CB0690E-3E7A-497C-9116-D52024F63195}.MSTEST_DEBUG|Mixed Platforms.Build.0 = MSTEST_DEBUG|Any CPU
		{4CB0690E-3E7A-497C-9116-D52024F63195}.MSTEST_DEBUG|x86.ActiveCfg = MSTEST_DEBUG|Any CPU
		{4CB0690E-3E7A-497C-9116-D52024F63195}.MSTEST_RELEASE|Any CPU.ActiveCfg = MSTEST_RELEASE|Any CPU
		{4CB0690E-3E7A-497C-9116-D52024F63195}.MSTEST_RELEASE|Any CPU.Build.0 = MSTEST_RELEASE|Any CPU
		{4CB0690E-3E7A-497C-9116-D52024F63195}.MSTEST_RELEASE|Mixed Platforms.ActiveCfg = MSTEST_RELEASE|Any CPU
		{4CB0690E-3E7A-497C-9116-D52024F63195}.MSTEST_RELEASE|Mixed Platforms.Build.0 = MSTEST_RELEASE|Any CPU
		{4CB0690E-3E7A-497C-9116-D52024F63195}.MSTEST_RELEASE|x86.ActiveCfg = MSTEST_RELEASE|Any CPU
		{4CB0690E-3E7A-497C-9116-D52024F63195}.NUNIT_DEBUG|Any CPU.ActiveCfg = NUNIT_DEBUG|Any CPU
		{4CB0690E-3E7A-497C-9116-D52024F63195}.NUNIT_DEBUG|Any CPU.Build.0 = NUNIT_DEBUG|Any CPU
		{4CB0690E-3E7A-497C-9116-D52024F63195}.NUNIT_DEBUG|Mixed Platforms.ActiveCfg = NUNIT_DEBUG|Any CPU
		{4CB0690E-3E7A-497C-9116-D52024F63195}.NUNIT_DEBUG|Mixed Platforms.Build.0 = NUNIT_DEBUG|Any CPU
		{4CB0690E-3E7A-497C-9116-D52024F63195}.NUNIT_DEBUG|x86.ActiveCfg = NUNIT_DEBUG|Any CPU
		{4CB0690E-3E7A-497C-9116-D52024F63195}.NUNIT_RELEASE|Any CPU.ActiveCfg = NUNIT_RELEASE|Any CPU
		{4CB0690E-3E7A-497C-9116-D52024F63195}.NUNIT_RELEASE|Any CPU.Build.0 = NUNIT_RELEASE|Any CPU
		{4CB0690E-3E7A-497C-9116-D52024F63195}.NUNIT_RELEASE|Mixed Platforms.ActiveCfg = NUNIT_RELEASE|Any CPU
		{4CB0690E-3E7A-497C-9116-D52024F63195}.NUNIT_RELEASE|Mixed Platforms.Build.0 = NUNIT_RELEASE|Any CPU
		{4CB0690E-3E7A-497C-9116-D52024F63195}.NUNIT_RELEASE|x86.ActiveCfg = NUNIT_RELEASE|Any CPU
		{4CB0690E-3E7A-497C-9116-D52024F63195}.Release|Any CPU.ActiveCfg = Release|Any CPU
		{4CB0690E-3E7A-497C-9116-D52024F63195}.Release|Any CPU.Build.0 = Release|Any CPU
		{4CB0690E-3E7A-497C-9116-D52024F63195}.Release|Mixed Platforms.ActiveCfg = Release|Any CPU
		{4CB0690E-3E7A-497C-9116-D52024F63195}.Release|Mixed Platforms.Build.0 = Release|Any CPU
		{4CB0690E-3E7A-497C-9116-D52024F63195}.Release|x86.ActiveCfg = Release|Any CPU
	EndGlobalSection
	GlobalSection(SolutionProperties) = preSolution
		HideSolutionNode = FALSE
	EndGlobalSection
	GlobalSection(NestedProjects) = preSolution
		{4CB0690E-3E7A-497C-9116-D52024F63195} = {10AFAA11-4973-49F7-80ED-BEB0E55E8367}
	EndGlobalSection
EndGlobal
