
Microsoft Visual Studio Solution File, Format Version 12.00
# Visual Studio 14
VisualStudioVersion = 14.0.22609.0
MinimumVisualStudioVersion = 10.0.40219.1
Project("{FAE04EC0-301F-11D3-BF4B-00C04F79EFBC}") = "ChromeShaderToyPrograms", "ChromeShaderToyPrograms\ChromeShaderToyPrograms.csproj", "{426A9419-9287-4880-979F-29F29D3F2A22}"
	ProjectSection(ProjectDependencies) = postProject
		{EB93B081-4EDC-41A2-85B3-0487062617CC} = {EB93B081-4EDC-41A2-85B3-0487062617CC}
	EndProjectSection
EndProject
Project("{FAE04EC0-301F-11D3-BF4B-00C04F79EFBC}") = "ChromeShaderToyColumns", "..\ChromeShaderToyColumns\ChromeShaderToyColumns\ChromeShaderToyColumns.csproj", "{EB93B081-4EDC-41A2-85B3-0487062617CC}"
EndProject
Project("{2150E333-8FDC-42A3-9474-1A3956D46DE8}") = "ByPackage", "ByPackage", "{4D97154B-0BA1-468D-AC3C-968EAA755311}"
EndProject
Project("{2150E333-8FDC-42A3-9474-1A3956D46DE8}") = "ByReference", "ByReference", "{30FF3663-3CBE-4541-B2CF-A3C0960E208B}"
EndProject
Project("{FAE04EC0-301F-11D3-BF4B-00C04F79EFBC}") = "ChromeShaderToyAlbertArchesByDr2", "..\ChromeShaderToyAlbertArchesByDr2\ChromeShaderToyAlbertArchesByDr2\ChromeShaderToyAlbertArchesByDr2.csproj", "{2B24D939-1965-4778-B3A1-DD1689C8D243}"
EndProject
Project("{FAE04EC0-301F-11D3-BF4B-00C04F79EFBC}") = "ChromeShaderToyVRCardboardGrid", "..\ChromeShaderToyVRCardboardGrid\ChromeShaderToyVRCardboardGrid\ChromeShaderToyVRCardboardGrid.csproj", "{6549676F-7D04-49C4-B2F5-23AC901D4EB3}"
EndProject
Project("{FAE04EC0-301F-11D3-BF4B-00C04F79EFBC}") = "ChromeShaderToyAnimationByFlyguy", "..\ChromeShaderToyAnimationByFlyguy\ChromeShaderToyAnimationByFlyguy\ChromeShaderToyAnimationByFlyguy.csproj", "{E9C0AA1F-D561-4C6E-B1ED-9437D7B9B3B3}"
EndProject
Project("{FAE04EC0-301F-11D3-BF4B-00C04F79EFBC}") = "ChromeShaderToyBokehBlurByKabuto", "..\ChromeShaderToyBokehBlurByKabuto\ChromeShaderToyBokehBlurByKabuto\ChromeShaderToyBokehBlurByKabuto.csproj", "{B4A8FFEA-433E-4629-9F28-379C3BC9AFEF}"
EndProject
Project("{FAE04EC0-301F-11D3-BF4B-00C04F79EFBC}") = "ChromeShaderToyCatchByAhihi", "..\ChromeShaderToyCatchByAhihi\ChromeShaderToyCatchByAhihi\ChromeShaderToyCatchByAhihi.csproj", "{ACEB89F6-34E7-48C6-9B86-A12C6D37BA51}"
EndProject
Project("{FAE04EC0-301F-11D3-BF4B-00C04F79EFBC}") = "ChromeShaderToyCentaursByErucipe", "..\ChromeShaderToyCentaursByErucipe\ChromeShaderToyCentaursByErucipe\ChromeShaderToyCentaursByErucipe.csproj", "{689D3BC0-5D54-44C1-B057-9D161C7C0426}"
EndProject
Project("{FAE04EC0-301F-11D3-BF4B-00C04F79EFBC}") = "ChromeShaderToyCubeOfCubesByFlyguy", "..\ChromeShaderToyCubeOfCubesByFlyguy\ChromeShaderToyCubeOfCubesByFlyguy\ChromeShaderToyCubeOfCubesByFlyguy.csproj", "{0D8FDB01-1EDC-4EEA-8F0D-3B8172AC73BF}"
EndProject
Project("{FAE04EC0-301F-11D3-BF4B-00C04F79EFBC}") = "ChromeShaderToyCubicEntanglementByEiffie", "..\ChromeShaderToyCubicEntanglementByEiffie\ChromeShaderToyCubicEntanglementByEiffie\ChromeShaderToyCubicEntanglementByEiffie.csproj", "{D9777746-7E32-4C93-B503-3D74EAB67DE3}"
EndProject
Project("{FAE04EC0-301F-11D3-BF4B-00C04F79EFBC}") = "ChromeShaderToyDesertMorningByEPitz", "..\ChromeShaderToyDesertMorningByEPitz\ChromeShaderToyDesertMorningByEPitz\ChromeShaderToyDesertMorningByEPitz.csproj", "{D6AFCB80-4FB5-4B55-8E6C-926266BF2D85}"
EndProject
Project("{FAE04EC0-301F-11D3-BF4B-00C04F79EFBC}") = "ChromeShaderToyDiningRoomBySquid", "..\ChromeShaderToyDiningRoomBySquid\ChromeShaderToyDiningRoomBySquid\ChromeShaderToyDiningRoomBySquid.csproj", "{6121DF06-A881-47F3-9BB2-97C38078A6D8}"
EndProject
Project("{FAE04EC0-301F-11D3-BF4B-00C04F79EFBC}") = "ChromeShaderToyDustStormByNimitz", "..\ChromeShaderToyDustStormByNimitz\ChromeShaderToyDustStormByNimitz\ChromeShaderToyDustStormByNimitz.csproj", "{16FF9244-EDEE-481E-A7B1-72F00399EDAF}"
EndProject
Project("{FAE04EC0-301F-11D3-BF4B-00C04F79EFBC}") = "ChromeShaderToyDustyByHat", "..\ChromeShaderToyDustyByHat\ChromeShaderToyDustyByHat\ChromeShaderToyDustyByHat.csproj", "{CBE287FC-3905-47C3-BE2A-D63AA0138B32}"
EndProject
Project("{FAE04EC0-301F-11D3-BF4B-00C04F79EFBC}") = "ChromeShaderToyEiffieBallsByEiffie", "..\ChromeShaderToyEiffieBallsByEiffie\ChromeShaderToyEiffieBallsByEiffie\ChromeShaderToyEiffieBallsByEiffie.csproj", "{C9C2746A-B3D7-4E35-B168-8EFB1189ABCE}"
EndProject
Project("{FAE04EC0-301F-11D3-BF4B-00C04F79EFBC}") = "ChromeShaderToyEiffieBox", "..\ChromeShaderToyEiffieBox\ChromeShaderToyEiffieBox\ChromeShaderToyEiffieBox.csproj", "{5ADEDB0E-DDFB-4EE3-B535-06F0BDC0CDA7}"
EndProject
Project("{FAE04EC0-301F-11D3-BF4B-00C04F79EFBC}") = "ChromeShaderToyExplosionByGreen", "..\ChromeShaderToyExplosionByGreen\ChromeShaderToyExplosionByGreen\ChromeShaderToyExplosionByGreen.csproj", "{F4B9F5DE-394C-4E09-A1D2-DA193230B9E3}"
EndProject
Project("{FAE04EC0-301F-11D3-BF4B-00C04F79EFBC}") = "ChromeShaderToyFlowingLavaByFizzer", "..\ChromeShaderToyFlowingLavaByFizzer\ChromeShaderToyFlowingLavaByFizzer\ChromeShaderToyFlowingLavaByFizzer.csproj", "{03A867C7-264E-430E-B2C8-9F7FCEFA0667}"
EndProject
Project("{FAE04EC0-301F-11D3-BF4B-00C04F79EFBC}") = "ChromeShaderToyFlyingBoatByGaz", "..\ChromeShaderToyFlyingBoatByGaz\ChromeShaderToyFlyingBoatByGaz\ChromeShaderToyFlyingBoatByGaz.csproj", "{431148FA-C0A9-4240-9380-655B10DE0C08}"
EndProject
Project("{FAE04EC0-301F-11D3-BF4B-00C04F79EFBC}") = "ChromeShaderToyFrozenWastelandByDave", "..\ChromeShaderToyFrozenWastelandByDave\ChromeShaderToyFrozenWastelandByDave\ChromeShaderToyFrozenWastelandByDave.csproj", "{08DD1523-824E-4BB3-B357-548EF16A870A}"
EndProject
Project("{FAE04EC0-301F-11D3-BF4B-00C04F79EFBC}") = "ChromeShaderToyHetchyScketchyByXbe", "..\ChromeShaderToyHetchyScketchyByXbe\ChromeShaderToyHetchyScketchyByXbe\ChromeShaderToyHetchyScketchyByXbe.csproj", "{7BAB9333-88DD-4994-BB02-12E9C389F89C}"
EndProject
Project("{FAE04EC0-301F-11D3-BF4B-00C04F79EFBC}") = "ChromeShaderToyKajastusByMarken", "..\ChromeShaderToyKajastusByMarken\ChromeShaderToyKajastusByMarken\ChromeShaderToyKajastusByMarken.csproj", "{B94FB215-63FE-4652-A13A-BA2B49D69F0C}"
EndProject
Project("{FAE04EC0-301F-11D3-BF4B-00C04F79EFBC}") = "ChromeShaderToyLimboByDaeken", "..\ChromeShaderToyLimboByDaeken\ChromeShaderToyLimboByDaeken\ChromeShaderToyLimboByDaeken.csproj", "{A20C4A02-C9A4-4C16-BC97-A145F195A0D6}"
EndProject
Project("{FAE04EC0-301F-11D3-BF4B-00C04F79EFBC}") = "ChromeShaderToyllamelsByEiffie", "..\ChromeShaderToyllamelsByEiffie\ChromeShaderToyllamelsByEiffie\ChromeShaderToyllamelsByEiffie.csproj", "{3726E3E7-9E6F-4DDC-ABEE-ACA8E5032EED}"
EndProject
Project("{FAE04EC0-301F-11D3-BF4B-00C04F79EFBC}") = "ChromeShaderToyMetatunnelByDuprat", "..\ChromeShaderToyMetatunnelByDuprat\ChromeShaderToyMetatunnelByDuprat\ChromeShaderToyMetatunnelByDuprat.csproj", "{BEFD528D-5580-446D-94F4-61BC425A934C}"
EndProject
Project("{FAE04EC0-301F-11D3-BF4B-00C04F79EFBC}") = "ChromeShaderToyMorningCityByDevin", "..\ChromeShaderToyMorningCityByDevin\ChromeShaderToyMorningCityByDevin\ChromeShaderToyMorningCityByDevin.csproj", "{F70DC7CD-4C1E-4EF5-8107-CF91A97E5EAE}"
EndProject
Project("{FAE04EC0-301F-11D3-BF4B-00C04F79EFBC}") = "ChromeShaderToyMountainsByHoskins", "..\ChromeShaderToyMountainsByHoskins\ChromeShaderToyMountainsByHoskins\ChromeShaderToyMountainsByHoskins.csproj", "{F3442623-D462-4C4D-A043-9BD924FDC739}"
EndProject
Project("{FAE04EC0-301F-11D3-BF4B-00C04F79EFBC}") = "ChromeShaderToyOblivionByNimitz", "..\ChromeShaderToyOblivionByNimitz\ChromeShaderToyOblivionByNimitz\ChromeShaderToyOblivionByNimitz.csproj", "{2D0C3AEC-4947-4AD5-B678-0B7665055E7C}"
EndProject
Project("{FAE04EC0-301F-11D3-BF4B-00C04F79EFBC}") = "ChromeShaderToyPigsRunningByGaz", "..\ChromeShaderToyPigsRunningByGaz\ChromeShaderToyPigsRunningByGaz\ChromeShaderToyPigsRunningByGaz.csproj", "{8B7605DE-F114-4C86-ACBB-0567EF52E96B}"
EndProject
Project("{FAE04EC0-301F-11D3-BF4B-00C04F79EFBC}") = "ChromeShaderToyPortalByHLorenzi", "..\ChromeShaderToyPortalByHLorenzi\ChromeShaderToyPortalByHLorenzi\ChromeShaderToyPortalByHLorenzi.csproj", "{54157E1B-627E-40D1-A66E-D996CFA16E4A}"
EndProject
Project("{FAE04EC0-301F-11D3-BF4B-00C04F79EFBC}") = "ChromeShaderToyPortalTurretByMattz", "..\ChromeShaderToyPortalTurretByMattz\ChromeShaderToyPortalTurretByMattz\ChromeShaderToyPortalTurretByMattz.csproj", "{D061AEBD-2973-460B-A0A7-7D8E80A77944}"
EndProject
Project("{FAE04EC0-301F-11D3-BF4B-00C04F79EFBC}") = "ChromeShaderToyPrimitivesByQuilez", "..\ChromeShaderToyPrimitivesByQuilez\ChromeShaderToyPrimitivesByQuilez\ChromeShaderToyPrimitivesByQuilez.csproj", "{612D8607-EC0A-4FC7-858A-D2924CB06110}"
EndProject
Project("{FAE04EC0-301F-11D3-BF4B-00C04F79EFBC}") = "ChromeShaderToyRaymarchByElias", "..\ChromeShaderToyRaymarchByElias\ChromeShaderToyRaymarchByElias\ChromeShaderToyRaymarchByElias.csproj", "{6749CC87-222E-44ED-923A-EE6D295A895B}"
EndProject
Project("{FAE04EC0-301F-11D3-BF4B-00C04F79EFBC}") = "ChromeShaderToyRecogniserByFizzer", "..\ChromeShaderToyRecogniserByFizzer\ChromeShaderToyRecogniserByFizzer\ChromeShaderToyRecogniserByFizzer.csproj", "{D529F832-1CD4-4145-850C-389AFD648E0D}"
EndProject
Project("{FAE04EC0-301F-11D3-BF4B-00C04F79EFBC}") = "ChromeShaderToyRefractionByHLorenzi", "..\ChromeShaderToyRefractionByHLorenzi\ChromeShaderToyRefractionByHLorenzi\ChromeShaderToyRefractionByHLorenzi.csproj", "{3A351144-D5D2-43B4-8D23-CDE97E75E71C}"
EndProject
Project("{FAE04EC0-301F-11D3-BF4B-00C04F79EFBC}") = "ChromeShaderToyRotatingByGa2arch", "..\ChromeShaderToyRotatingByGa2arch\ChromeShaderToyRotatingByGa2arch\ChromeShaderToyRotatingByGa2arch.csproj", "{AB45DBA4-EB7A-453E-9D41-C9B9FE3C8C72}"
EndProject
Project("{FAE04EC0-301F-11D3-BF4B-00C04F79EFBC}") = "ChromeShaderToySeascapeByTDM", "..\ChromeShaderToySeascapeByTDM\ChromeShaderToySeascapeByTDM\ChromeShaderToySeascapeByTDM.csproj", "{637D133F-4975-4BF2-9ECF-364E8E569BF9}"
EndProject
Project("{FAE04EC0-301F-11D3-BF4B-00C04F79EFBC}") = "ChromeShaderToySphereAndWalls", "..\ChromeShaderToySphereAndWalls\ChromeShaderToySphereAndWalls\ChromeShaderToySphereAndWalls.csproj", "{D4FD6C9B-1FDD-4628-B179-846926D0A840}"
EndProject
Project("{FAE04EC0-301F-11D3-BF4B-00C04F79EFBC}") = "ChromeShaderToySpitfirePursuitByDr2", "..\ChromeShaderToySpitfirePursuitByDr2\ChromeShaderToySpitfirePursuitByDr2\ChromeShaderToySpitfirePursuitByDr2.csproj", "{D4FA0713-6E72-4589-BDBF-68F79ED276F3}"
EndProject
Project("{FAE04EC0-301F-11D3-BF4B-00C04F79EFBC}") = "ChromeShaderToyTexturedEllipsoidsByFabrice", "..\ChromeShaderToyTexturedEllipsoidsByFabrice\ChromeShaderToyTexturedEllipsoidsByFabrice\ChromeShaderToyTexturedEllipsoidsByFabrice.csproj", "{23C1DFE3-F348-45AB-BFF7-25530A7F5701}"
EndProject
Project("{FAE04EC0-301F-11D3-BF4B-00C04F79EFBC}") = "ChromeShaderToyTokyoByReinder", "..\ChromeShaderToyTokyoByReinder\ChromeShaderToyTokyoByReinder\ChromeShaderToyTokyoByReinder.csproj", "{C536BDD9-DB49-4EA5-BA54-AEE1AFCFB449}"
EndProject
Project("{FAE04EC0-301F-11D3-BF4B-00C04F79EFBC}") = "ChromeShaderToyTrainByDr2", "..\ChromeShaderToyTrainByDr2\ChromeShaderToyTrainByDr2\ChromeShaderToyTrainByDr2.csproj", "{B8E40422-4BE7-4B83-98C2-F6484FAA2F79}"
EndProject
Project("{FAE04EC0-301F-11D3-BF4B-00C04F79EFBC}") = "ChromeShaderToyTrainRideByDr2", "..\ChromeShaderToyTrainRideByDr2\ChromeShaderToyTrainRideByDr2\ChromeShaderToyTrainRideByDr2.csproj", "{6019F7F4-83F7-41D3-A50D-0139C5F697FF}"
EndProject
Project("{FAE04EC0-301F-11D3-BF4B-00C04F79EFBC}") = "ChromeShaderToyRelentlessBySrtuss", "..\ChromeShaderToyRelentlessBySrtuss\ChromeShaderToyRelentlessBySrtuss\ChromeShaderToyRelentlessBySrtuss.csproj", "{91BC0D94-1E92-436D-9147-92E42E560A76}"
EndProject
Project("{FAE04EC0-301F-11D3-BF4B-00C04F79EFBC}") = "ChromeShaderToyWolfensteinByReinder", "..\ChromeShaderToyWolfensteinByReinder\ChromeShaderToyWolfensteinByReinder\ChromeShaderToyWolfensteinByReinder.csproj", "{E7C90B88-3C6E-479E-A32C-49FAB8DB76D2}"
EndProject
Project("{FAE04EC0-301F-11D3-BF4B-00C04F79EFBC}") = "ChromeShaderToyDoomE1M1ByPMalin", "..\ChromeShaderToyDoomE1M1ByPMalin\ChromeShaderToyDoomE1M1ByPMalin\ChromeShaderToyDoomE1M1ByPMalin.csproj", "{0470FA25-E610-4CE9-B572-5723AD57FB57}"
EndProject
Project("{2150E333-8FDC-42A3-9474-1A3956D46DE8}") = "d", "d", "{40B1BBCF-3247-4F8C-81B7-27925E191EBA}"
EndProject
Project("{2150E333-8FDC-42A3-9474-1A3956D46DE8}") = "c", "c", "{E52AEDA5-00B9-4FA3-AC2D-6A13A92ED282}"
EndProject
Project("{2150E333-8FDC-42A3-9474-1A3956D46DE8}") = "r", "r", "{2F943790-A418-4BA8-8D01-D9FE5BE39A1E}"
EndProject
Project("{2150E333-8FDC-42A3-9474-1A3956D46DE8}") = "p", "p", "{F938B933-5FAD-41D4-8813-7F51CEFF1B8E}"
EndProject
Project("{2150E333-8FDC-42A3-9474-1A3956D46DE8}") = "m", "m", "{A51F8D8D-236B-4EC4-9BB3-745BB19F6404}"
EndProject
Project("{2150E333-8FDC-42A3-9474-1A3956D46DE8}") = "t", "t", "{6B99A4F6-D079-4F85-82EF-B462C36F92A0}"
EndProject
Project("{2150E333-8FDC-42A3-9474-1A3956D46DE8}") = "s", "s", "{6FFB21C5-17AB-4499-948A-AA2F6B43C352}"
EndProject
Project("{2150E333-8FDC-42A3-9474-1A3956D46DE8}") = "e", "e", "{D5965CD1-F0B9-4821-943C-C1078CBD0503}"
EndProject
Project("{2150E333-8FDC-42A3-9474-1A3956D46DE8}") = "f", "f", "{5ADD4CE9-E26C-47C7-BFAA-6F63ED11CF48}"
EndProject
Project("{FAE04EC0-301F-11D3-BF4B-00C04F79EFBC}") = "ChromeShaderToyFireballByGreen", "..\ChromeShaderToyFireballByGreen\ChromeShaderToyFireballByGreen\ChromeShaderToyFireballByGreen.csproj", "{865C0952-047D-4193-8664-3422E30FD331}"
EndProject
Project("{FAE04EC0-301F-11D3-BF4B-00C04F79EFBC}") = "ChromeShaderToyTextCandyByCPU", "..\ChromeShaderToyTextCandyByCPU\ChromeShaderToyTextCandyByCPU\ChromeShaderToyTextCandyByCPU.csproj", "{E90A39DD-A78E-4516-853B-17FAF992816C}"
EndProject
Project("{FAE04EC0-301F-11D3-BF4B-00C04F79EFBC}") = "ChromeShaderToyMotionBlurByKig", "..\ChromeShaderToyMotionBlurByKig\ChromeShaderToyMotionBlurByKig\ChromeShaderToyMotionBlurByKig.csproj", "{C4C04CA9-0178-43C6-98A7-057DC59C8B26}"
EndProject
Project("{2150E333-8FDC-42A3-9474-1A3956D46DE8}") = "w", "w", "{FA62781B-51A5-41ED-B127-84FE09612415}"
EndProject
Project("{FAE04EC0-301F-11D3-BF4B-00C04F79EFBC}") = "ChromeShaderToyWetStoneByTDM", "..\ChromeShaderToyWetStoneByTDM\ChromeShaderToyWetStoneByTDM\ChromeShaderToyWetStoneByTDM.csproj", "{B40B0232-287B-4489-B023-D8F2A496A691}"
EndProject
Project("{FAE04EC0-301F-11D3-BF4B-00C04F79EFBC}") = "ChromeShaderToyMinecraftBlocksByReinder", "..\ChromeShaderToyMinecraftBlocksByReinder\ChromeShaderToyMinecraftBlocksByReinder\ChromeShaderToyMinecraftBlocksByReinder.csproj", "{88362EB1-E7BB-4D79-A227-CABDC19E5654}"
EndProject
Project("{FAE04EC0-301F-11D3-BF4B-00C04F79EFBC}") = "ChromeShaderToySandDunesByBoinx", "..\ChromeShaderToySandDunesByBoinx\ChromeShaderToySandDunesByBoinx\ChromeShaderToySandDunesByBoinx.csproj", "{6FBBB6D2-E4DC-4B36-89EA-55FE585B08CA}"
EndProject
Project("{2150E333-8FDC-42A3-9474-1A3956D46DE8}") = "a", "a", "{E0547BB3-87F8-4BBC-84A9-9D74966B57AE}"
EndProject
Project("{2150E333-8FDC-42A3-9474-1A3956D46DE8}") = "b", "b", "{B70565E5-CC3D-4084-A7D2-06CB8A079B2B}"
EndProject
Project("{FAE04EC0-301F-11D3-BF4B-00C04F79EFBC}") = "ChromeShaderToyBenderByIq", "..\ChromeShaderToyBenderByIq\ChromeShaderToyBenderByIq\ChromeShaderToyBenderByIq.csproj", "{2174EEA7-9777-4F20-B648-FD3458371D2C}"
EndProject
Project("{FAE04EC0-301F-11D3-BF4B-00C04F79EFBC}") = "ChromeShaderToyShadyBuildingByZtri", "..\ChromeShaderToyShadyBuildingByZtri\ChromeShaderToyShadyBuildingByZtri\ChromeShaderToyShadyBuildingByZtri.csproj", "{1619BAF4-7B2E-44D4-9F84-1F6ABAD3FE82}"
EndProject
Project("{FAE04EC0-301F-11D3-BF4B-00C04F79EFBC}") = "ChromeShaderToySpaceRaceByKali", "..\ChromeShaderToySpaceRaceByKali\ChromeShaderToySpaceRaceByKali\ChromeShaderToySpaceRaceByKali.csproj", "{35D5A35B-EB7D-49B1-AB13-02951A385A28}"
EndProject
Project("{FAE04EC0-301F-11D3-BF4B-00C04F79EFBC}") = "ChromeShaderToyDalekByAntonalog", "..\ChromeShaderToyDalekByAntonalog\ChromeShaderToyDalekByAntonalog\ChromeShaderToyDalekByAntonalog.csproj", "{66DDA0A3-CC48-481B-B80B-A8B5E42B0343}"
EndProject
Project("{FAE04EC0-301F-11D3-BF4B-00C04F79EFBC}") = "ChromeShaderToySymmetricOriginsByGood", "..\ChromeShaderToySymmetricOriginsByGood\ChromeShaderToySymmetricOriginsByGood\ChromeShaderToySymmetricOriginsByGood.csproj", "{CE06AF68-9B57-48F3-9751-82791552C9B9}"
EndProject
Project("{FAE04EC0-301F-11D3-BF4B-00C04F79EFBC}") = "ChromeShaderToyChainsGearsByPMalin", "..\ChromeShaderToyChainsGearsByPMalin\ChromeShaderToyChainsGearsByPMalin\ChromeShaderToyChainsGearsByPMalin.csproj", "{232F7F07-417E-4F15-8DF6-897DE591258C}"
EndProject
Project("{FAE04EC0-301F-11D3-BF4B-00C04F79EFBC}") = "ChromeShaderToySadRobotByGreen", "..\ChromeShaderToySadRobotByGreen\ChromeShaderToySadRobotByGreen\ChromeShaderToySadRobotByGreen.csproj", "{3DFDDB08-D898-4FB0-A3CF-E49ACA548EE6}"
EndProject
Project("{FAE04EC0-301F-11D3-BF4B-00C04F79EFBC}") = "ChromeShaderToyRacingGameByEiffie", "..\ChromeShaderToyRacingGameByEiffie\ChromeShaderToyRacingGameByEiffie\ChromeShaderToyRacingGameByEiffie.csproj", "{66F4B51C-44AA-4CE1-9401-3B88D776B4D9}"
EndProject
Project("{FAE04EC0-301F-11D3-BF4B-00C04F79EFBC}") = "ChromeShaderToyAnalyticalMotionblurByIq", "..\ChromeShaderToyAnalyticalMotionblurByIq\ChromeShaderToyAnalyticalMotionblurByIq\ChromeShaderToyAnalyticalMotionblurByIq.csproj", "{291C709A-D650-421A-8EFC-A5CB9E5D2D35}"
EndProject
Project("{FAE04EC0-301F-11D3-BF4B-00C04F79EFBC}") = "ChromeShaderToyRollingBallByHoskins", "..\ChromeShaderToyRollingBallByHoskins\ChromeShaderToyRollingBallByHoskins\ChromeShaderToyRollingBallByHoskins.csproj", "{3C2FA71B-9579-46A8-8DBE-88B9F4371972}"
EndProject
Project("{2150E333-8FDC-42A3-9474-1A3956D46DE8}") = "o", "o", "{57FF136E-E3D9-4403-907A-DC57E1658181}"
EndProject
Project("{FAE04EC0-301F-11D3-BF4B-00C04F79EFBC}") = "ChromeShaderToyOnOffSpikesByMovAX13h", "..\ChromeShaderToyOnOffSpikesByMovAX13h\ChromeShaderToyOnOffSpikesByMovAX13h\ChromeShaderToyOnOffSpikesByMovAX13h.csproj", "{396F0FED-78BB-4E3C-8168-909A39D5C327}"
EndProject
Project("{FAE04EC0-301F-11D3-BF4B-00C04F79EFBC}") = "ChromeShaderToySomewhere1993ByNimitz", "..\ChromeShaderToySomewhere1993ByNimitz\ChromeShaderToySomewhere1993ByNimitz\ChromeShaderToySomewhere1993ByNimitz.csproj", "{3380346F-D6CD-4A5E-A4D7-6ACDEBA6C6AF}"
EndProject
Project("{2150E333-8FDC-42A3-9474-1A3956D46DE8}") = "k", "k", "{FE8189C5-7C8E-4639-924B-9FFD666DEB9B}"
EndProject
Project("{FAE04EC0-301F-11D3-BF4B-00C04F79EFBC}") = "ChromeShaderToyPangramByHoskins", "..\ChromeShaderToyPangramByHoskins\ChromeShaderToyPangramByHoskins\ChromeShaderToyPangramByHoskins.csproj", "{CD07C5C4-844B-4080-BFD8-77DC74782760}"
EndProject
Project("{FAE04EC0-301F-11D3-BF4B-00C04F79EFBC}") = "ChromeShaderToyFastEdgeDetectionByNimitz", "..\ChromeShaderToyFastEdgeDetectionByNimitz\ChromeShaderToyFastEdgeDetectionByNimitz\ChromeShaderToyFastEdgeDetectionByNimitz.csproj", "{8E5C4276-6BF2-4B97-B6F5-EB32A57CC88D}"
EndProject
Project("{FAE04EC0-301F-11D3-BF4B-00C04F79EFBC}") = "ChromeShaderToyAndroidsByGreen", "..\ChromeShaderToyAndroidsByGreen\ChromeShaderToyAndroidsByGreen\ChromeShaderToyAndroidsByGreen.csproj", "{A516313C-DB16-4276-99D0-FAF63BE12A52}"
EndProject
Project("{2150E333-8FDC-42A3-9474-1A3956D46DE8}") = "h", "h", "{31DF767D-F7BB-4F0D-A4AB-B6175FAC23CD}"
EndProject
Project("{FAE04EC0-301F-11D3-BF4B-00C04F79EFBC}") = "ChromeShaderToyHardEdgeShadowByGltracy", "..\ChromeShaderToyHardEdgeShadowByGltracy\ChromeShaderToyHardEdgeShadowByGltracy\ChromeShaderToyHardEdgeShadowByGltracy.csproj", "{60199C63-FBE9-4D56-949D-DABFEC5AD181}"
EndProject
Project("{FAE04EC0-301F-11D3-BF4B-00C04F79EFBC}") = "ChromeShaderToyPianoByIq", "..\ChromeShaderToyPianoByIq\ChromeShaderToyPianoByIq\ChromeShaderToyPianoByIq.csproj", "{143320BB-1240-46DE-ACA5-9747E099C362}"
EndProject
Project("{FAE04EC0-301F-11D3-BF4B-00C04F79EFBC}") = "ChromeShaderToyDigitalHeartByJoshp", "..\ChromeShaderToyDigitalHeartByJoshp\ChromeShaderToyDigitalHeartByJoshp\ChromeShaderToyDigitalHeartByJoshp.csproj", "{9EA6C615-7EA4-449B-9020-637F957148A1}"
EndProject
Project("{2150E333-8FDC-42A3-9474-1A3956D46DE8}") = "n", "n", "{8FA2CA7A-0674-44FF-AEB7-AB8E3F865859}"
EndProject
Project("{FAE04EC0-301F-11D3-BF4B-00C04F79EFBC}") = "ChromeShaderToyNeonParallaxByNimitz", "..\ChromeShaderToyNeonParallaxByNimitz\ChromeShaderToyNeonParallaxByNimitz\ChromeShaderToyNeonParallaxByNimitz.csproj", "{0A5C1BDB-3347-4446-94B2-15949B9438CB}"
EndProject
Project("{FAE04EC0-301F-11D3-BF4B-00C04F79EFBC}") = "ChromeShaderToySphereProjectionByIq", "..\ChromeShaderToySphereProjectionByIq\ChromeShaderToySphereProjectionByIq\ChromeShaderToySphereProjectionByIq.csproj", "{44719604-A316-42EE-B1CF-A55C375D3F97}"
EndProject
Project("{FAE04EC0-301F-11D3-BF4B-00C04F79EFBC}") = "ChromeShaderToyMarchingCubesByFizzer", "..\ChromeShaderToyMarchingCubesByFizzer\ChromeShaderToyMarchingCubesByFizzer\ChromeShaderToyMarchingCubesByFizzer.csproj", "{FC89B60D-6C9D-4E18-A467-EBE462A1820A}"
EndProject
Project("{FAE04EC0-301F-11D3-BF4B-00C04F79EFBC}") = "ChromeShaderToyCarcarspacecarByEiffie", "..\ChromeShaderToyCarcarspacecarByEiffie\ChromeShaderToyCarcarspacecarByEiffie\ChromeShaderToyCarcarspacecarByEiffie.csproj", "{47F52DD2-62DE-4ADD-8359-C82F42DC8C4D}"
EndProject
Project("{FAE04EC0-301F-11D3-BF4B-00C04F79EFBC}") = "ChromeShaderToyDepthByGreen", "..\ChromeShaderToyDepthByGreen\ChromeShaderToyDepthByGreen\ChromeShaderToyDepthByGreen.csproj", "{957A522A-7BB8-4828-9F1A-7F59FAF7EBCD}"
EndProject
Project("{FAE04EC0-301F-11D3-BF4B-00C04F79EFBC}") = "ChromeShaderToyRaymarchEdgeDetectionByHLorenzi", "..\ChromeShaderToyRaymarchEdgeDetectionByHLorenzi\ChromeShaderToyRaymarchEdgeDetectionByHLorenzi\ChromeShaderToyRaymarchEdgeDetectionByHLorenzi.csproj", "{804E738C-BC4E-48F3-B003-EE94E823EFC4}"
EndProject
Project("{2150E333-8FDC-42A3-9474-1A3956D46DE8}") = "l", "l", "{AB8C37B6-5D33-4E48-955A-D8D3934BB456}"
EndProject
Project("{FAE04EC0-301F-11D3-BF4B-00C04F79EFBC}") = "ChromeShaderToyLittleMonsterByHLorenzi", "..\ChromeShaderToyLittleMonsterByHLorenzi\ChromeShaderToyLittleMonsterByHLorenzi\ChromeShaderToyLittleMonsterByHLorenzi.csproj", "{D301CCB9-D406-4AFF-8643-7FA879E190B5}"
EndProject
Project("{FAE04EC0-301F-11D3-BF4B-00C04F79EFBC}") = "ChromeShaderToySeabirdsAtSunsetByDr2", "..\ChromeShaderToySeabirdsAtSunsetByDr2\ChromeShaderToySeabirdsAtSunsetByDr2\ChromeShaderToySeabirdsAtSunsetByDr2.csproj", "{F1AD4DFE-99D6-434E-80B3-622965EDE52D}"
EndProject
Project("{FAE04EC0-301F-11D3-BF4B-00C04F79EFBC}") = "ChromeShaderToyAlpsByHoskins", "..\ChromeShaderToyAlpsByHoskins\ChromeShaderToyAlpsByHoskins\ChromeShaderToyAlpsByHoskins.csproj", "{5C41CC39-E54F-448D-A770-04F6E3E33FDE}"
EndProject
Project("{FAE04EC0-301F-11D3-BF4B-00C04F79EFBC}") = "ChromeShaderToyNoiseDistributionsByHornet", "..\ChromeShaderToyNoiseDistributionsByHornet\ChromeShaderToyNoiseDistributionsByHornet\ChromeShaderToyNoiseDistributionsByHornet.csproj", "{FFFC6E32-ED36-479D-A1ED-9C315361EFF1}"
EndProject
Project("{FAE04EC0-301F-11D3-BF4B-00C04F79EFBC}") = "ChromeShaderToyAssBlockByDila", "..\ChromeShaderToyAssBlockByDila\ChromeShaderToyAssBlockByDila\ChromeShaderToyAssBlockByDila.csproj", "{55FF5C23-C75D-4284-A449-46B435FDAFF8}"
EndProject
Project("{FAE04EC0-301F-11D3-BF4B-00C04F79EFBC}") = "ChromeShaderToyOculusTestByDaeken", "..\ChromeShaderToyOculusTestByDaeken\ChromeShaderToyOculusTestByDaeken\ChromeShaderToyOculusTestByDaeken.csproj", "{AD9B8650-595D-4EF1-9F77-62CF0180898E}"
EndProject
Project("{FAE04EC0-301F-11D3-BF4B-00C04F79EFBC}") = "ChromeShaderToySubmarinePillars", "..\ChromeShaderToySubmarinePillars\ChromeShaderToySubmarinePillars\ChromeShaderToySubmarinePillars.csproj", "{202488B8-D491-4ADB-BCB2-A12FDB069519}"
EndProject
Project("{FAE04EC0-301F-11D3-BF4B-00C04F79EFBC}") = "ChromeShaderToyOcuLimboByDaeken", "..\ChromeShaderToyOcuLimboByDaeken\ChromeShaderToyOcuLimboByDaeken\ChromeShaderToyOcuLimboByDaeken.csproj", "{E28EBA2D-4136-4907-A650-E70D87E2CCA9}"
EndProject
Project("{FAE04EC0-301F-11D3-BF4B-00C04F79EFBC}") = "ChromeShaderToyRockyCoast", "..\ChromeShaderToyRockyCoast\ChromeShaderToyRockyCoast\ChromeShaderToyRockyCoast.csproj", "{34430AAB-AE5A-47C1-96EC-6F7784A17007}"
EndProject
Project("{2150E333-8FDC-42A3-9474-1A3956D46DE8}") = "q", "q", "{42288C03-756D-42ED-8CE1-C094BE89DF72}"
EndProject
Project("{FAE04EC0-301F-11D3-BF4B-00C04F79EFBC}") = "ChromeShaderToyQuadraticBezierByMattdesl", "..\ChromeShaderToyQuadraticBezierByMattdesl\ChromeShaderToyQuadraticBezierByMattdesl\ChromeShaderToyQuadraticBezierByMattdesl.csproj", "{34C9E1DC-DEFB-4BB0-B040-25EF787CAB23}"
EndProject
Project("{FAE04EC0-301F-11D3-BF4B-00C04F79EFBC}") = "ChromeShaderToyDancingViriiByEntropyNine", "..\ChromeShaderToyDancingViriiByEntropyNine\ChromeShaderToyDancingViriiByEntropyNine\ChromeShaderToyDancingViriiByEntropyNine.csproj", "{4D8A393B-9182-4117-B49C-3317893F13E2}"
EndProject
Project("{2150E333-8FDC-42A3-9474-1A3956D46DE8}") = "g", "g", "{9DA750F2-07C6-4F9F-BBDA-45CAA7720509}"
EndProject
Project("{FAE04EC0-301F-11D3-BF4B-00C04F79EFBC}") = "ChromeShaderToyGmetaballsByGermangb", "..\ChromeShaderToyGmetaballsByGermangb\ChromeShaderToyGmetaballsByGermangb\ChromeShaderToyGmetaballsByGermangb.csproj", "{7A108A21-0B9C-4385-9B5D-A2372A707ECC}"
EndProject
Project("{FAE04EC0-301F-11D3-BF4B-00C04F79EFBC}") = "ChromeShaderToyRotatePyramidByGyabo", "..\ChromeShaderToyRotatePyramidByGyabo\ChromeShaderToyRotatePyramidByGyabo\ChromeShaderToyRotatePyramidByGyabo.csproj", "{199E3BC7-B345-46B0-B9D9-F18BFD699198}"
EndProject
Project("{FAE04EC0-301F-11D3-BF4B-00C04F79EFBC}") = "ChromeShaderToyPyramidsByAvix", "..\ChromeShaderToyPyramidsByAvix\ChromeShaderToyPyramidsByAvix\ChromeShaderToyPyramidsByAvix.csproj", "{A3F1ABF8-F3E2-4F48-8399-11DA0794A66A}"
EndProject
Project("{2150E333-8FDC-42A3-9474-1A3956D46DE8}") = "i", "i", "{8442C1DC-6AF5-4FDD-8E33-9DDB0070CC66}"
EndProject
Project("{FAE04EC0-301F-11D3-BF4B-00C04F79EFBC}") = "ChromeShaderToyInfiniteRepetitionBySsdsa", "..\ChromeShaderToyInfiniteRepetitionBySsdsa\ChromeShaderToyInfiniteRepetitionBySsdsa\ChromeShaderToyInfiniteRepetitionBySsdsa.csproj", "{7E2E2EB0-D1B1-4006-A7D5-F99AD2F1E03F}"
EndProject
Project("{FAE04EC0-301F-11D3-BF4B-00C04F79EFBC}") = "ChromeShaderToyRayFogByDemofox", "..\ChromeShaderToyRayFogByDemofox\ChromeShaderToyRayFogByDemofox\ChromeShaderToyRayFogByDemofox.csproj", "{B61B3103-58D8-4A38-BE5A-E8EA7E280158}"
EndProject
Project("{FAE04EC0-301F-11D3-BF4B-00C04F79EFBC}") = "ChromeShaderToyPlasmaTriangleByElusivePete", "..\ChromeShaderToyPlasmaTriangleByElusivePete\ChromeShaderToyPlasmaTriangleByElusivePete\ChromeShaderToyPlasmaTriangleByElusivePete.csproj", "{863E0818-E3C3-4A1B-996B-EAD7F4EBEAAC}"
EndProject
Project("{FAE04EC0-301F-11D3-BF4B-00C04F79EFBC}") = "ChromeShaderToyPolygonalTerrainByFizzer", "..\ChromeShaderToyPolygonalTerrainByFizzer\ChromeShaderToyPolygonalTerrainByFizzer\ChromeShaderToyPolygonalTerrainByFizzer.csproj", "{2A224052-E9E9-4B58-9557-14476610A1B0}"
EndProject
Project("{FAE04EC0-301F-11D3-BF4B-00C04F79EFBC}") = "ChromeShaderToyTriangleDistanceByIq", "..\ChromeShaderToyTriangleDistanceByIq\ChromeShaderToyTriangleDistanceByIq\ChromeShaderToyTriangleDistanceByIq.csproj", "{4A89BCC6-5BF8-4003-B5DE-300CE394F114}"
EndProject
Project("{FAE04EC0-301F-11D3-BF4B-00C04F79EFBC}") = "ChromeShaderToyOcclusionClippingByIq", "..\ChromeShaderToyOcclusionClippingByIq\ChromeShaderToyOcclusionClippingByIq\ChromeShaderToyOcclusionClippingByIq.csproj", "{783067D8-20F1-4C79-9DE1-46314F46ED59}"
EndProject
Project("{FAE04EC0-301F-11D3-BF4B-00C04F79EFBC}") = "ChromeShaderToyGlassPolyhedronByNrx", "..\ChromeShaderToyGlassPolyhedronByNrx\ChromeShaderToyGlassPolyhedronByNrx\ChromeShaderToyGlassPolyhedronByNrx.csproj", "{E1BFEF4E-AE76-4A7D-A891-4B20DC9F28C0}"
EndProject
Project("{FAE04EC0-301F-11D3-BF4B-00C04F79EFBC}") = "ChromeShaderToyDiamondsForeverByNrx", "..\ChromeShaderToyDiamondsForeverByNrx\ChromeShaderToyDiamondsForeverByNrx\ChromeShaderToyDiamondsForeverByNrx.csproj", "{393E7154-C274-48A9-92A2-6BB1B006DE26}"
EndProject
Project("{FAE04EC0-301F-11D3-BF4B-00C04F79EFBC}") = "ChromeShaderToyLavaDripByFabrice", "..\ChromeShaderToyLavaDripByFabrice\ChromeShaderToyLavaDripByFabrice\ChromeShaderToyLavaDripByFabrice.csproj", "{831535CE-8362-4ACE-836E-DF6F67CA27E7}"
EndProject
Project("{FAE04EC0-301F-11D3-BF4B-00C04F79EFBC}") = "ChromeShaderToyFrozenCrytekLogo", "..\ChromeShaderToyFrozenCrytekLogo\ChromeShaderToyFrozenCrytekLogo\ChromeShaderToyFrozenCrytekLogo.csproj", "{2293977F-FBE5-4ADF-9AD9-0C50F66827DE}"
EndProject
Project("{FAE04EC0-301F-11D3-BF4B-00C04F79EFBC}") = "ChromeShaderToyFrostedTorusByPwd", "..\ChromeShaderToyFrostedTorusByPwd\ChromeShaderToyFrostedTorusByPwd\ChromeShaderToyFrostedTorusByPwd.csproj", "{F03B6284-C743-49CB-AC15-BD9DCBBCD9D2}"
EndProject
Project("{FAE04EC0-301F-11D3-BF4B-00C04F79EFBC}") = "ChromeShaderToyCookTorranceByXbe", "..\ChromeShaderToyCookTorranceByXbe\ChromeShaderToyCookTorranceByXbe\ChromeShaderToyCookTorranceByXbe.csproj", "{559BE153-DB25-47F9-AE68-5F0654CF8DB1}"
EndProject
Project("{FAE04EC0-301F-11D3-BF4B-00C04F79EFBC}") = "ChromeShaderToyRefractiveSpheresByKig", "..\ChromeShaderToyRefractiveSpheresByKig\ChromeShaderToyRefractiveSpheresByKig\ChromeShaderToyRefractiveSpheresByKig.csproj", "{BDA00611-43D6-4C72-8C58-3699C52D59F8}"
EndProject
Project("{FAE04EC0-301F-11D3-BF4B-00C04F79EFBC}") = "ChromeShaderToyLightThornByVlad", "..\ChromeShaderToyLightThornByVlad\ChromeShaderToyLightThornByVlad\ChromeShaderToyLightThornByVlad.csproj", "{411B80AA-1B70-4DFE-B174-21A7F2A3699F}"
EndProject
Project("{FAE04EC0-301F-11D3-BF4B-00C04F79EFBC}") = "ChromeShaderToyEdgeAAByTrisomie", "..\ChromeShaderToyEdgeAAByTrisomie\ChromeShaderToyEdgeAAByTrisomie\ChromeShaderToyEdgeAAByTrisomie.csproj", "{E11C81F0-70C4-4FCB-9898-2AC1E6581B30}"
EndProject
Project("{FAE04EC0-301F-11D3-BF4B-00C04F79EFBC}") = "ChromeShaderToyCCLatticesByPaniq", "..\ChromeShaderToyCCLatticesByPaniq\ChromeShaderToyCCLatticesByPaniq\ChromeShaderToyCCLatticesByPaniq.csproj", "{044BCA80-B3C7-46AC-912C-EE63D4E8BDA0}"
EndProject
Project("{FAE04EC0-301F-11D3-BF4B-00C04F79EFBC}") = "ChromeShaderToyMorphingTeapotByIapafoto", "..\ChromeShaderToyMorphingTeapotByIapafoto\ChromeShaderToyMorphingTeapotByIapafoto\ChromeShaderToyMorphingTeapotByIapafoto.csproj", "{E3D489D6-633E-42D3-AE29-9E08ECCE22AF}"
EndProject
Project("{FAE04EC0-301F-11D3-BF4B-00C04F79EFBC}") = "ChromeShaderToySimpleLoadingScreenByNdel", "..\ChromeShaderToySimpleLoadingScreenByNdel\ChromeShaderToySimpleLoadingScreenByNdel\ChromeShaderToySimpleLoadingScreenByNdel.csproj", "{2503CEE7-2941-4C82-9014-9DD7570C4C23}"
EndProject
Project("{FAE04EC0-301F-11D3-BF4B-00C04F79EFBC}") = "ChromeShaderToyHolographicByTdm", "..\ChromeShaderToyHolographicByTdm\ChromeShaderToyHolographicByTdm\ChromeShaderToyHolographicByTdm.csproj", "{B51DBBF6-44B8-4829-8499-ED47E2019F03}"
EndProject
Project("{FAE04EC0-301F-11D3-BF4B-00C04F79EFBC}") = "ChromeShaderToyRavingErnieByBero", "..\ChromeShaderToyRavingErnieByBero\ChromeShaderToyRavingErnieByBero\ChromeShaderToyRavingErnieByBero.csproj", "{98590D76-8906-4196-9C60-28C2A32C76B7}"
EndProject
Project("{FAE04EC0-301F-11D3-BF4B-00C04F79EFBC}") = "ChromeShaderToyFireCounterByFabrice", "..\ChromeShaderToyFireCounterByFabrice\ChromeShaderToyFireCounterByFabrice\ChromeShaderToyFireCounterByFabrice.csproj", "{28668F5F-68AF-4BC7-AF2D-076695BEEAB9}"
EndProject
Project("{FAE04EC0-301F-11D3-BF4B-00C04F79EFBC}") = "ChromeShaderToyWireframeByYasuo", "..\ChromeShaderToyWireframeByYasuo\ChromeShaderToyWireframeByYasuo\ChromeShaderToyWireframeByYasuo.csproj", "{6902CB16-5145-4CEF-9587-70103B3BD657}"
EndProject
Global
	GlobalSection(SolutionConfigurationPlatforms) = preSolution
		Debug|x86 = Debug|x86
		Release|x86 = Release|x86
	EndGlobalSection
	GlobalSection(ProjectConfigurationPlatforms) = postSolution
		{426A9419-9287-4880-979F-29F29D3F2A22}.Debug|x86.ActiveCfg = Debug|x86
		{426A9419-9287-4880-979F-29F29D3F2A22}.Debug|x86.Build.0 = Debug|x86
		{426A9419-9287-4880-979F-29F29D3F2A22}.Release|x86.ActiveCfg = Release|x86
		{426A9419-9287-4880-979F-29F29D3F2A22}.Release|x86.Build.0 = Release|x86
		{EB93B081-4EDC-41A2-85B3-0487062617CC}.Debug|x86.ActiveCfg = Debug|x86
		{EB93B081-4EDC-41A2-85B3-0487062617CC}.Debug|x86.Build.0 = Debug|x86
		{EB93B081-4EDC-41A2-85B3-0487062617CC}.Release|x86.ActiveCfg = Release|x86
		{EB93B081-4EDC-41A2-85B3-0487062617CC}.Release|x86.Build.0 = Release|x86
		{2B24D939-1965-4778-B3A1-DD1689C8D243}.Debug|x86.ActiveCfg = Debug|x86
		{2B24D939-1965-4778-B3A1-DD1689C8D243}.Debug|x86.Build.0 = Debug|x86
		{2B24D939-1965-4778-B3A1-DD1689C8D243}.Release|x86.ActiveCfg = Release|x86
		{2B24D939-1965-4778-B3A1-DD1689C8D243}.Release|x86.Build.0 = Release|x86
		{6549676F-7D04-49C4-B2F5-23AC901D4EB3}.Debug|x86.ActiveCfg = Debug|x86
		{6549676F-7D04-49C4-B2F5-23AC901D4EB3}.Debug|x86.Build.0 = Debug|x86
		{6549676F-7D04-49C4-B2F5-23AC901D4EB3}.Release|x86.ActiveCfg = Release|x86
		{6549676F-7D04-49C4-B2F5-23AC901D4EB3}.Release|x86.Build.0 = Release|x86
		{E9C0AA1F-D561-4C6E-B1ED-9437D7B9B3B3}.Debug|x86.ActiveCfg = Debug|x86
		{E9C0AA1F-D561-4C6E-B1ED-9437D7B9B3B3}.Debug|x86.Build.0 = Debug|x86
		{E9C0AA1F-D561-4C6E-B1ED-9437D7B9B3B3}.Release|x86.ActiveCfg = Release|x86
		{E9C0AA1F-D561-4C6E-B1ED-9437D7B9B3B3}.Release|x86.Build.0 = Release|x86
		{B4A8FFEA-433E-4629-9F28-379C3BC9AFEF}.Debug|x86.ActiveCfg = Debug|x86
		{B4A8FFEA-433E-4629-9F28-379C3BC9AFEF}.Debug|x86.Build.0 = Debug|x86
		{B4A8FFEA-433E-4629-9F28-379C3BC9AFEF}.Release|x86.ActiveCfg = Release|x86
		{B4A8FFEA-433E-4629-9F28-379C3BC9AFEF}.Release|x86.Build.0 = Release|x86
		{ACEB89F6-34E7-48C6-9B86-A12C6D37BA51}.Debug|x86.ActiveCfg = Debug|x86
		{ACEB89F6-34E7-48C6-9B86-A12C6D37BA51}.Debug|x86.Build.0 = Debug|x86
		{ACEB89F6-34E7-48C6-9B86-A12C6D37BA51}.Release|x86.ActiveCfg = Release|x86
		{ACEB89F6-34E7-48C6-9B86-A12C6D37BA51}.Release|x86.Build.0 = Release|x86
		{689D3BC0-5D54-44C1-B057-9D161C7C0426}.Debug|x86.ActiveCfg = Debug|x86
		{689D3BC0-5D54-44C1-B057-9D161C7C0426}.Debug|x86.Build.0 = Debug|x86
		{689D3BC0-5D54-44C1-B057-9D161C7C0426}.Release|x86.ActiveCfg = Release|x86
		{689D3BC0-5D54-44C1-B057-9D161C7C0426}.Release|x86.Build.0 = Release|x86
		{0D8FDB01-1EDC-4EEA-8F0D-3B8172AC73BF}.Debug|x86.ActiveCfg = Debug|x86
		{0D8FDB01-1EDC-4EEA-8F0D-3B8172AC73BF}.Debug|x86.Build.0 = Debug|x86
		{0D8FDB01-1EDC-4EEA-8F0D-3B8172AC73BF}.Release|x86.ActiveCfg = Release|x86
		{0D8FDB01-1EDC-4EEA-8F0D-3B8172AC73BF}.Release|x86.Build.0 = Release|x86
		{D9777746-7E32-4C93-B503-3D74EAB67DE3}.Debug|x86.ActiveCfg = Debug|x86
		{D9777746-7E32-4C93-B503-3D74EAB67DE3}.Debug|x86.Build.0 = Debug|x86
		{D9777746-7E32-4C93-B503-3D74EAB67DE3}.Release|x86.ActiveCfg = Release|x86
		{D9777746-7E32-4C93-B503-3D74EAB67DE3}.Release|x86.Build.0 = Release|x86
		{D6AFCB80-4FB5-4B55-8E6C-926266BF2D85}.Debug|x86.ActiveCfg = Debug|x86
		{D6AFCB80-4FB5-4B55-8E6C-926266BF2D85}.Debug|x86.Build.0 = Debug|x86
		{D6AFCB80-4FB5-4B55-8E6C-926266BF2D85}.Release|x86.ActiveCfg = Release|x86
		{D6AFCB80-4FB5-4B55-8E6C-926266BF2D85}.Release|x86.Build.0 = Release|x86
		{6121DF06-A881-47F3-9BB2-97C38078A6D8}.Debug|x86.ActiveCfg = Debug|x86
		{6121DF06-A881-47F3-9BB2-97C38078A6D8}.Debug|x86.Build.0 = Debug|x86
		{6121DF06-A881-47F3-9BB2-97C38078A6D8}.Release|x86.ActiveCfg = Release|x86
		{6121DF06-A881-47F3-9BB2-97C38078A6D8}.Release|x86.Build.0 = Release|x86
		{16FF9244-EDEE-481E-A7B1-72F00399EDAF}.Debug|x86.ActiveCfg = Debug|x86
		{16FF9244-EDEE-481E-A7B1-72F00399EDAF}.Debug|x86.Build.0 = Debug|x86
		{16FF9244-EDEE-481E-A7B1-72F00399EDAF}.Release|x86.ActiveCfg = Release|x86
		{16FF9244-EDEE-481E-A7B1-72F00399EDAF}.Release|x86.Build.0 = Release|x86
		{CBE287FC-3905-47C3-BE2A-D63AA0138B32}.Debug|x86.ActiveCfg = Debug|x86
		{CBE287FC-3905-47C3-BE2A-D63AA0138B32}.Debug|x86.Build.0 = Debug|x86
		{CBE287FC-3905-47C3-BE2A-D63AA0138B32}.Release|x86.ActiveCfg = Release|x86
		{CBE287FC-3905-47C3-BE2A-D63AA0138B32}.Release|x86.Build.0 = Release|x86
		{C9C2746A-B3D7-4E35-B168-8EFB1189ABCE}.Debug|x86.ActiveCfg = Debug|x86
		{C9C2746A-B3D7-4E35-B168-8EFB1189ABCE}.Debug|x86.Build.0 = Debug|x86
		{C9C2746A-B3D7-4E35-B168-8EFB1189ABCE}.Release|x86.ActiveCfg = Release|x86
		{C9C2746A-B3D7-4E35-B168-8EFB1189ABCE}.Release|x86.Build.0 = Release|x86
		{5ADEDB0E-DDFB-4EE3-B535-06F0BDC0CDA7}.Debug|x86.ActiveCfg = Debug|x86
		{5ADEDB0E-DDFB-4EE3-B535-06F0BDC0CDA7}.Debug|x86.Build.0 = Debug|x86
		{5ADEDB0E-DDFB-4EE3-B535-06F0BDC0CDA7}.Release|x86.ActiveCfg = Release|x86
		{5ADEDB0E-DDFB-4EE3-B535-06F0BDC0CDA7}.Release|x86.Build.0 = Release|x86
		{F4B9F5DE-394C-4E09-A1D2-DA193230B9E3}.Debug|x86.ActiveCfg = Debug|x86
		{F4B9F5DE-394C-4E09-A1D2-DA193230B9E3}.Debug|x86.Build.0 = Debug|x86
		{F4B9F5DE-394C-4E09-A1D2-DA193230B9E3}.Release|x86.ActiveCfg = Release|x86
		{F4B9F5DE-394C-4E09-A1D2-DA193230B9E3}.Release|x86.Build.0 = Release|x86
		{03A867C7-264E-430E-B2C8-9F7FCEFA0667}.Debug|x86.ActiveCfg = Debug|x86
		{03A867C7-264E-430E-B2C8-9F7FCEFA0667}.Debug|x86.Build.0 = Debug|x86
		{03A867C7-264E-430E-B2C8-9F7FCEFA0667}.Release|x86.ActiveCfg = Release|x86
		{03A867C7-264E-430E-B2C8-9F7FCEFA0667}.Release|x86.Build.0 = Release|x86
		{431148FA-C0A9-4240-9380-655B10DE0C08}.Debug|x86.ActiveCfg = Debug|x86
		{431148FA-C0A9-4240-9380-655B10DE0C08}.Debug|x86.Build.0 = Debug|x86
		{431148FA-C0A9-4240-9380-655B10DE0C08}.Release|x86.ActiveCfg = Release|x86
		{431148FA-C0A9-4240-9380-655B10DE0C08}.Release|x86.Build.0 = Release|x86
		{08DD1523-824E-4BB3-B357-548EF16A870A}.Debug|x86.ActiveCfg = Debug|x86
		{08DD1523-824E-4BB3-B357-548EF16A870A}.Debug|x86.Build.0 = Debug|x86
		{08DD1523-824E-4BB3-B357-548EF16A870A}.Release|x86.ActiveCfg = Release|x86
		{08DD1523-824E-4BB3-B357-548EF16A870A}.Release|x86.Build.0 = Release|x86
		{7BAB9333-88DD-4994-BB02-12E9C389F89C}.Debug|x86.ActiveCfg = Debug|x86
		{7BAB9333-88DD-4994-BB02-12E9C389F89C}.Debug|x86.Build.0 = Debug|x86
		{7BAB9333-88DD-4994-BB02-12E9C389F89C}.Release|x86.ActiveCfg = Release|x86
		{7BAB9333-88DD-4994-BB02-12E9C389F89C}.Release|x86.Build.0 = Release|x86
		{B94FB215-63FE-4652-A13A-BA2B49D69F0C}.Debug|x86.ActiveCfg = Debug|x86
		{B94FB215-63FE-4652-A13A-BA2B49D69F0C}.Debug|x86.Build.0 = Debug|x86
		{B94FB215-63FE-4652-A13A-BA2B49D69F0C}.Release|x86.ActiveCfg = Release|x86
		{B94FB215-63FE-4652-A13A-BA2B49D69F0C}.Release|x86.Build.0 = Release|x86
		{A20C4A02-C9A4-4C16-BC97-A145F195A0D6}.Debug|x86.ActiveCfg = Debug|x86
		{A20C4A02-C9A4-4C16-BC97-A145F195A0D6}.Debug|x86.Build.0 = Debug|x86
		{A20C4A02-C9A4-4C16-BC97-A145F195A0D6}.Release|x86.ActiveCfg = Release|x86
		{A20C4A02-C9A4-4C16-BC97-A145F195A0D6}.Release|x86.Build.0 = Release|x86
		{3726E3E7-9E6F-4DDC-ABEE-ACA8E5032EED}.Debug|x86.ActiveCfg = Debug|x86
		{3726E3E7-9E6F-4DDC-ABEE-ACA8E5032EED}.Debug|x86.Build.0 = Debug|x86
		{3726E3E7-9E6F-4DDC-ABEE-ACA8E5032EED}.Release|x86.ActiveCfg = Release|x86
		{3726E3E7-9E6F-4DDC-ABEE-ACA8E5032EED}.Release|x86.Build.0 = Release|x86
		{BEFD528D-5580-446D-94F4-61BC425A934C}.Debug|x86.ActiveCfg = Debug|x86
		{BEFD528D-5580-446D-94F4-61BC425A934C}.Debug|x86.Build.0 = Debug|x86
		{BEFD528D-5580-446D-94F4-61BC425A934C}.Release|x86.ActiveCfg = Release|x86
		{BEFD528D-5580-446D-94F4-61BC425A934C}.Release|x86.Build.0 = Release|x86
		{F70DC7CD-4C1E-4EF5-8107-CF91A97E5EAE}.Debug|x86.ActiveCfg = Debug|x86
		{F70DC7CD-4C1E-4EF5-8107-CF91A97E5EAE}.Debug|x86.Build.0 = Debug|x86
		{F70DC7CD-4C1E-4EF5-8107-CF91A97E5EAE}.Release|x86.ActiveCfg = Release|x86
		{F70DC7CD-4C1E-4EF5-8107-CF91A97E5EAE}.Release|x86.Build.0 = Release|x86
		{F3442623-D462-4C4D-A043-9BD924FDC739}.Debug|x86.ActiveCfg = Debug|x86
		{F3442623-D462-4C4D-A043-9BD924FDC739}.Debug|x86.Build.0 = Debug|x86
		{F3442623-D462-4C4D-A043-9BD924FDC739}.Release|x86.ActiveCfg = Release|x86
		{F3442623-D462-4C4D-A043-9BD924FDC739}.Release|x86.Build.0 = Release|x86
		{2D0C3AEC-4947-4AD5-B678-0B7665055E7C}.Debug|x86.ActiveCfg = Debug|x86
		{2D0C3AEC-4947-4AD5-B678-0B7665055E7C}.Debug|x86.Build.0 = Debug|x86
		{2D0C3AEC-4947-4AD5-B678-0B7665055E7C}.Release|x86.ActiveCfg = Release|x86
		{2D0C3AEC-4947-4AD5-B678-0B7665055E7C}.Release|x86.Build.0 = Release|x86
		{8B7605DE-F114-4C86-ACBB-0567EF52E96B}.Debug|x86.ActiveCfg = Debug|x86
		{8B7605DE-F114-4C86-ACBB-0567EF52E96B}.Debug|x86.Build.0 = Debug|x86
		{8B7605DE-F114-4C86-ACBB-0567EF52E96B}.Release|x86.ActiveCfg = Release|x86
		{8B7605DE-F114-4C86-ACBB-0567EF52E96B}.Release|x86.Build.0 = Release|x86
		{54157E1B-627E-40D1-A66E-D996CFA16E4A}.Debug|x86.ActiveCfg = Debug|x86
		{54157E1B-627E-40D1-A66E-D996CFA16E4A}.Debug|x86.Build.0 = Debug|x86
		{54157E1B-627E-40D1-A66E-D996CFA16E4A}.Release|x86.ActiveCfg = Release|x86
		{54157E1B-627E-40D1-A66E-D996CFA16E4A}.Release|x86.Build.0 = Release|x86
		{D061AEBD-2973-460B-A0A7-7D8E80A77944}.Debug|x86.ActiveCfg = Debug|x86
		{D061AEBD-2973-460B-A0A7-7D8E80A77944}.Debug|x86.Build.0 = Debug|x86
		{D061AEBD-2973-460B-A0A7-7D8E80A77944}.Release|x86.ActiveCfg = Release|x86
		{D061AEBD-2973-460B-A0A7-7D8E80A77944}.Release|x86.Build.0 = Release|x86
		{612D8607-EC0A-4FC7-858A-D2924CB06110}.Debug|x86.ActiveCfg = Debug|x86
		{612D8607-EC0A-4FC7-858A-D2924CB06110}.Debug|x86.Build.0 = Debug|x86
		{612D8607-EC0A-4FC7-858A-D2924CB06110}.Release|x86.ActiveCfg = Release|x86
		{612D8607-EC0A-4FC7-858A-D2924CB06110}.Release|x86.Build.0 = Release|x86
		{6749CC87-222E-44ED-923A-EE6D295A895B}.Debug|x86.ActiveCfg = Debug|x86
		{6749CC87-222E-44ED-923A-EE6D295A895B}.Debug|x86.Build.0 = Debug|x86
		{6749CC87-222E-44ED-923A-EE6D295A895B}.Release|x86.ActiveCfg = Release|x86
		{6749CC87-222E-44ED-923A-EE6D295A895B}.Release|x86.Build.0 = Release|x86
		{D529F832-1CD4-4145-850C-389AFD648E0D}.Debug|x86.ActiveCfg = Debug|x86
		{D529F832-1CD4-4145-850C-389AFD648E0D}.Debug|x86.Build.0 = Debug|x86
		{D529F832-1CD4-4145-850C-389AFD648E0D}.Release|x86.ActiveCfg = Release|x86
		{D529F832-1CD4-4145-850C-389AFD648E0D}.Release|x86.Build.0 = Release|x86
		{3A351144-D5D2-43B4-8D23-CDE97E75E71C}.Debug|x86.ActiveCfg = Debug|x86
		{3A351144-D5D2-43B4-8D23-CDE97E75E71C}.Debug|x86.Build.0 = Debug|x86
		{3A351144-D5D2-43B4-8D23-CDE97E75E71C}.Release|x86.ActiveCfg = Release|x86
		{3A351144-D5D2-43B4-8D23-CDE97E75E71C}.Release|x86.Build.0 = Release|x86
		{AB45DBA4-EB7A-453E-9D41-C9B9FE3C8C72}.Debug|x86.ActiveCfg = Debug|x86
		{AB45DBA4-EB7A-453E-9D41-C9B9FE3C8C72}.Debug|x86.Build.0 = Debug|x86
		{AB45DBA4-EB7A-453E-9D41-C9B9FE3C8C72}.Release|x86.ActiveCfg = Release|x86
		{AB45DBA4-EB7A-453E-9D41-C9B9FE3C8C72}.Release|x86.Build.0 = Release|x86
		{637D133F-4975-4BF2-9ECF-364E8E569BF9}.Debug|x86.ActiveCfg = Debug|x86
		{637D133F-4975-4BF2-9ECF-364E8E569BF9}.Debug|x86.Build.0 = Debug|x86
		{637D133F-4975-4BF2-9ECF-364E8E569BF9}.Release|x86.ActiveCfg = Release|x86
		{637D133F-4975-4BF2-9ECF-364E8E569BF9}.Release|x86.Build.0 = Release|x86
		{D4FD6C9B-1FDD-4628-B179-846926D0A840}.Debug|x86.ActiveCfg = Debug|x86
		{D4FD6C9B-1FDD-4628-B179-846926D0A840}.Debug|x86.Build.0 = Debug|x86
		{D4FD6C9B-1FDD-4628-B179-846926D0A840}.Release|x86.ActiveCfg = Release|x86
		{D4FD6C9B-1FDD-4628-B179-846926D0A840}.Release|x86.Build.0 = Release|x86
		{D4FA0713-6E72-4589-BDBF-68F79ED276F3}.Debug|x86.ActiveCfg = Debug|x86
		{D4FA0713-6E72-4589-BDBF-68F79ED276F3}.Debug|x86.Build.0 = Debug|x86
		{D4FA0713-6E72-4589-BDBF-68F79ED276F3}.Release|x86.ActiveCfg = Release|x86
		{D4FA0713-6E72-4589-BDBF-68F79ED276F3}.Release|x86.Build.0 = Release|x86
		{23C1DFE3-F348-45AB-BFF7-25530A7F5701}.Debug|x86.ActiveCfg = Debug|x86
		{23C1DFE3-F348-45AB-BFF7-25530A7F5701}.Debug|x86.Build.0 = Debug|x86
		{23C1DFE3-F348-45AB-BFF7-25530A7F5701}.Release|x86.ActiveCfg = Release|x86
		{23C1DFE3-F348-45AB-BFF7-25530A7F5701}.Release|x86.Build.0 = Release|x86
		{C536BDD9-DB49-4EA5-BA54-AEE1AFCFB449}.Debug|x86.ActiveCfg = Debug|x86
		{C536BDD9-DB49-4EA5-BA54-AEE1AFCFB449}.Debug|x86.Build.0 = Debug|x86
		{C536BDD9-DB49-4EA5-BA54-AEE1AFCFB449}.Release|x86.ActiveCfg = Release|x86
		{C536BDD9-DB49-4EA5-BA54-AEE1AFCFB449}.Release|x86.Build.0 = Release|x86
		{B8E40422-4BE7-4B83-98C2-F6484FAA2F79}.Debug|x86.ActiveCfg = Debug|x86
		{B8E40422-4BE7-4B83-98C2-F6484FAA2F79}.Debug|x86.Build.0 = Debug|x86
		{B8E40422-4BE7-4B83-98C2-F6484FAA2F79}.Release|x86.ActiveCfg = Release|x86
		{B8E40422-4BE7-4B83-98C2-F6484FAA2F79}.Release|x86.Build.0 = Release|x86
		{6019F7F4-83F7-41D3-A50D-0139C5F697FF}.Debug|x86.ActiveCfg = Debug|x86
		{6019F7F4-83F7-41D3-A50D-0139C5F697FF}.Debug|x86.Build.0 = Debug|x86
		{6019F7F4-83F7-41D3-A50D-0139C5F697FF}.Release|x86.ActiveCfg = Release|x86
		{6019F7F4-83F7-41D3-A50D-0139C5F697FF}.Release|x86.Build.0 = Release|x86
		{91BC0D94-1E92-436D-9147-92E42E560A76}.Debug|x86.ActiveCfg = Debug|x86
		{91BC0D94-1E92-436D-9147-92E42E560A76}.Debug|x86.Build.0 = Debug|x86
		{91BC0D94-1E92-436D-9147-92E42E560A76}.Release|x86.ActiveCfg = Release|x86
		{91BC0D94-1E92-436D-9147-92E42E560A76}.Release|x86.Build.0 = Release|x86
		{E7C90B88-3C6E-479E-A32C-49FAB8DB76D2}.Debug|x86.ActiveCfg = Debug|x86
		{E7C90B88-3C6E-479E-A32C-49FAB8DB76D2}.Debug|x86.Build.0 = Debug|x86
		{E7C90B88-3C6E-479E-A32C-49FAB8DB76D2}.Release|x86.ActiveCfg = Release|x86
		{E7C90B88-3C6E-479E-A32C-49FAB8DB76D2}.Release|x86.Build.0 = Release|x86
		{0470FA25-E610-4CE9-B572-5723AD57FB57}.Debug|x86.ActiveCfg = Debug|x86
		{0470FA25-E610-4CE9-B572-5723AD57FB57}.Debug|x86.Build.0 = Debug|x86
		{0470FA25-E610-4CE9-B572-5723AD57FB57}.Release|x86.ActiveCfg = Release|x86
		{0470FA25-E610-4CE9-B572-5723AD57FB57}.Release|x86.Build.0 = Release|x86
		{865C0952-047D-4193-8664-3422E30FD331}.Debug|x86.ActiveCfg = Debug|x86
		{865C0952-047D-4193-8664-3422E30FD331}.Debug|x86.Build.0 = Debug|x86
		{865C0952-047D-4193-8664-3422E30FD331}.Release|x86.ActiveCfg = Release|x86
		{865C0952-047D-4193-8664-3422E30FD331}.Release|x86.Build.0 = Release|x86
		{E90A39DD-A78E-4516-853B-17FAF992816C}.Debug|x86.ActiveCfg = Debug|x86
		{E90A39DD-A78E-4516-853B-17FAF992816C}.Debug|x86.Build.0 = Debug|x86
		{E90A39DD-A78E-4516-853B-17FAF992816C}.Release|x86.ActiveCfg = Release|x86
		{E90A39DD-A78E-4516-853B-17FAF992816C}.Release|x86.Build.0 = Release|x86
		{C4C04CA9-0178-43C6-98A7-057DC59C8B26}.Debug|x86.ActiveCfg = Debug|x86
		{C4C04CA9-0178-43C6-98A7-057DC59C8B26}.Debug|x86.Build.0 = Debug|x86
		{C4C04CA9-0178-43C6-98A7-057DC59C8B26}.Release|x86.ActiveCfg = Release|x86
		{C4C04CA9-0178-43C6-98A7-057DC59C8B26}.Release|x86.Build.0 = Release|x86
		{B40B0232-287B-4489-B023-D8F2A496A691}.Debug|x86.ActiveCfg = Debug|x86
		{B40B0232-287B-4489-B023-D8F2A496A691}.Debug|x86.Build.0 = Debug|x86
		{B40B0232-287B-4489-B023-D8F2A496A691}.Release|x86.ActiveCfg = Release|x86
		{B40B0232-287B-4489-B023-D8F2A496A691}.Release|x86.Build.0 = Release|x86
		{88362EB1-E7BB-4D79-A227-CABDC19E5654}.Debug|x86.ActiveCfg = Debug|x86
		{88362EB1-E7BB-4D79-A227-CABDC19E5654}.Debug|x86.Build.0 = Debug|x86
		{88362EB1-E7BB-4D79-A227-CABDC19E5654}.Release|x86.ActiveCfg = Release|x86
		{88362EB1-E7BB-4D79-A227-CABDC19E5654}.Release|x86.Build.0 = Release|x86
		{6FBBB6D2-E4DC-4B36-89EA-55FE585B08CA}.Debug|x86.ActiveCfg = Debug|x86
		{6FBBB6D2-E4DC-4B36-89EA-55FE585B08CA}.Debug|x86.Build.0 = Debug|x86
		{6FBBB6D2-E4DC-4B36-89EA-55FE585B08CA}.Release|x86.ActiveCfg = Release|x86
		{6FBBB6D2-E4DC-4B36-89EA-55FE585B08CA}.Release|x86.Build.0 = Release|x86
		{2174EEA7-9777-4F20-B648-FD3458371D2C}.Debug|x86.ActiveCfg = Debug|x86
		{2174EEA7-9777-4F20-B648-FD3458371D2C}.Debug|x86.Build.0 = Debug|x86
		{2174EEA7-9777-4F20-B648-FD3458371D2C}.Release|x86.ActiveCfg = Release|x86
		{2174EEA7-9777-4F20-B648-FD3458371D2C}.Release|x86.Build.0 = Release|x86
		{1619BAF4-7B2E-44D4-9F84-1F6ABAD3FE82}.Debug|x86.ActiveCfg = Debug|x86
		{1619BAF4-7B2E-44D4-9F84-1F6ABAD3FE82}.Debug|x86.Build.0 = Debug|x86
		{1619BAF4-7B2E-44D4-9F84-1F6ABAD3FE82}.Release|x86.ActiveCfg = Release|x86
		{1619BAF4-7B2E-44D4-9F84-1F6ABAD3FE82}.Release|x86.Build.0 = Release|x86
		{35D5A35B-EB7D-49B1-AB13-02951A385A28}.Debug|x86.ActiveCfg = Debug|x86
		{35D5A35B-EB7D-49B1-AB13-02951A385A28}.Debug|x86.Build.0 = Debug|x86
		{35D5A35B-EB7D-49B1-AB13-02951A385A28}.Release|x86.ActiveCfg = Release|x86
		{35D5A35B-EB7D-49B1-AB13-02951A385A28}.Release|x86.Build.0 = Release|x86
		{66DDA0A3-CC48-481B-B80B-A8B5E42B0343}.Debug|x86.ActiveCfg = Debug|x86
		{66DDA0A3-CC48-481B-B80B-A8B5E42B0343}.Debug|x86.Build.0 = Debug|x86
		{66DDA0A3-CC48-481B-B80B-A8B5E42B0343}.Release|x86.ActiveCfg = Release|x86
		{66DDA0A3-CC48-481B-B80B-A8B5E42B0343}.Release|x86.Build.0 = Release|x86
		{CE06AF68-9B57-48F3-9751-82791552C9B9}.Debug|x86.ActiveCfg = Debug|x86
		{CE06AF68-9B57-48F3-9751-82791552C9B9}.Debug|x86.Build.0 = Debug|x86
		{CE06AF68-9B57-48F3-9751-82791552C9B9}.Release|x86.ActiveCfg = Release|x86
		{CE06AF68-9B57-48F3-9751-82791552C9B9}.Release|x86.Build.0 = Release|x86
		{232F7F07-417E-4F15-8DF6-897DE591258C}.Debug|x86.ActiveCfg = Debug|x86
		{232F7F07-417E-4F15-8DF6-897DE591258C}.Debug|x86.Build.0 = Debug|x86
		{232F7F07-417E-4F15-8DF6-897DE591258C}.Release|x86.ActiveCfg = Release|x86
		{232F7F07-417E-4F15-8DF6-897DE591258C}.Release|x86.Build.0 = Release|x86
		{3DFDDB08-D898-4FB0-A3CF-E49ACA548EE6}.Debug|x86.ActiveCfg = Debug|x86
		{3DFDDB08-D898-4FB0-A3CF-E49ACA548EE6}.Debug|x86.Build.0 = Debug|x86
		{3DFDDB08-D898-4FB0-A3CF-E49ACA548EE6}.Release|x86.ActiveCfg = Release|x86
		{3DFDDB08-D898-4FB0-A3CF-E49ACA548EE6}.Release|x86.Build.0 = Release|x86
		{66F4B51C-44AA-4CE1-9401-3B88D776B4D9}.Debug|x86.ActiveCfg = Debug|x86
		{66F4B51C-44AA-4CE1-9401-3B88D776B4D9}.Debug|x86.Build.0 = Debug|x86
		{66F4B51C-44AA-4CE1-9401-3B88D776B4D9}.Release|x86.ActiveCfg = Release|x86
		{66F4B51C-44AA-4CE1-9401-3B88D776B4D9}.Release|x86.Build.0 = Release|x86
		{291C709A-D650-421A-8EFC-A5CB9E5D2D35}.Debug|x86.ActiveCfg = Debug|x86
		{291C709A-D650-421A-8EFC-A5CB9E5D2D35}.Debug|x86.Build.0 = Debug|x86
		{291C709A-D650-421A-8EFC-A5CB9E5D2D35}.Release|x86.ActiveCfg = Release|x86
		{291C709A-D650-421A-8EFC-A5CB9E5D2D35}.Release|x86.Build.0 = Release|x86
		{3C2FA71B-9579-46A8-8DBE-88B9F4371972}.Debug|x86.ActiveCfg = Debug|x86
		{3C2FA71B-9579-46A8-8DBE-88B9F4371972}.Debug|x86.Build.0 = Debug|x86
		{3C2FA71B-9579-46A8-8DBE-88B9F4371972}.Release|x86.ActiveCfg = Release|x86
		{3C2FA71B-9579-46A8-8DBE-88B9F4371972}.Release|x86.Build.0 = Release|x86
		{396F0FED-78BB-4E3C-8168-909A39D5C327}.Debug|x86.ActiveCfg = Debug|x86
		{396F0FED-78BB-4E3C-8168-909A39D5C327}.Debug|x86.Build.0 = Debug|x86
		{396F0FED-78BB-4E3C-8168-909A39D5C327}.Release|x86.ActiveCfg = Release|x86
		{396F0FED-78BB-4E3C-8168-909A39D5C327}.Release|x86.Build.0 = Release|x86
		{3380346F-D6CD-4A5E-A4D7-6ACDEBA6C6AF}.Debug|x86.ActiveCfg = Debug|x86
		{3380346F-D6CD-4A5E-A4D7-6ACDEBA6C6AF}.Debug|x86.Build.0 = Debug|x86
		{3380346F-D6CD-4A5E-A4D7-6ACDEBA6C6AF}.Release|x86.ActiveCfg = Release|x86
		{3380346F-D6CD-4A5E-A4D7-6ACDEBA6C6AF}.Release|x86.Build.0 = Release|x86
		{CD07C5C4-844B-4080-BFD8-77DC74782760}.Debug|x86.ActiveCfg = Debug|x86
		{CD07C5C4-844B-4080-BFD8-77DC74782760}.Debug|x86.Build.0 = Debug|x86
		{CD07C5C4-844B-4080-BFD8-77DC74782760}.Release|x86.ActiveCfg = Release|x86
		{CD07C5C4-844B-4080-BFD8-77DC74782760}.Release|x86.Build.0 = Release|x86
		{8E5C4276-6BF2-4B97-B6F5-EB32A57CC88D}.Debug|x86.ActiveCfg = Debug|x86
		{8E5C4276-6BF2-4B97-B6F5-EB32A57CC88D}.Debug|x86.Build.0 = Debug|x86
		{8E5C4276-6BF2-4B97-B6F5-EB32A57CC88D}.Release|x86.ActiveCfg = Release|x86
		{8E5C4276-6BF2-4B97-B6F5-EB32A57CC88D}.Release|x86.Build.0 = Release|x86
		{A516313C-DB16-4276-99D0-FAF63BE12A52}.Debug|x86.ActiveCfg = Debug|x86
		{A516313C-DB16-4276-99D0-FAF63BE12A52}.Debug|x86.Build.0 = Debug|x86
		{A516313C-DB16-4276-99D0-FAF63BE12A52}.Release|x86.ActiveCfg = Release|x86
		{A516313C-DB16-4276-99D0-FAF63BE12A52}.Release|x86.Build.0 = Release|x86
		{60199C63-FBE9-4D56-949D-DABFEC5AD181}.Debug|x86.ActiveCfg = Debug|x86
		{60199C63-FBE9-4D56-949D-DABFEC5AD181}.Debug|x86.Build.0 = Debug|x86
		{60199C63-FBE9-4D56-949D-DABFEC5AD181}.Release|x86.ActiveCfg = Release|x86
		{60199C63-FBE9-4D56-949D-DABFEC5AD181}.Release|x86.Build.0 = Release|x86
		{143320BB-1240-46DE-ACA5-9747E099C362}.Debug|x86.ActiveCfg = Debug|x86
		{143320BB-1240-46DE-ACA5-9747E099C362}.Debug|x86.Build.0 = Debug|x86
		{143320BB-1240-46DE-ACA5-9747E099C362}.Release|x86.ActiveCfg = Release|x86
		{143320BB-1240-46DE-ACA5-9747E099C362}.Release|x86.Build.0 = Release|x86
		{9EA6C615-7EA4-449B-9020-637F957148A1}.Debug|x86.ActiveCfg = Debug|x86
		{9EA6C615-7EA4-449B-9020-637F957148A1}.Debug|x86.Build.0 = Debug|x86
		{9EA6C615-7EA4-449B-9020-637F957148A1}.Release|x86.ActiveCfg = Release|x86
		{9EA6C615-7EA4-449B-9020-637F957148A1}.Release|x86.Build.0 = Release|x86
		{0A5C1BDB-3347-4446-94B2-15949B9438CB}.Debug|x86.ActiveCfg = Debug|x86
		{0A5C1BDB-3347-4446-94B2-15949B9438CB}.Debug|x86.Build.0 = Debug|x86
		{0A5C1BDB-3347-4446-94B2-15949B9438CB}.Release|x86.ActiveCfg = Release|x86
		{0A5C1BDB-3347-4446-94B2-15949B9438CB}.Release|x86.Build.0 = Release|x86
		{44719604-A316-42EE-B1CF-A55C375D3F97}.Debug|x86.ActiveCfg = Debug|x86
		{44719604-A316-42EE-B1CF-A55C375D3F97}.Debug|x86.Build.0 = Debug|x86
		{44719604-A316-42EE-B1CF-A55C375D3F97}.Release|x86.ActiveCfg = Release|x86
		{44719604-A316-42EE-B1CF-A55C375D3F97}.Release|x86.Build.0 = Release|x86
		{FC89B60D-6C9D-4E18-A467-EBE462A1820A}.Debug|x86.ActiveCfg = Debug|x86
		{FC89B60D-6C9D-4E18-A467-EBE462A1820A}.Debug|x86.Build.0 = Debug|x86
		{FC89B60D-6C9D-4E18-A467-EBE462A1820A}.Release|x86.ActiveCfg = Release|x86
		{FC89B60D-6C9D-4E18-A467-EBE462A1820A}.Release|x86.Build.0 = Release|x86
		{47F52DD2-62DE-4ADD-8359-C82F42DC8C4D}.Debug|x86.ActiveCfg = Debug|x86
		{47F52DD2-62DE-4ADD-8359-C82F42DC8C4D}.Debug|x86.Build.0 = Debug|x86
		{47F52DD2-62DE-4ADD-8359-C82F42DC8C4D}.Release|x86.ActiveCfg = Release|x86
		{47F52DD2-62DE-4ADD-8359-C82F42DC8C4D}.Release|x86.Build.0 = Release|x86
		{957A522A-7BB8-4828-9F1A-7F59FAF7EBCD}.Debug|x86.ActiveCfg = Debug|x86
		{957A522A-7BB8-4828-9F1A-7F59FAF7EBCD}.Debug|x86.Build.0 = Debug|x86
		{957A522A-7BB8-4828-9F1A-7F59FAF7EBCD}.Release|x86.ActiveCfg = Release|x86
		{957A522A-7BB8-4828-9F1A-7F59FAF7EBCD}.Release|x86.Build.0 = Release|x86
		{804E738C-BC4E-48F3-B003-EE94E823EFC4}.Debug|x86.ActiveCfg = Debug|x86
		{804E738C-BC4E-48F3-B003-EE94E823EFC4}.Debug|x86.Build.0 = Debug|x86
		{804E738C-BC4E-48F3-B003-EE94E823EFC4}.Release|x86.ActiveCfg = Release|x86
		{804E738C-BC4E-48F3-B003-EE94E823EFC4}.Release|x86.Build.0 = Release|x86
		{D301CCB9-D406-4AFF-8643-7FA879E190B5}.Debug|x86.ActiveCfg = Debug|x86
		{D301CCB9-D406-4AFF-8643-7FA879E190B5}.Debug|x86.Build.0 = Debug|x86
		{D301CCB9-D406-4AFF-8643-7FA879E190B5}.Release|x86.ActiveCfg = Release|x86
		{D301CCB9-D406-4AFF-8643-7FA879E190B5}.Release|x86.Build.0 = Release|x86
		{F1AD4DFE-99D6-434E-80B3-622965EDE52D}.Debug|x86.ActiveCfg = Debug|x86
		{F1AD4DFE-99D6-434E-80B3-622965EDE52D}.Debug|x86.Build.0 = Debug|x86
		{F1AD4DFE-99D6-434E-80B3-622965EDE52D}.Release|x86.ActiveCfg = Release|x86
		{F1AD4DFE-99D6-434E-80B3-622965EDE52D}.Release|x86.Build.0 = Release|x86
		{5C41CC39-E54F-448D-A770-04F6E3E33FDE}.Debug|x86.ActiveCfg = Debug|x86
		{5C41CC39-E54F-448D-A770-04F6E3E33FDE}.Debug|x86.Build.0 = Debug|x86
		{5C41CC39-E54F-448D-A770-04F6E3E33FDE}.Release|x86.ActiveCfg = Release|x86
		{5C41CC39-E54F-448D-A770-04F6E3E33FDE}.Release|x86.Build.0 = Release|x86
		{FFFC6E32-ED36-479D-A1ED-9C315361EFF1}.Debug|x86.ActiveCfg = Debug|x86
		{FFFC6E32-ED36-479D-A1ED-9C315361EFF1}.Debug|x86.Build.0 = Debug|x86
		{FFFC6E32-ED36-479D-A1ED-9C315361EFF1}.Release|x86.ActiveCfg = Release|x86
		{FFFC6E32-ED36-479D-A1ED-9C315361EFF1}.Release|x86.Build.0 = Release|x86
		{55FF5C23-C75D-4284-A449-46B435FDAFF8}.Debug|x86.ActiveCfg = Debug|x86
		{55FF5C23-C75D-4284-A449-46B435FDAFF8}.Debug|x86.Build.0 = Debug|x86
		{55FF5C23-C75D-4284-A449-46B435FDAFF8}.Release|x86.ActiveCfg = Release|x86
		{55FF5C23-C75D-4284-A449-46B435FDAFF8}.Release|x86.Build.0 = Release|x86
		{AD9B8650-595D-4EF1-9F77-62CF0180898E}.Debug|x86.ActiveCfg = Debug|x86
		{AD9B8650-595D-4EF1-9F77-62CF0180898E}.Debug|x86.Build.0 = Debug|x86
		{AD9B8650-595D-4EF1-9F77-62CF0180898E}.Release|x86.ActiveCfg = Release|x86
		{AD9B8650-595D-4EF1-9F77-62CF0180898E}.Release|x86.Build.0 = Release|x86
		{202488B8-D491-4ADB-BCB2-A12FDB069519}.Debug|x86.ActiveCfg = Debug|x86
		{202488B8-D491-4ADB-BCB2-A12FDB069519}.Debug|x86.Build.0 = Debug|x86
		{202488B8-D491-4ADB-BCB2-A12FDB069519}.Release|x86.ActiveCfg = Release|x86
		{202488B8-D491-4ADB-BCB2-A12FDB069519}.Release|x86.Build.0 = Release|x86
		{E28EBA2D-4136-4907-A650-E70D87E2CCA9}.Debug|x86.ActiveCfg = Debug|x86
		{E28EBA2D-4136-4907-A650-E70D87E2CCA9}.Debug|x86.Build.0 = Debug|x86
		{E28EBA2D-4136-4907-A650-E70D87E2CCA9}.Release|x86.ActiveCfg = Release|x86
		{E28EBA2D-4136-4907-A650-E70D87E2CCA9}.Release|x86.Build.0 = Release|x86
		{34430AAB-AE5A-47C1-96EC-6F7784A17007}.Debug|x86.ActiveCfg = Debug|x86
		{34430AAB-AE5A-47C1-96EC-6F7784A17007}.Debug|x86.Build.0 = Debug|x86
		{34430AAB-AE5A-47C1-96EC-6F7784A17007}.Release|x86.ActiveCfg = Release|x86
		{34430AAB-AE5A-47C1-96EC-6F7784A17007}.Release|x86.Build.0 = Release|x86
		{34C9E1DC-DEFB-4BB0-B040-25EF787CAB23}.Debug|x86.ActiveCfg = Debug|x86
		{34C9E1DC-DEFB-4BB0-B040-25EF787CAB23}.Debug|x86.Build.0 = Debug|x86
		{34C9E1DC-DEFB-4BB0-B040-25EF787CAB23}.Release|x86.ActiveCfg = Release|x86
		{34C9E1DC-DEFB-4BB0-B040-25EF787CAB23}.Release|x86.Build.0 = Release|x86
		{4D8A393B-9182-4117-B49C-3317893F13E2}.Debug|x86.ActiveCfg = Debug|x86
		{4D8A393B-9182-4117-B49C-3317893F13E2}.Debug|x86.Build.0 = Debug|x86
		{4D8A393B-9182-4117-B49C-3317893F13E2}.Release|x86.ActiveCfg = Release|x86
		{4D8A393B-9182-4117-B49C-3317893F13E2}.Release|x86.Build.0 = Release|x86
		{7A108A21-0B9C-4385-9B5D-A2372A707ECC}.Debug|x86.ActiveCfg = Debug|x86
		{7A108A21-0B9C-4385-9B5D-A2372A707ECC}.Debug|x86.Build.0 = Debug|x86
		{7A108A21-0B9C-4385-9B5D-A2372A707ECC}.Release|x86.ActiveCfg = Release|x86
		{7A108A21-0B9C-4385-9B5D-A2372A707ECC}.Release|x86.Build.0 = Release|x86
		{199E3BC7-B345-46B0-B9D9-F18BFD699198}.Debug|x86.ActiveCfg = Debug|x86
		{199E3BC7-B345-46B0-B9D9-F18BFD699198}.Debug|x86.Build.0 = Debug|x86
		{199E3BC7-B345-46B0-B9D9-F18BFD699198}.Release|x86.ActiveCfg = Release|x86
		{199E3BC7-B345-46B0-B9D9-F18BFD699198}.Release|x86.Build.0 = Release|x86
		{A3F1ABF8-F3E2-4F48-8399-11DA0794A66A}.Debug|x86.ActiveCfg = Debug|x86
		{A3F1ABF8-F3E2-4F48-8399-11DA0794A66A}.Debug|x86.Build.0 = Debug|x86
		{A3F1ABF8-F3E2-4F48-8399-11DA0794A66A}.Release|x86.ActiveCfg = Release|x86
		{A3F1ABF8-F3E2-4F48-8399-11DA0794A66A}.Release|x86.Build.0 = Release|x86
		{7E2E2EB0-D1B1-4006-A7D5-F99AD2F1E03F}.Debug|x86.ActiveCfg = Debug|x86
		{7E2E2EB0-D1B1-4006-A7D5-F99AD2F1E03F}.Debug|x86.Build.0 = Debug|x86
		{7E2E2EB0-D1B1-4006-A7D5-F99AD2F1E03F}.Release|x86.ActiveCfg = Release|x86
		{7E2E2EB0-D1B1-4006-A7D5-F99AD2F1E03F}.Release|x86.Build.0 = Release|x86
		{B61B3103-58D8-4A38-BE5A-E8EA7E280158}.Debug|x86.ActiveCfg = Debug|x86
		{B61B3103-58D8-4A38-BE5A-E8EA7E280158}.Debug|x86.Build.0 = Debug|x86
		{B61B3103-58D8-4A38-BE5A-E8EA7E280158}.Release|x86.ActiveCfg = Release|x86
		{B61B3103-58D8-4A38-BE5A-E8EA7E280158}.Release|x86.Build.0 = Release|x86
		{863E0818-E3C3-4A1B-996B-EAD7F4EBEAAC}.Debug|x86.ActiveCfg = Debug|x86
		{863E0818-E3C3-4A1B-996B-EAD7F4EBEAAC}.Debug|x86.Build.0 = Debug|x86
		{863E0818-E3C3-4A1B-996B-EAD7F4EBEAAC}.Release|x86.ActiveCfg = Release|x86
		{863E0818-E3C3-4A1B-996B-EAD7F4EBEAAC}.Release|x86.Build.0 = Release|x86
		{2A224052-E9E9-4B58-9557-14476610A1B0}.Debug|x86.ActiveCfg = Debug|x86
		{2A224052-E9E9-4B58-9557-14476610A1B0}.Debug|x86.Build.0 = Debug|x86
		{2A224052-E9E9-4B58-9557-14476610A1B0}.Release|x86.ActiveCfg = Release|x86
		{2A224052-E9E9-4B58-9557-14476610A1B0}.Release|x86.Build.0 = Release|x86
		{4A89BCC6-5BF8-4003-B5DE-300CE394F114}.Debug|x86.ActiveCfg = Debug|x86
		{4A89BCC6-5BF8-4003-B5DE-300CE394F114}.Debug|x86.Build.0 = Debug|x86
		{4A89BCC6-5BF8-4003-B5DE-300CE394F114}.Release|x86.ActiveCfg = Release|x86
		{4A89BCC6-5BF8-4003-B5DE-300CE394F114}.Release|x86.Build.0 = Release|x86
		{783067D8-20F1-4C79-9DE1-46314F46ED59}.Debug|x86.ActiveCfg = Debug|x86
		{783067D8-20F1-4C79-9DE1-46314F46ED59}.Debug|x86.Build.0 = Debug|x86
		{783067D8-20F1-4C79-9DE1-46314F46ED59}.Release|x86.ActiveCfg = Release|x86
		{783067D8-20F1-4C79-9DE1-46314F46ED59}.Release|x86.Build.0 = Release|x86
		{E1BFEF4E-AE76-4A7D-A891-4B20DC9F28C0}.Debug|x86.ActiveCfg = Debug|x86
		{E1BFEF4E-AE76-4A7D-A891-4B20DC9F28C0}.Debug|x86.Build.0 = Debug|x86
		{E1BFEF4E-AE76-4A7D-A891-4B20DC9F28C0}.Release|x86.ActiveCfg = Release|x86
		{E1BFEF4E-AE76-4A7D-A891-4B20DC9F28C0}.Release|x86.Build.0 = Release|x86
		{393E7154-C274-48A9-92A2-6BB1B006DE26}.Debug|x86.ActiveCfg = Debug|x86
		{393E7154-C274-48A9-92A2-6BB1B006DE26}.Debug|x86.Build.0 = Debug|x86
		{393E7154-C274-48A9-92A2-6BB1B006DE26}.Release|x86.ActiveCfg = Release|x86
		{393E7154-C274-48A9-92A2-6BB1B006DE26}.Release|x86.Build.0 = Release|x86
		{831535CE-8362-4ACE-836E-DF6F67CA27E7}.Debug|x86.ActiveCfg = Debug|x86
		{831535CE-8362-4ACE-836E-DF6F67CA27E7}.Debug|x86.Build.0 = Debug|x86
		{831535CE-8362-4ACE-836E-DF6F67CA27E7}.Release|x86.ActiveCfg = Release|x86
		{831535CE-8362-4ACE-836E-DF6F67CA27E7}.Release|x86.Build.0 = Release|x86
		{2293977F-FBE5-4ADF-9AD9-0C50F66827DE}.Debug|x86.ActiveCfg = Debug|x86
		{2293977F-FBE5-4ADF-9AD9-0C50F66827DE}.Debug|x86.Build.0 = Debug|x86
		{2293977F-FBE5-4ADF-9AD9-0C50F66827DE}.Release|x86.ActiveCfg = Release|x86
		{2293977F-FBE5-4ADF-9AD9-0C50F66827DE}.Release|x86.Build.0 = Release|x86
		{F03B6284-C743-49CB-AC15-BD9DCBBCD9D2}.Debug|x86.ActiveCfg = Debug|x86
		{F03B6284-C743-49CB-AC15-BD9DCBBCD9D2}.Debug|x86.Build.0 = Debug|x86
		{F03B6284-C743-49CB-AC15-BD9DCBBCD9D2}.Release|x86.ActiveCfg = Release|x86
		{F03B6284-C743-49CB-AC15-BD9DCBBCD9D2}.Release|x86.Build.0 = Release|x86
		{559BE153-DB25-47F9-AE68-5F0654CF8DB1}.Debug|x86.ActiveCfg = Debug|x86
		{559BE153-DB25-47F9-AE68-5F0654CF8DB1}.Debug|x86.Build.0 = Debug|x86
		{559BE153-DB25-47F9-AE68-5F0654CF8DB1}.Release|x86.ActiveCfg = Release|x86
		{559BE153-DB25-47F9-AE68-5F0654CF8DB1}.Release|x86.Build.0 = Release|x86
		{BDA00611-43D6-4C72-8C58-3699C52D59F8}.Debug|x86.ActiveCfg = Debug|x86
		{BDA00611-43D6-4C72-8C58-3699C52D59F8}.Debug|x86.Build.0 = Debug|x86
		{BDA00611-43D6-4C72-8C58-3699C52D59F8}.Release|x86.ActiveCfg = Release|x86
		{BDA00611-43D6-4C72-8C58-3699C52D59F8}.Release|x86.Build.0 = Release|x86
		{411B80AA-1B70-4DFE-B174-21A7F2A3699F}.Debug|x86.ActiveCfg = Debug|x86
		{411B80AA-1B70-4DFE-B174-21A7F2A3699F}.Debug|x86.Build.0 = Debug|x86
		{411B80AA-1B70-4DFE-B174-21A7F2A3699F}.Release|x86.ActiveCfg = Release|x86
		{411B80AA-1B70-4DFE-B174-21A7F2A3699F}.Release|x86.Build.0 = Release|x86
		{E11C81F0-70C4-4FCB-9898-2AC1E6581B30}.Debug|x86.ActiveCfg = Debug|x86
		{E11C81F0-70C4-4FCB-9898-2AC1E6581B30}.Debug|x86.Build.0 = Debug|x86
		{E11C81F0-70C4-4FCB-9898-2AC1E6581B30}.Release|x86.ActiveCfg = Release|x86
		{E11C81F0-70C4-4FCB-9898-2AC1E6581B30}.Release|x86.Build.0 = Release|x86
		{044BCA80-B3C7-46AC-912C-EE63D4E8BDA0}.Debug|x86.ActiveCfg = Debug|x86
		{044BCA80-B3C7-46AC-912C-EE63D4E8BDA0}.Debug|x86.Build.0 = Debug|x86
		{044BCA80-B3C7-46AC-912C-EE63D4E8BDA0}.Release|x86.ActiveCfg = Release|x86
		{044BCA80-B3C7-46AC-912C-EE63D4E8BDA0}.Release|x86.Build.0 = Release|x86
		{E3D489D6-633E-42D3-AE29-9E08ECCE22AF}.Debug|x86.ActiveCfg = Debug|x86
		{E3D489D6-633E-42D3-AE29-9E08ECCE22AF}.Debug|x86.Build.0 = Debug|x86
		{E3D489D6-633E-42D3-AE29-9E08ECCE22AF}.Release|x86.ActiveCfg = Release|x86
		{E3D489D6-633E-42D3-AE29-9E08ECCE22AF}.Release|x86.Build.0 = Release|x86
		{2503CEE7-2941-4C82-9014-9DD7570C4C23}.Debug|x86.ActiveCfg = Debug|x86
		{2503CEE7-2941-4C82-9014-9DD7570C4C23}.Debug|x86.Build.0 = Debug|x86
		{2503CEE7-2941-4C82-9014-9DD7570C4C23}.Release|x86.ActiveCfg = Release|x86
		{2503CEE7-2941-4C82-9014-9DD7570C4C23}.Release|x86.Build.0 = Release|x86
		{B51DBBF6-44B8-4829-8499-ED47E2019F03}.Debug|x86.ActiveCfg = Debug|x86
		{B51DBBF6-44B8-4829-8499-ED47E2019F03}.Debug|x86.Build.0 = Debug|x86
		{B51DBBF6-44B8-4829-8499-ED47E2019F03}.Release|x86.ActiveCfg = Release|x86
		{B51DBBF6-44B8-4829-8499-ED47E2019F03}.Release|x86.Build.0 = Release|x86
		{98590D76-8906-4196-9C60-28C2A32C76B7}.Debug|x86.ActiveCfg = Debug|x86
		{98590D76-8906-4196-9C60-28C2A32C76B7}.Debug|x86.Build.0 = Debug|x86
		{98590D76-8906-4196-9C60-28C2A32C76B7}.Release|x86.ActiveCfg = Release|x86
		{98590D76-8906-4196-9C60-28C2A32C76B7}.Release|x86.Build.0 = Release|x86
		{28668F5F-68AF-4BC7-AF2D-076695BEEAB9}.Debug|x86.ActiveCfg = Debug|x86
		{28668F5F-68AF-4BC7-AF2D-076695BEEAB9}.Debug|x86.Build.0 = Debug|x86
		{28668F5F-68AF-4BC7-AF2D-076695BEEAB9}.Release|x86.ActiveCfg = Release|x86
		{28668F5F-68AF-4BC7-AF2D-076695BEEAB9}.Release|x86.Build.0 = Release|x86
		{6902CB16-5145-4CEF-9587-70103B3BD657}.Debug|x86.ActiveCfg = Debug|x86
		{6902CB16-5145-4CEF-9587-70103B3BD657}.Debug|x86.Build.0 = Debug|x86
		{6902CB16-5145-4CEF-9587-70103B3BD657}.Release|x86.ActiveCfg = Release|x86
		{6902CB16-5145-4CEF-9587-70103B3BD657}.Release|x86.Build.0 = Release|x86
	EndGlobalSection
	GlobalSection(SolutionProperties) = preSolution
		HideSolutionNode = FALSE
	EndGlobalSection
	GlobalSection(NestedProjects) = preSolution
		{EB93B081-4EDC-41A2-85B3-0487062617CC} = {4D97154B-0BA1-468D-AC3C-968EAA755311}
		{2B24D939-1965-4778-B3A1-DD1689C8D243} = {E0547BB3-87F8-4BBC-84A9-9D74966B57AE}
		{6549676F-7D04-49C4-B2F5-23AC901D4EB3} = {30FF3663-3CBE-4541-B2CF-A3C0960E208B}
		{E9C0AA1F-D561-4C6E-B1ED-9437D7B9B3B3} = {E0547BB3-87F8-4BBC-84A9-9D74966B57AE}
		{B4A8FFEA-433E-4629-9F28-379C3BC9AFEF} = {B70565E5-CC3D-4084-A7D2-06CB8A079B2B}
		{ACEB89F6-34E7-48C6-9B86-A12C6D37BA51} = {E52AEDA5-00B9-4FA3-AC2D-6A13A92ED282}
		{689D3BC0-5D54-44C1-B057-9D161C7C0426} = {E52AEDA5-00B9-4FA3-AC2D-6A13A92ED282}
		{0D8FDB01-1EDC-4EEA-8F0D-3B8172AC73BF} = {E52AEDA5-00B9-4FA3-AC2D-6A13A92ED282}
		{D9777746-7E32-4C93-B503-3D74EAB67DE3} = {E52AEDA5-00B9-4FA3-AC2D-6A13A92ED282}
		{D6AFCB80-4FB5-4B55-8E6C-926266BF2D85} = {40B1BBCF-3247-4F8C-81B7-27925E191EBA}
		{6121DF06-A881-47F3-9BB2-97C38078A6D8} = {40B1BBCF-3247-4F8C-81B7-27925E191EBA}
		{16FF9244-EDEE-481E-A7B1-72F00399EDAF} = {40B1BBCF-3247-4F8C-81B7-27925E191EBA}
		{CBE287FC-3905-47C3-BE2A-D63AA0138B32} = {40B1BBCF-3247-4F8C-81B7-27925E191EBA}
		{C9C2746A-B3D7-4E35-B168-8EFB1189ABCE} = {D5965CD1-F0B9-4821-943C-C1078CBD0503}
		{5ADEDB0E-DDFB-4EE3-B535-06F0BDC0CDA7} = {D5965CD1-F0B9-4821-943C-C1078CBD0503}
		{F4B9F5DE-394C-4E09-A1D2-DA193230B9E3} = {D5965CD1-F0B9-4821-943C-C1078CBD0503}
		{03A867C7-264E-430E-B2C8-9F7FCEFA0667} = {5ADD4CE9-E26C-47C7-BFAA-6F63ED11CF48}
		{431148FA-C0A9-4240-9380-655B10DE0C08} = {5ADD4CE9-E26C-47C7-BFAA-6F63ED11CF48}
		{08DD1523-824E-4BB3-B357-548EF16A870A} = {5ADD4CE9-E26C-47C7-BFAA-6F63ED11CF48}
		{7BAB9333-88DD-4994-BB02-12E9C389F89C} = {31DF767D-F7BB-4F0D-A4AB-B6175FAC23CD}
		{B94FB215-63FE-4652-A13A-BA2B49D69F0C} = {FE8189C5-7C8E-4639-924B-9FFD666DEB9B}
		{A20C4A02-C9A4-4C16-BC97-A145F195A0D6} = {AB8C37B6-5D33-4E48-955A-D8D3934BB456}
		{3726E3E7-9E6F-4DDC-ABEE-ACA8E5032EED} = {30FF3663-3CBE-4541-B2CF-A3C0960E208B}
		{BEFD528D-5580-446D-94F4-61BC425A934C} = {A51F8D8D-236B-4EC4-9BB3-745BB19F6404}
		{F70DC7CD-4C1E-4EF5-8107-CF91A97E5EAE} = {A51F8D8D-236B-4EC4-9BB3-745BB19F6404}
		{F3442623-D462-4C4D-A043-9BD924FDC739} = {A51F8D8D-236B-4EC4-9BB3-745BB19F6404}
		{2D0C3AEC-4947-4AD5-B678-0B7665055E7C} = {57FF136E-E3D9-4403-907A-DC57E1658181}
		{8B7605DE-F114-4C86-ACBB-0567EF52E96B} = {F938B933-5FAD-41D4-8813-7F51CEFF1B8E}
		{54157E1B-627E-40D1-A66E-D996CFA16E4A} = {F938B933-5FAD-41D4-8813-7F51CEFF1B8E}
		{D061AEBD-2973-460B-A0A7-7D8E80A77944} = {F938B933-5FAD-41D4-8813-7F51CEFF1B8E}
		{612D8607-EC0A-4FC7-858A-D2924CB06110} = {F938B933-5FAD-41D4-8813-7F51CEFF1B8E}
		{6749CC87-222E-44ED-923A-EE6D295A895B} = {2F943790-A418-4BA8-8D01-D9FE5BE39A1E}
		{D529F832-1CD4-4145-850C-389AFD648E0D} = {2F943790-A418-4BA8-8D01-D9FE5BE39A1E}
		{3A351144-D5D2-43B4-8D23-CDE97E75E71C} = {2F943790-A418-4BA8-8D01-D9FE5BE39A1E}
		{AB45DBA4-EB7A-453E-9D41-C9B9FE3C8C72} = {2F943790-A418-4BA8-8D01-D9FE5BE39A1E}
		{637D133F-4975-4BF2-9ECF-364E8E569BF9} = {6FFB21C5-17AB-4499-948A-AA2F6B43C352}
		{D4FD6C9B-1FDD-4628-B179-846926D0A840} = {6FFB21C5-17AB-4499-948A-AA2F6B43C352}
		{D4FA0713-6E72-4589-BDBF-68F79ED276F3} = {6FFB21C5-17AB-4499-948A-AA2F6B43C352}
		{23C1DFE3-F348-45AB-BFF7-25530A7F5701} = {6B99A4F6-D079-4F85-82EF-B462C36F92A0}
		{C536BDD9-DB49-4EA5-BA54-AEE1AFCFB449} = {6B99A4F6-D079-4F85-82EF-B462C36F92A0}
		{B8E40422-4BE7-4B83-98C2-F6484FAA2F79} = {6B99A4F6-D079-4F85-82EF-B462C36F92A0}
		{6019F7F4-83F7-41D3-A50D-0139C5F697FF} = {6B99A4F6-D079-4F85-82EF-B462C36F92A0}
		{91BC0D94-1E92-436D-9147-92E42E560A76} = {2F943790-A418-4BA8-8D01-D9FE5BE39A1E}
		{E7C90B88-3C6E-479E-A32C-49FAB8DB76D2} = {FA62781B-51A5-41ED-B127-84FE09612415}
		{0470FA25-E610-4CE9-B572-5723AD57FB57} = {40B1BBCF-3247-4F8C-81B7-27925E191EBA}
		{40B1BBCF-3247-4F8C-81B7-27925E191EBA} = {30FF3663-3CBE-4541-B2CF-A3C0960E208B}
		{E52AEDA5-00B9-4FA3-AC2D-6A13A92ED282} = {30FF3663-3CBE-4541-B2CF-A3C0960E208B}
		{2F943790-A418-4BA8-8D01-D9FE5BE39A1E} = {30FF3663-3CBE-4541-B2CF-A3C0960E208B}
		{F938B933-5FAD-41D4-8813-7F51CEFF1B8E} = {30FF3663-3CBE-4541-B2CF-A3C0960E208B}
		{A51F8D8D-236B-4EC4-9BB3-745BB19F6404} = {30FF3663-3CBE-4541-B2CF-A3C0960E208B}
		{6B99A4F6-D079-4F85-82EF-B462C36F92A0} = {30FF3663-3CBE-4541-B2CF-A3C0960E208B}
		{6FFB21C5-17AB-4499-948A-AA2F6B43C352} = {30FF3663-3CBE-4541-B2CF-A3C0960E208B}
		{D5965CD1-F0B9-4821-943C-C1078CBD0503} = {30FF3663-3CBE-4541-B2CF-A3C0960E208B}
		{5ADD4CE9-E26C-47C7-BFAA-6F63ED11CF48} = {30FF3663-3CBE-4541-B2CF-A3C0960E208B}
		{865C0952-047D-4193-8664-3422E30FD331} = {5ADD4CE9-E26C-47C7-BFAA-6F63ED11CF48}
		{E90A39DD-A78E-4516-853B-17FAF992816C} = {6B99A4F6-D079-4F85-82EF-B462C36F92A0}
		{C4C04CA9-0178-43C6-98A7-057DC59C8B26} = {A51F8D8D-236B-4EC4-9BB3-745BB19F6404}
		{FA62781B-51A5-41ED-B127-84FE09612415} = {30FF3663-3CBE-4541-B2CF-A3C0960E208B}
		{B40B0232-287B-4489-B023-D8F2A496A691} = {FA62781B-51A5-41ED-B127-84FE09612415}
		{88362EB1-E7BB-4D79-A227-CABDC19E5654} = {A51F8D8D-236B-4EC4-9BB3-745BB19F6404}
		{6FBBB6D2-E4DC-4B36-89EA-55FE585B08CA} = {6FFB21C5-17AB-4499-948A-AA2F6B43C352}
		{E0547BB3-87F8-4BBC-84A9-9D74966B57AE} = {30FF3663-3CBE-4541-B2CF-A3C0960E208B}
		{B70565E5-CC3D-4084-A7D2-06CB8A079B2B} = {30FF3663-3CBE-4541-B2CF-A3C0960E208B}
		{2174EEA7-9777-4F20-B648-FD3458371D2C} = {B70565E5-CC3D-4084-A7D2-06CB8A079B2B}
		{1619BAF4-7B2E-44D4-9F84-1F6ABAD3FE82} = {6FFB21C5-17AB-4499-948A-AA2F6B43C352}
		{35D5A35B-EB7D-49B1-AB13-02951A385A28} = {6FFB21C5-17AB-4499-948A-AA2F6B43C352}
		{66DDA0A3-CC48-481B-B80B-A8B5E42B0343} = {40B1BBCF-3247-4F8C-81B7-27925E191EBA}
		{CE06AF68-9B57-48F3-9751-82791552C9B9} = {6FFB21C5-17AB-4499-948A-AA2F6B43C352}
		{232F7F07-417E-4F15-8DF6-897DE591258C} = {E52AEDA5-00B9-4FA3-AC2D-6A13A92ED282}
		{3DFDDB08-D898-4FB0-A3CF-E49ACA548EE6} = {6FFB21C5-17AB-4499-948A-AA2F6B43C352}
		{66F4B51C-44AA-4CE1-9401-3B88D776B4D9} = {2F943790-A418-4BA8-8D01-D9FE5BE39A1E}
		{291C709A-D650-421A-8EFC-A5CB9E5D2D35} = {E0547BB3-87F8-4BBC-84A9-9D74966B57AE}
		{3C2FA71B-9579-46A8-8DBE-88B9F4371972} = {2F943790-A418-4BA8-8D01-D9FE5BE39A1E}
		{57FF136E-E3D9-4403-907A-DC57E1658181} = {30FF3663-3CBE-4541-B2CF-A3C0960E208B}
		{396F0FED-78BB-4E3C-8168-909A39D5C327} = {57FF136E-E3D9-4403-907A-DC57E1658181}
		{3380346F-D6CD-4A5E-A4D7-6ACDEBA6C6AF} = {6FFB21C5-17AB-4499-948A-AA2F6B43C352}
		{FE8189C5-7C8E-4639-924B-9FFD666DEB9B} = {30FF3663-3CBE-4541-B2CF-A3C0960E208B}
		{CD07C5C4-844B-4080-BFD8-77DC74782760} = {F938B933-5FAD-41D4-8813-7F51CEFF1B8E}
		{8E5C4276-6BF2-4B97-B6F5-EB32A57CC88D} = {5ADD4CE9-E26C-47C7-BFAA-6F63ED11CF48}
		{A516313C-DB16-4276-99D0-FAF63BE12A52} = {E0547BB3-87F8-4BBC-84A9-9D74966B57AE}
		{31DF767D-F7BB-4F0D-A4AB-B6175FAC23CD} = {30FF3663-3CBE-4541-B2CF-A3C0960E208B}
		{60199C63-FBE9-4D56-949D-DABFEC5AD181} = {31DF767D-F7BB-4F0D-A4AB-B6175FAC23CD}
		{143320BB-1240-46DE-ACA5-9747E099C362} = {F938B933-5FAD-41D4-8813-7F51CEFF1B8E}
		{9EA6C615-7EA4-449B-9020-637F957148A1} = {40B1BBCF-3247-4F8C-81B7-27925E191EBA}
		{8FA2CA7A-0674-44FF-AEB7-AB8E3F865859} = {30FF3663-3CBE-4541-B2CF-A3C0960E208B}
		{0A5C1BDB-3347-4446-94B2-15949B9438CB} = {8FA2CA7A-0674-44FF-AEB7-AB8E3F865859}
		{44719604-A316-42EE-B1CF-A55C375D3F97} = {6FFB21C5-17AB-4499-948A-AA2F6B43C352}
		{FC89B60D-6C9D-4E18-A467-EBE462A1820A} = {A51F8D8D-236B-4EC4-9BB3-745BB19F6404}
		{47F52DD2-62DE-4ADD-8359-C82F42DC8C4D} = {E52AEDA5-00B9-4FA3-AC2D-6A13A92ED282}
		{957A522A-7BB8-4828-9F1A-7F59FAF7EBCD} = {40B1BBCF-3247-4F8C-81B7-27925E191EBA}
		{804E738C-BC4E-48F3-B003-EE94E823EFC4} = {2F943790-A418-4BA8-8D01-D9FE5BE39A1E}
		{AB8C37B6-5D33-4E48-955A-D8D3934BB456} = {30FF3663-3CBE-4541-B2CF-A3C0960E208B}
		{D301CCB9-D406-4AFF-8643-7FA879E190B5} = {AB8C37B6-5D33-4E48-955A-D8D3934BB456}
		{F1AD4DFE-99D6-434E-80B3-622965EDE52D} = {6FFB21C5-17AB-4499-948A-AA2F6B43C352}
		{5C41CC39-E54F-448D-A770-04F6E3E33FDE} = {E0547BB3-87F8-4BBC-84A9-9D74966B57AE}
		{FFFC6E32-ED36-479D-A1ED-9C315361EFF1} = {8FA2CA7A-0674-44FF-AEB7-AB8E3F865859}
		{55FF5C23-C75D-4284-A449-46B435FDAFF8} = {E0547BB3-87F8-4BBC-84A9-9D74966B57AE}
		{AD9B8650-595D-4EF1-9F77-62CF0180898E} = {57FF136E-E3D9-4403-907A-DC57E1658181}
		{202488B8-D491-4ADB-BCB2-A12FDB069519} = {6FFB21C5-17AB-4499-948A-AA2F6B43C352}
		{E28EBA2D-4136-4907-A650-E70D87E2CCA9} = {57FF136E-E3D9-4403-907A-DC57E1658181}
		{34430AAB-AE5A-47C1-96EC-6F7784A17007} = {2F943790-A418-4BA8-8D01-D9FE5BE39A1E}
		{42288C03-756D-42ED-8CE1-C094BE89DF72} = {30FF3663-3CBE-4541-B2CF-A3C0960E208B}
		{34C9E1DC-DEFB-4BB0-B040-25EF787CAB23} = {42288C03-756D-42ED-8CE1-C094BE89DF72}
		{4D8A393B-9182-4117-B49C-3317893F13E2} = {40B1BBCF-3247-4F8C-81B7-27925E191EBA}
		{9DA750F2-07C6-4F9F-BBDA-45CAA7720509} = {30FF3663-3CBE-4541-B2CF-A3C0960E208B}
		{7A108A21-0B9C-4385-9B5D-A2372A707ECC} = {9DA750F2-07C6-4F9F-BBDA-45CAA7720509}
		{199E3BC7-B345-46B0-B9D9-F18BFD699198} = {2F943790-A418-4BA8-8D01-D9FE5BE39A1E}
		{A3F1ABF8-F3E2-4F48-8399-11DA0794A66A} = {F938B933-5FAD-41D4-8813-7F51CEFF1B8E}
		{8442C1DC-6AF5-4FDD-8E33-9DDB0070CC66} = {30FF3663-3CBE-4541-B2CF-A3C0960E208B}
		{7E2E2EB0-D1B1-4006-A7D5-F99AD2F1E03F} = {8442C1DC-6AF5-4FDD-8E33-9DDB0070CC66}
		{B61B3103-58D8-4A38-BE5A-E8EA7E280158} = {2F943790-A418-4BA8-8D01-D9FE5BE39A1E}
		{863E0818-E3C3-4A1B-996B-EAD7F4EBEAAC} = {F938B933-5FAD-41D4-8813-7F51CEFF1B8E}
		{2A224052-E9E9-4B58-9557-14476610A1B0} = {F938B933-5FAD-41D4-8813-7F51CEFF1B8E}
		{4A89BCC6-5BF8-4003-B5DE-300CE394F114} = {6B99A4F6-D079-4F85-82EF-B462C36F92A0}
		{783067D8-20F1-4C79-9DE1-46314F46ED59} = {57FF136E-E3D9-4403-907A-DC57E1658181}
		{E1BFEF4E-AE76-4A7D-A891-4B20DC9F28C0} = {9DA750F2-07C6-4F9F-BBDA-45CAA7720509}
		{393E7154-C274-48A9-92A2-6BB1B006DE26} = {40B1BBCF-3247-4F8C-81B7-27925E191EBA}
		{831535CE-8362-4ACE-836E-DF6F67CA27E7} = {AB8C37B6-5D33-4E48-955A-D8D3934BB456}
		{2293977F-FBE5-4ADF-9AD9-0C50F66827DE} = {5ADD4CE9-E26C-47C7-BFAA-6F63ED11CF48}
		{F03B6284-C743-49CB-AC15-BD9DCBBCD9D2} = {5ADD4CE9-E26C-47C7-BFAA-6F63ED11CF48}
		{559BE153-DB25-47F9-AE68-5F0654CF8DB1} = {E52AEDA5-00B9-4FA3-AC2D-6A13A92ED282}
		{BDA00611-43D6-4C72-8C58-3699C52D59F8} = {2F943790-A418-4BA8-8D01-D9FE5BE39A1E}
		{411B80AA-1B70-4DFE-B174-21A7F2A3699F} = {AB8C37B6-5D33-4E48-955A-D8D3934BB456}
		{E11C81F0-70C4-4FCB-9898-2AC1E6581B30} = {D5965CD1-F0B9-4821-943C-C1078CBD0503}
		{044BCA80-B3C7-46AC-912C-EE63D4E8BDA0} = {E52AEDA5-00B9-4FA3-AC2D-6A13A92ED282}
		{E3D489D6-633E-42D3-AE29-9E08ECCE22AF} = {A51F8D8D-236B-4EC4-9BB3-745BB19F6404}
		{2503CEE7-2941-4C82-9014-9DD7570C4C23} = {6FFB21C5-17AB-4499-948A-AA2F6B43C352}
		{B51DBBF6-44B8-4829-8499-ED47E2019F03} = {31DF767D-F7BB-4F0D-A4AB-B6175FAC23CD}
		{98590D76-8906-4196-9C60-28C2A32C76B7} = {2F943790-A418-4BA8-8D01-D9FE5BE39A1E}
		{28668F5F-68AF-4BC7-AF2D-076695BEEAB9} = {5ADD4CE9-E26C-47C7-BFAA-6F63ED11CF48}
		{6902CB16-5145-4CEF-9587-70103B3BD657} = {FA62781B-51A5-41ED-B127-84FE09612415}
	EndGlobalSection
EndGlobal
