
Microsoft Visual Studio Solution File, Format Version 12.00
# Visual Studio Express 2012 for Web
Project("{FAE04EC0-301F-11D3-BF4B-00C04F79EFBC}") = "ChromeEarth", "ChromeEarth\ChromeEarth.csproj", "{849DAC8A-608A-4E55-8A9D-EAD16342759C}"
EndProject
Project("{FAE04EC0-301F-11D3-BF4B-00C04F79EFBC}") = "WebGLEarthByBjorn", "..\..\..\synergy\webgl\WebGLEarthByBjorn\WebGLEarthByBjorn\WebGLEarthByBjorn.csproj", "{B23791BC-BBED-49D9-9808-08B230B69C55}"
	ProjectSection(ProjectDependencies) = postProject
		{7B5C94C5-F6AA-42BA-815B-34DD472A47AC} = {7B5C94C5-F6AA-42BA-815B-34DD472A47AC}
	EndProjectSection
EndProject
Project("{2150E333-8FDC-42A3-9474-1A3956D46DE8}") = "References", "References", "{6BF995D7-A604-4826-89DF-85E215F2D137}"
EndProject
Project("{FAE04EC0-301F-11D3-BF4B-00C04F79EFBC}") = "THREE", "..\..\..\..\..\market\synergy\THREE\THREE\THREE.csproj", "{7B5C94C5-F6AA-42BA-815B-34DD472A47AC}"
EndProject
Project("{FAE04EC0-301F-11D3-BF4B-00C04F79EFBC}") = "ScriptCoreLib.Async", "..\..\..\..\..\core\ScriptCoreLib.Async\ScriptCoreLib.Async\ScriptCoreLib.Async.csproj", "{88C3C260-D1DA-4FB3-A53D-79462913E80C}"
EndProject
Global
	GlobalSection(SolutionConfigurationPlatforms) = preSolution
		Debug|x86 = Debug|x86
		Release|x86 = Release|x86
	EndGlobalSection
	GlobalSection(ProjectConfigurationPlatforms) = postSolution
		{849DAC8A-608A-4E55-8A9D-EAD16342759C}.Debug|x86.ActiveCfg = Debug|x86
		{849DAC8A-608A-4E55-8A9D-EAD16342759C}.Debug|x86.Build.0 = Debug|x86
		{849DAC8A-608A-4E55-8A9D-EAD16342759C}.Release|x86.ActiveCfg = Release|x86
		{849DAC8A-608A-4E55-8A9D-EAD16342759C}.Release|x86.Build.0 = Release|x86
		{B23791BC-BBED-49D9-9808-08B230B69C55}.Debug|x86.ActiveCfg = Debug|x86
		{B23791BC-BBED-49D9-9808-08B230B69C55}.Debug|x86.Build.0 = Debug|x86
		{B23791BC-BBED-49D9-9808-08B230B69C55}.Release|x86.ActiveCfg = Release|x86
		{B23791BC-BBED-49D9-9808-08B230B69C55}.Release|x86.Build.0 = Release|x86
		{7B5C94C5-F6AA-42BA-815B-34DD472A47AC}.Debug|x86.ActiveCfg = Debug|x86
		{7B5C94C5-F6AA-42BA-815B-34DD472A47AC}.Debug|x86.Build.0 = Debug|x86
		{7B5C94C5-F6AA-42BA-815B-34DD472A47AC}.Release|x86.ActiveCfg = Release|x86
		{7B5C94C5-F6AA-42BA-815B-34DD472A47AC}.Release|x86.Build.0 = Release|x86
		{88C3C260-D1DA-4FB3-A53D-79462913E80C}.Debug|x86.ActiveCfg = Debug|x86
		{88C3C260-D1DA-4FB3-A53D-79462913E80C}.Debug|x86.Build.0 = Debug|x86
		{88C3C260-D1DA-4FB3-A53D-79462913E80C}.Release|x86.ActiveCfg = Release|x86
		{88C3C260-D1DA-4FB3-A53D-79462913E80C}.Release|x86.Build.0 = Release|x86
	EndGlobalSection
	GlobalSection(SolutionProperties) = preSolution
		HideSolutionNode = FALSE
	EndGlobalSection
	GlobalSection(NestedProjects) = preSolution
		{B23791BC-BBED-49D9-9808-08B230B69C55} = {6BF995D7-A604-4826-89DF-85E215F2D137}
		{7B5C94C5-F6AA-42BA-815B-34DD472A47AC} = {6BF995D7-A604-4826-89DF-85E215F2D137}
		{88C3C260-D1DA-4FB3-A53D-79462913E80C} = {6BF995D7-A604-4826-89DF-85E215F2D137}
	EndGlobalSection
EndGlobal
