
Microsoft Visual Studio Solution File, Format Version 11.00
# Visual Studio 2010
Project("{FAE04EC0-301F-11D3-BF4B-00C04F79EFBC}") = "ScriptCoreLib.Drawing.Vector", "ScriptCoreLib.Drawing.Vector\ScriptCoreLib.Drawing.Vector.csproj", "{A6565D4A-A9F7-416A-A6DE-E398595389EB}"
EndProject
Global
	GlobalSection(SolutionConfigurationPlatforms) = preSolution
		Debug|Any CPU = Debug|Any CPU
		Release|Any CPU = Release|Any CPU
	EndGlobalSection
	GlobalSection(ProjectConfigurationPlatforms) = postSolution
		{A6565D4A-A9F7-416A-A6DE-E398595389EB}.Debug|Any CPU.ActiveCfg = Debug|Any CPU
		{A6565D4A-A9F7-416A-A6DE-E398595389EB}.Debug|Any CPU.Build.0 = Debug|Any CPU
		{A6565D4A-A9F7-416A-A6DE-E398595389EB}.Release|Any CPU.ActiveCfg = Release|Any CPU
		{A6565D4A-A9F7-416A-A6DE-E398595389EB}.Release|Any CPU.Build.0 = Release|Any CPU
	EndGlobalSection
	GlobalSection(SolutionProperties) = preSolution
		HideSolutionNode = FALSE
	EndGlobalSection
EndGlobal
