
Microsoft Visual Studio Solution File, Format Version 12.00
# Visual Studio Express 2013 for Web
VisualStudioVersion = 12.0.30324.0
MinimumVisualStudioVersion = 10.0.40219.1
Project("{FAE04EC0-301F-11D3-BF4B-00C04F79EFBC}") = "SQLiteConsoleExperiment", "SQLiteConsoleExperiment\SQLiteConsoleExperiment.csproj", "{C7ABAFF3-E878-463F-8064-791D8211EF7C}"
EndProject
Project("{FAE04EC0-301F-11D3-BF4B-00C04F79EFBC}") = "ShellWithPing", "..\..\android\ShellWithPing\ShellWithPing\ShellWithPing.csproj", "{0267AB63-ECEC-4ECC-A3B3-853C3138A826}"
EndProject
Project("{2150E333-8FDC-42A3-9474-1A3956D46DE8}") = "References", "References", "{993A5443-BDB6-4611-BCBE-CDBC44C527FA}"
EndProject
Project("{FAE04EC0-301F-11D3-BF4B-00C04F79EFBC}") = "CSSMinimizeFormToSidebar", "..\..\css\CSSMinimizeFormToSidebar\CSSMinimizeFormToSidebar\CSSMinimizeFormToSidebar.csproj", "{62A19ED1-E8BE-44A1-8990-28EBC8A7A678}"
EndProject
Project("{FAE04EC0-301F-11D3-BF4B-00C04F79EFBC}") = "ScriptCoreLib.Windows.Forms", "..\..\..\..\core\ScriptCoreLib.Windows.Forms\ScriptCoreLib.Windows.Forms\ScriptCoreLib.Windows.Forms.csproj", "{B8D28279-57CD-4163-86F9-1DFDF540B58B}"
EndProject
Project("{FAE04EC0-301F-11D3-BF4B-00C04F79EFBC}") = "ScriptCoreLib.Extensions", "..\..\..\..\core\ScriptCoreLib.Extensions\ScriptCoreLib.Extensions\ScriptCoreLib.Extensions.csproj", "{94719DE7-1C09-4026-A948-D78EE589F1DC}"
EndProject
Global
	GlobalSection(SolutionConfigurationPlatforms) = preSolution
		Android|Any CPU = Android|Any CPU
		Android|Mixed Platforms = Android|Mixed Platforms
		Android|x86 = Android|x86
		AppEngine|Any CPU = AppEngine|Any CPU
		AppEngine|Mixed Platforms = AppEngine|Mixed Platforms
		AppEngine|x86 = AppEngine|x86
		Debug|Any CPU = Debug|Any CPU
		Debug|Mixed Platforms = Debug|Mixed Platforms
		Debug|x86 = Debug|x86
		PHP|Any CPU = PHP|Any CPU
		PHP|Mixed Platforms = PHP|Mixed Platforms
		PHP|x86 = PHP|x86
		Release|Any CPU = Release|Any CPU
		Release|Mixed Platforms = Release|Mixed Platforms
		Release|x86 = Release|x86
	EndGlobalSection
	GlobalSection(ProjectConfigurationPlatforms) = postSolution
		{C7ABAFF3-E878-463F-8064-791D8211EF7C}.Android|Any CPU.ActiveCfg = Android|x86
		{C7ABAFF3-E878-463F-8064-791D8211EF7C}.Android|Mixed Platforms.ActiveCfg = Android|x86
		{C7ABAFF3-E878-463F-8064-791D8211EF7C}.Android|Mixed Platforms.Build.0 = Android|x86
		{C7ABAFF3-E878-463F-8064-791D8211EF7C}.Android|x86.ActiveCfg = Android|x86
		{C7ABAFF3-E878-463F-8064-791D8211EF7C}.Android|x86.Build.0 = Android|x86
		{C7ABAFF3-E878-463F-8064-791D8211EF7C}.AppEngine|Any CPU.ActiveCfg = AppEngine|x86
		{C7ABAFF3-E878-463F-8064-791D8211EF7C}.AppEngine|Mixed Platforms.ActiveCfg = AppEngine|x86
		{C7ABAFF3-E878-463F-8064-791D8211EF7C}.AppEngine|Mixed Platforms.Build.0 = AppEngine|x86
		{C7ABAFF3-E878-463F-8064-791D8211EF7C}.AppEngine|x86.ActiveCfg = AppEngine|x86
		{C7ABAFF3-E878-463F-8064-791D8211EF7C}.AppEngine|x86.Build.0 = AppEngine|x86
		{C7ABAFF3-E878-463F-8064-791D8211EF7C}.Debug|Any CPU.ActiveCfg = Debug|x86
		{C7ABAFF3-E878-463F-8064-791D8211EF7C}.Debug|Mixed Platforms.ActiveCfg = Debug|x86
		{C7ABAFF3-E878-463F-8064-791D8211EF7C}.Debug|Mixed Platforms.Build.0 = Debug|x86
		{C7ABAFF3-E878-463F-8064-791D8211EF7C}.Debug|x86.ActiveCfg = Debug|x86
		{C7ABAFF3-E878-463F-8064-791D8211EF7C}.Debug|x86.Build.0 = Debug|x86
		{C7ABAFF3-E878-463F-8064-791D8211EF7C}.PHP|Any CPU.ActiveCfg = PHP|x86
		{C7ABAFF3-E878-463F-8064-791D8211EF7C}.PHP|Mixed Platforms.ActiveCfg = PHP|x86
		{C7ABAFF3-E878-463F-8064-791D8211EF7C}.PHP|Mixed Platforms.Build.0 = PHP|x86
		{C7ABAFF3-E878-463F-8064-791D8211EF7C}.PHP|x86.ActiveCfg = PHP|x86
		{C7ABAFF3-E878-463F-8064-791D8211EF7C}.PHP|x86.Build.0 = PHP|x86
		{C7ABAFF3-E878-463F-8064-791D8211EF7C}.Release|Any CPU.ActiveCfg = Release|x86
		{C7ABAFF3-E878-463F-8064-791D8211EF7C}.Release|Mixed Platforms.ActiveCfg = Release|x86
		{C7ABAFF3-E878-463F-8064-791D8211EF7C}.Release|Mixed Platforms.Build.0 = Release|x86
		{C7ABAFF3-E878-463F-8064-791D8211EF7C}.Release|x86.ActiveCfg = Release|x86
		{C7ABAFF3-E878-463F-8064-791D8211EF7C}.Release|x86.Build.0 = Release|x86
		{0267AB63-ECEC-4ECC-A3B3-853C3138A826}.Android|Any CPU.ActiveCfg = Android|x86
		{0267AB63-ECEC-4ECC-A3B3-853C3138A826}.Android|Mixed Platforms.ActiveCfg = Android|x86
		{0267AB63-ECEC-4ECC-A3B3-853C3138A826}.Android|Mixed Platforms.Build.0 = Android|x86
		{0267AB63-ECEC-4ECC-A3B3-853C3138A826}.Android|x86.ActiveCfg = Android|x86
		{0267AB63-ECEC-4ECC-A3B3-853C3138A826}.Android|x86.Build.0 = Android|x86
		{0267AB63-ECEC-4ECC-A3B3-853C3138A826}.AppEngine|Any CPU.ActiveCfg = AppEngine|x86
		{0267AB63-ECEC-4ECC-A3B3-853C3138A826}.AppEngine|Mixed Platforms.ActiveCfg = AppEngine|x86
		{0267AB63-ECEC-4ECC-A3B3-853C3138A826}.AppEngine|Mixed Platforms.Build.0 = AppEngine|x86
		{0267AB63-ECEC-4ECC-A3B3-853C3138A826}.AppEngine|x86.ActiveCfg = AppEngine|x86
		{0267AB63-ECEC-4ECC-A3B3-853C3138A826}.AppEngine|x86.Build.0 = AppEngine|x86
		{0267AB63-ECEC-4ECC-A3B3-853C3138A826}.Debug|Any CPU.ActiveCfg = Debug|x86
		{0267AB63-ECEC-4ECC-A3B3-853C3138A826}.Debug|Mixed Platforms.ActiveCfg = Debug|x86
		{0267AB63-ECEC-4ECC-A3B3-853C3138A826}.Debug|Mixed Platforms.Build.0 = Debug|x86
		{0267AB63-ECEC-4ECC-A3B3-853C3138A826}.Debug|x86.ActiveCfg = Debug|x86
		{0267AB63-ECEC-4ECC-A3B3-853C3138A826}.Debug|x86.Build.0 = Debug|x86
		{0267AB63-ECEC-4ECC-A3B3-853C3138A826}.PHP|Any CPU.ActiveCfg = PHP|x86
		{0267AB63-ECEC-4ECC-A3B3-853C3138A826}.PHP|Mixed Platforms.ActiveCfg = PHP|x86
		{0267AB63-ECEC-4ECC-A3B3-853C3138A826}.PHP|Mixed Platforms.Build.0 = PHP|x86
		{0267AB63-ECEC-4ECC-A3B3-853C3138A826}.PHP|x86.ActiveCfg = PHP|x86
		{0267AB63-ECEC-4ECC-A3B3-853C3138A826}.PHP|x86.Build.0 = PHP|x86
		{0267AB63-ECEC-4ECC-A3B3-853C3138A826}.Release|Any CPU.ActiveCfg = Release|x86
		{0267AB63-ECEC-4ECC-A3B3-853C3138A826}.Release|Mixed Platforms.ActiveCfg = Release|x86
		{0267AB63-ECEC-4ECC-A3B3-853C3138A826}.Release|Mixed Platforms.Build.0 = Release|x86
		{0267AB63-ECEC-4ECC-A3B3-853C3138A826}.Release|x86.ActiveCfg = Release|x86
		{0267AB63-ECEC-4ECC-A3B3-853C3138A826}.Release|x86.Build.0 = Release|x86
		{62A19ED1-E8BE-44A1-8990-28EBC8A7A678}.Android|Any CPU.ActiveCfg = Release|x86
		{62A19ED1-E8BE-44A1-8990-28EBC8A7A678}.Android|Mixed Platforms.ActiveCfg = Release|x86
		{62A19ED1-E8BE-44A1-8990-28EBC8A7A678}.Android|Mixed Platforms.Build.0 = Release|x86
		{62A19ED1-E8BE-44A1-8990-28EBC8A7A678}.Android|x86.ActiveCfg = Release|x86
		{62A19ED1-E8BE-44A1-8990-28EBC8A7A678}.Android|x86.Build.0 = Release|x86
		{62A19ED1-E8BE-44A1-8990-28EBC8A7A678}.AppEngine|Any CPU.ActiveCfg = Release|x86
		{62A19ED1-E8BE-44A1-8990-28EBC8A7A678}.AppEngine|Mixed Platforms.ActiveCfg = Release|x86
		{62A19ED1-E8BE-44A1-8990-28EBC8A7A678}.AppEngine|Mixed Platforms.Build.0 = Release|x86
		{62A19ED1-E8BE-44A1-8990-28EBC8A7A678}.AppEngine|x86.ActiveCfg = Release|x86
		{62A19ED1-E8BE-44A1-8990-28EBC8A7A678}.AppEngine|x86.Build.0 = Release|x86
		{62A19ED1-E8BE-44A1-8990-28EBC8A7A678}.Debug|Any CPU.ActiveCfg = Debug|x86
		{62A19ED1-E8BE-44A1-8990-28EBC8A7A678}.Debug|Mixed Platforms.ActiveCfg = Debug|x86
		{62A19ED1-E8BE-44A1-8990-28EBC8A7A678}.Debug|Mixed Platforms.Build.0 = Debug|x86
		{62A19ED1-E8BE-44A1-8990-28EBC8A7A678}.Debug|x86.ActiveCfg = Debug|x86
		{62A19ED1-E8BE-44A1-8990-28EBC8A7A678}.Debug|x86.Build.0 = Debug|x86
		{62A19ED1-E8BE-44A1-8990-28EBC8A7A678}.PHP|Any CPU.ActiveCfg = Release|x86
		{62A19ED1-E8BE-44A1-8990-28EBC8A7A678}.PHP|Mixed Platforms.ActiveCfg = Release|x86
		{62A19ED1-E8BE-44A1-8990-28EBC8A7A678}.PHP|Mixed Platforms.Build.0 = Release|x86
		{62A19ED1-E8BE-44A1-8990-28EBC8A7A678}.PHP|x86.ActiveCfg = Release|x86
		{62A19ED1-E8BE-44A1-8990-28EBC8A7A678}.PHP|x86.Build.0 = Release|x86
		{62A19ED1-E8BE-44A1-8990-28EBC8A7A678}.Release|Any CPU.ActiveCfg = Release|x86
		{62A19ED1-E8BE-44A1-8990-28EBC8A7A678}.Release|Mixed Platforms.ActiveCfg = Release|x86
		{62A19ED1-E8BE-44A1-8990-28EBC8A7A678}.Release|Mixed Platforms.Build.0 = Release|x86
		{62A19ED1-E8BE-44A1-8990-28EBC8A7A678}.Release|x86.ActiveCfg = Release|x86
		{62A19ED1-E8BE-44A1-8990-28EBC8A7A678}.Release|x86.Build.0 = Release|x86
		{B8D28279-57CD-4163-86F9-1DFDF540B58B}.Android|Any CPU.ActiveCfg = Release|Any CPU
		{B8D28279-57CD-4163-86F9-1DFDF540B58B}.Android|Any CPU.Build.0 = Release|Any CPU
		{B8D28279-57CD-4163-86F9-1DFDF540B58B}.Android|Mixed Platforms.ActiveCfg = Release|Any CPU
		{B8D28279-57CD-4163-86F9-1DFDF540B58B}.Android|Mixed Platforms.Build.0 = Release|Any CPU
		{B8D28279-57CD-4163-86F9-1DFDF540B58B}.Android|x86.ActiveCfg = Release|Any CPU
		{B8D28279-57CD-4163-86F9-1DFDF540B58B}.AppEngine|Any CPU.ActiveCfg = Release|Any CPU
		{B8D28279-57CD-4163-86F9-1DFDF540B58B}.AppEngine|Any CPU.Build.0 = Release|Any CPU
		{B8D28279-57CD-4163-86F9-1DFDF540B58B}.AppEngine|Mixed Platforms.ActiveCfg = Release|Any CPU
		{B8D28279-57CD-4163-86F9-1DFDF540B58B}.AppEngine|Mixed Platforms.Build.0 = Release|Any CPU
		{B8D28279-57CD-4163-86F9-1DFDF540B58B}.AppEngine|x86.ActiveCfg = Release|Any CPU
		{B8D28279-57CD-4163-86F9-1DFDF540B58B}.Debug|Any CPU.ActiveCfg = Debug|Any CPU
		{B8D28279-57CD-4163-86F9-1DFDF540B58B}.Debug|Any CPU.Build.0 = Debug|Any CPU
		{B8D28279-57CD-4163-86F9-1DFDF540B58B}.Debug|Mixed Platforms.ActiveCfg = Debug|Any CPU
		{B8D28279-57CD-4163-86F9-1DFDF540B58B}.Debug|Mixed Platforms.Build.0 = Debug|Any CPU
		{B8D28279-57CD-4163-86F9-1DFDF540B58B}.Debug|x86.ActiveCfg = Debug|Any CPU
		{B8D28279-57CD-4163-86F9-1DFDF540B58B}.PHP|Any CPU.ActiveCfg = Release|Any CPU
		{B8D28279-57CD-4163-86F9-1DFDF540B58B}.PHP|Any CPU.Build.0 = Release|Any CPU
		{B8D28279-57CD-4163-86F9-1DFDF540B58B}.PHP|Mixed Platforms.ActiveCfg = Release|Any CPU
		{B8D28279-57CD-4163-86F9-1DFDF540B58B}.PHP|Mixed Platforms.Build.0 = Release|Any CPU
		{B8D28279-57CD-4163-86F9-1DFDF540B58B}.PHP|x86.ActiveCfg = Release|Any CPU
		{B8D28279-57CD-4163-86F9-1DFDF540B58B}.Release|Any CPU.ActiveCfg = Release|Any CPU
		{B8D28279-57CD-4163-86F9-1DFDF540B58B}.Release|Any CPU.Build.0 = Release|Any CPU
		{B8D28279-57CD-4163-86F9-1DFDF540B58B}.Release|Mixed Platforms.ActiveCfg = Release|Any CPU
		{B8D28279-57CD-4163-86F9-1DFDF540B58B}.Release|Mixed Platforms.Build.0 = Release|Any CPU
		{B8D28279-57CD-4163-86F9-1DFDF540B58B}.Release|x86.ActiveCfg = Release|Any CPU
		{94719DE7-1C09-4026-A948-D78EE589F1DC}.Android|Any CPU.ActiveCfg = Android|Any CPU
		{94719DE7-1C09-4026-A948-D78EE589F1DC}.Android|Any CPU.Build.0 = Android|Any CPU
		{94719DE7-1C09-4026-A948-D78EE589F1DC}.Android|Mixed Platforms.ActiveCfg = Android|Any CPU
		{94719DE7-1C09-4026-A948-D78EE589F1DC}.Android|Mixed Platforms.Build.0 = Android|Any CPU
		{94719DE7-1C09-4026-A948-D78EE589F1DC}.Android|x86.ActiveCfg = Android|Any CPU
		{94719DE7-1C09-4026-A948-D78EE589F1DC}.AppEngine|Any CPU.ActiveCfg = Android|Any CPU
		{94719DE7-1C09-4026-A948-D78EE589F1DC}.AppEngine|Any CPU.Build.0 = Android|Any CPU
		{94719DE7-1C09-4026-A948-D78EE589F1DC}.AppEngine|Mixed Platforms.ActiveCfg = Android|Any CPU
		{94719DE7-1C09-4026-A948-D78EE589F1DC}.AppEngine|Mixed Platforms.Build.0 = Android|Any CPU
		{94719DE7-1C09-4026-A948-D78EE589F1DC}.AppEngine|x86.ActiveCfg = Android|Any CPU
		{94719DE7-1C09-4026-A948-D78EE589F1DC}.Debug|Any CPU.ActiveCfg = Debug|Any CPU
		{94719DE7-1C09-4026-A948-D78EE589F1DC}.Debug|Any CPU.Build.0 = Debug|Any CPU
		{94719DE7-1C09-4026-A948-D78EE589F1DC}.Debug|Mixed Platforms.ActiveCfg = Debug|Any CPU
		{94719DE7-1C09-4026-A948-D78EE589F1DC}.Debug|Mixed Platforms.Build.0 = Debug|Any CPU
		{94719DE7-1C09-4026-A948-D78EE589F1DC}.Debug|x86.ActiveCfg = Debug|Any CPU
		{94719DE7-1C09-4026-A948-D78EE589F1DC}.PHP|Any CPU.ActiveCfg = PHP|Any CPU
		{94719DE7-1C09-4026-A948-D78EE589F1DC}.PHP|Any CPU.Build.0 = PHP|Any CPU
		{94719DE7-1C09-4026-A948-D78EE589F1DC}.PHP|Mixed Platforms.ActiveCfg = PHP|Any CPU
		{94719DE7-1C09-4026-A948-D78EE589F1DC}.PHP|Mixed Platforms.Build.0 = PHP|Any CPU
		{94719DE7-1C09-4026-A948-D78EE589F1DC}.PHP|x86.ActiveCfg = PHP|Any CPU
		{94719DE7-1C09-4026-A948-D78EE589F1DC}.Release|Any CPU.ActiveCfg = Release|Any CPU
		{94719DE7-1C09-4026-A948-D78EE589F1DC}.Release|Any CPU.Build.0 = Release|Any CPU
		{94719DE7-1C09-4026-A948-D78EE589F1DC}.Release|Mixed Platforms.ActiveCfg = Release|Any CPU
		{94719DE7-1C09-4026-A948-D78EE589F1DC}.Release|Mixed Platforms.Build.0 = Release|Any CPU
		{94719DE7-1C09-4026-A948-D78EE589F1DC}.Release|x86.ActiveCfg = Release|Any CPU
	EndGlobalSection
	GlobalSection(SolutionProperties) = preSolution
		HideSolutionNode = FALSE
	EndGlobalSection
	GlobalSection(NestedProjects) = preSolution
		{0267AB63-ECEC-4ECC-A3B3-853C3138A826} = {993A5443-BDB6-4611-BCBE-CDBC44C527FA}
		{62A19ED1-E8BE-44A1-8990-28EBC8A7A678} = {993A5443-BDB6-4611-BCBE-CDBC44C527FA}
		{B8D28279-57CD-4163-86F9-1DFDF540B58B} = {993A5443-BDB6-4611-BCBE-CDBC44C527FA}
		{94719DE7-1C09-4026-A948-D78EE589F1DC} = {993A5443-BDB6-4611-BCBE-CDBC44C527FA}
	EndGlobalSection
EndGlobal
