
Microsoft Visual Studio Solution File, Format Version 10.00
# Visual Studio 2008
Project("{FAE04EC0-301F-11D3-BF4B-00C04F79EFBC}") = "WebApplication1", "WebApplication1\WebApplication1.csproj", "{7AABB5C8-A54F-4BE9-86EB-793E3079725E}"
EndProject
Global
	GlobalSection(SolutionConfigurationPlatforms) = preSolution
		Debug|Any CPU = Debug|Any CPU
		Release|Any CPU = Release|Any CPU
	EndGlobalSection
	GlobalSection(ProjectConfigurationPlatforms) = postSolution
		{7AABB5C8-A54F-4BE9-86EB-793E3079725E}.Debug|Any CPU.ActiveCfg = Debug|Any CPU
		{7AABB5C8-A54F-4BE9-86EB-793E3079725E}.Debug|Any CPU.Build.0 = Debug|Any CPU
		{7AABB5C8-A54F-4BE9-86EB-793E3079725E}.Release|Any CPU.ActiveCfg = Release|Any CPU
		{7AABB5C8-A54F-4BE9-86EB-793E3079725E}.Release|Any CPU.Build.0 = Release|Any CPU
	EndGlobalSection
	GlobalSection(SolutionProperties) = preSolution
		HideSolutionNode = FALSE
	EndGlobalSection
EndGlobal
