
Microsoft Visual Studio Solution File, Format Version 12.00
# Visual Studio Express 2012 for Web
Project("{FAE04EC0-301F-11D3-BF4B-00C04F79EFBC}") = "TestGenericTypeStaticPropertyCall", "TestGenericTypeStaticPropertyCall\TestGenericTypeStaticPropertyCall.csproj", "{90F873E9-ECFE-45F9-9BAE-CEA2468FDBF5}"
EndProject
Global
	GlobalSection(SolutionConfigurationPlatforms) = preSolution
		Debug|Any CPU = Debug|Any CPU
		Release|Any CPU = Release|Any CPU
	EndGlobalSection
	GlobalSection(ProjectConfigurationPlatforms) = postSolution
		{90F873E9-ECFE-45F9-9BAE-CEA2468FDBF5}.Debug|Any CPU.ActiveCfg = Debug|Any CPU
		{90F873E9-ECFE-45F9-9BAE-CEA2468FDBF5}.Debug|Any CPU.Build.0 = Debug|Any CPU
		{90F873E9-ECFE-45F9-9BAE-CEA2468FDBF5}.Release|Any CPU.ActiveCfg = Release|Any CPU
		{90F873E9-ECFE-45F9-9BAE-CEA2468FDBF5}.Release|Any CPU.Build.0 = Release|Any CPU
	EndGlobalSection
	GlobalSection(SolutionProperties) = preSolution
		HideSolutionNode = FALSE
	EndGlobalSection
EndGlobal
