
Microsoft Visual Studio Solution File, Format Version 10.00
# Visual Studio 2008
Project("{FAE04EC0-301F-11D3-BF4B-00C04F79EFBC}") = "Mandelbrot", "Mandelbrot\Mandelbrot.csproj", "{EB1123DC-6BE8-439C-98CC-E5AFF14B5A0B}"
EndProject
Project("{FAE04EC0-301F-11D3-BF4B-00C04F79EFBC}") = "Mandelbrot.Forms", "Mandelbrot.Forms\Mandelbrot.Forms.csproj", "{58EB7131-0C36-4BB8-BB5B-0F3359877789}"
EndProject
Global
	GlobalSection(SolutionConfigurationPlatforms) = preSolution
		Debug|Any CPU = Debug|Any CPU
		Release|Any CPU = Release|Any CPU
	EndGlobalSection
	GlobalSection(ProjectConfigurationPlatforms) = postSolution
		{EB1123DC-6BE8-439C-98CC-E5AFF14B5A0B}.Debug|Any CPU.ActiveCfg = Debug|Any CPU
		{EB1123DC-6BE8-439C-98CC-E5AFF14B5A0B}.Debug|Any CPU.Build.0 = Debug|Any CPU
		{EB1123DC-6BE8-439C-98CC-E5AFF14B5A0B}.Release|Any CPU.ActiveCfg = Release|Any CPU
		{EB1123DC-6BE8-439C-98CC-E5AFF14B5A0B}.Release|Any CPU.Build.0 = Release|Any CPU
		{58EB7131-0C36-4BB8-BB5B-0F3359877789}.Debug|Any CPU.ActiveCfg = Debug|Any CPU
		{58EB7131-0C36-4BB8-BB5B-0F3359877789}.Debug|Any CPU.Build.0 = Debug|Any CPU
		{58EB7131-0C36-4BB8-BB5B-0F3359877789}.Release|Any CPU.ActiveCfg = Release|Any CPU
		{58EB7131-0C36-4BB8-BB5B-0F3359877789}.Release|Any CPU.Build.0 = Release|Any CPU
	EndGlobalSection
	GlobalSection(SolutionProperties) = preSolution
		HideSolutionNode = FALSE
	EndGlobalSection
EndGlobal
